PODS:
  - CocoaLumberjack (2.0.0):
    - CocoaLumberjack/Default (= 2.0.0)
    - CocoaLumberjack/Extensions (= 2.0.0)
  - CocoaLumberjack/Core (2.0.0)
  - CocoaLumberjack/Default (2.0.0):
    - CocoaLumberjack/Core
  - CocoaLumberjack/Extensions (2.0.0):
    - CocoaLumberjack/Default
  - Eunomia (2.0.0):
    - CocoaLumberjack

DEPENDENCIES:
  - Eunomia (from `./`)

EXTERNAL SOURCES:
  Eunomia:
    :path: "./"

SPEC CHECKSUMS:
  CocoaLumberjack: a6f77d987d65dc7ba86b0f84db7d0b9084f77bcb
  Eunomia: cd09fc6d9e344a7f82ab70dc8f8b743c56a6d7b9

COCOAPODS: 0.36.4
