PODS:
  - CocoaLumberjack (2.2.0):
    - CocoaLumberjack/Default (= 2.2.0)
    - CocoaLumberjack/Extensions (= 2.2.0)
  - CocoaLumberjack/Core (2.2.0)
  - CocoaLumberjack/Default (2.2.0):
    - CocoaLumberjack/Core
  - CocoaLumberjack/Extensions (2.2.0):
    - CocoaLumberjack/Default
  - Eunomia (3.0.3):
    - Eunomia/Core (= 3.0.3)
  - Eunomia/Core (3.0.3):
    - CocoaLumberjack

DEPENDENCIES:
  - CocoaLumberjack (~> 2.2.0)
  - Eunomia (from `../`)

EXTERNAL SOURCES:
  Eunomia:
    :path: "../"

SPEC CHECKSUMS:
  CocoaLumberjack: 17fe8581f84914d5d7e6360f7c70022b173c3ae0
  Eunomia: 481a95a9da7531cfc2cc41372a4aa583c4550e03

PODFILE CHECKSUM: 2eaf3db9768a4a1d45718e15dbc75f48c0f53168

COCOAPODS: 1.0.1
