// !$*UTF8*$!
{
	archiveVersion = 1;
	classes = {
	};
	objectVersion = 46;
	objects = {

/* Begin PBXBuildFile section */
		3C0DC05F1AB4973700D32C10 /* Eunomia.framework in Frameworks */ = {isa = PBXBuildFile; fileRef = 3C3CF7C21AB3897300EEE0D6 /* Eunomia.framework */; };
		3C0DC0621AB498A800D32C10 /* SegueingInfoiOS.framework in CopyFiles */ = {isa = PBXBuildFile; fileRef = 3CE1613D1AB41E81009E57C1 /* SegueingInfoiOS.framework */; settings = {ATTRIBUTES = (CodeSignOnCopy, RemoveHeadersOnCopy, ); }; };
		3C0DC0961AB49AD900D32C10 /* AppDelegate.m in Sources */ = {isa = PBXBuildFile; fileRef = 3C0DC08F1AB49ACB00D32C10 /* AppDelegate.m */; };
		3C0DC0971AB49AD900D32C10 /* ViewController.m in Sources */ = {isa = PBXBuildFile; fileRef = 3C0DC0911AB49ACB00D32C10 /* ViewController.m */; };
		3C3CF7DB1AB389D700EEE0D6 /* CoreDataStore.m in Sources */ = {isa = PBXBuildFile; fileRef = 3CE46F0019ABBF7700053E62 /* CoreDataStore.m */; };
		3C3CF7DC1AB389D700EEE0D6 /* MissingSubclassOverrideException.m in Sources */ = {isa = PBXBuildFile; fileRef = 3CE46F0419ABBF7700053E62 /* MissingSubclassOverrideException.m */; };
		3C3CF7DD1AB389DB00EEE0D6 /* ReplaceDownSegue.m in Sources */ = {isa = PBXBuildFile; fileRef = 3CE46F0819ABBF7700053E62 /* ReplaceDownSegue.m */; };
		3C3CF7DE1AB389DB00EEE0D6 /* ReplaceLeftSegue.m in Sources */ = {isa = PBXBuildFile; fileRef = 3CE46F0A19ABBF7700053E62 /* ReplaceLeftSegue.m */; };
		3C3CF7DF1AB389DB00EEE0D6 /* ReplaceRightSegue.m in Sources */ = {isa = PBXBuildFile; fileRef = 3CE46F0C19ABBF7700053E62 /* ReplaceRightSegue.m */; };
		3C3CF7E01AB389DB00EEE0D6 /* ReplaceUpSegue.m in Sources */ = {isa = PBXBuildFile; fileRef = 3CE46F0E19ABBF7700053E62 /* ReplaceUpSegue.m */; };
		3C3CF7E11AB389DB00EEE0D6 /* ZoomInFromRectSegue.m in Sources */ = {isa = PBXBuildFile; fileRef = 3CE46F1019ABBF7700053E62 /* ZoomInFromRectSegue.m */; };
		3C3CF7E21AB389DB00EEE0D6 /* ZoomOutToRectSegue.m in Sources */ = {isa = PBXBuildFile; fileRef = 3CE46F1219ABBF7700053E62 /* ZoomOutToRectSegue.m */; };
		3C3CF7E31AB389E000EEE0D6 /* JSContext+Utility.m in Sources */ = {isa = PBXBuildFile; fileRef = 3CE46F1619ABBF7700053E62 /* JSContext+Utility.m */; };
		3C3CF7E41AB389E000EEE0D6 /* NSBundle+Utility.m in Sources */ = {isa = PBXBuildFile; fileRef = 3CE46F1819ABBF7700053E62 /* NSBundle+Utility.m */; };
		3C3CF7E51AB389E000EEE0D6 /* NSFetchedResultsController+Utility.m in Sources */ = {isa = PBXBuildFile; fileRef = 3CE46F1A19ABBF7700053E62 /* NSFetchedResultsController+Utility.m */; };
		3C3CF7E61AB389E000EEE0D6 /* NSManagedObject+Utility.m in Sources */ = {isa = PBXBuildFile; fileRef = 3CE46F1C19ABBF7700053E62 /* NSManagedObject+Utility.m */; };
		3C3CF7E71AB389E000EEE0D6 /* NSManagedObjectContext+Utility.m in Sources */ = {isa = PBXBuildFile; fileRef = 3CE46F1E19ABBF7700053E62 /* NSManagedObjectContext+Utility.m */; };
		3C3CF7E81AB389E000EEE0D6 /* NSMutableArray+Utility.m in Sources */ = {isa = PBXBuildFile; fileRef = 3CE46F2019ABBF7700053E62 /* NSMutableArray+Utility.m */; };
		3C3CF7E91AB389E000EEE0D6 /* NSMutableDictionary+Utility.m in Sources */ = {isa = PBXBuildFile; fileRef = 3CE46F2219ABBF7700053E62 /* NSMutableDictionary+Utility.m */; };
		3C3CF7EA1AB389E000EEE0D6 /* NSMutableString+Utility.m in Sources */ = {isa = PBXBuildFile; fileRef = 3CE46F2419ABBF7700053E62 /* NSMutableString+Utility.m */; };
		3C3CF7EB1AB389E000EEE0D6 /* NSNotification+Utility.m in Sources */ = {isa = PBXBuildFile; fileRef = 3CE46F2619ABBF7700053E62 /* NSNotification+Utility.m */; };
		3C3CF7EC1AB389E000EEE0D6 /* NSObject+Utility.m in Sources */ = {isa = PBXBuildFile; fileRef = 3CE46F2819ABBF7700053E62 /* NSObject+Utility.m */; };
		3C3CF7ED1AB389E000EEE0D6 /* NSString+Utility.m in Sources */ = {isa = PBXBuildFile; fileRef = 3CE46F2A19ABBF7700053E62 /* NSString+Utility.m */; };
		3C3CF7EE1AB389E000EEE0D6 /* UIColor+Utility.m in Sources */ = {isa = PBXBuildFile; fileRef = 3CE46F2C19ABBF7700053E62 /* UIColor+Utility.m */; };
		3C3CF7EF1AB389E000EEE0D6 /* UIImage+Utility.m in Sources */ = {isa = PBXBuildFile; fileRef = 3CE46F2E19ABBF7700053E62 /* UIImage+Utility.m */; };
		3C3CF7F01AB389E000EEE0D6 /* UILongPressGestureRecognizer+Utility.m in Sources */ = {isa = PBXBuildFile; fileRef = 3CE46F3019ABBF7700053E62 /* UILongPressGestureRecognizer+Utility.m */; };
		3C3CF7F11AB389E000EEE0D6 /* UIMenuController+Utility.m in Sources */ = {isa = PBXBuildFile; fileRef = 3CE46F3219ABBF7700053E62 /* UIMenuController+Utility.m */; };
		3C3CF7F21AB389E000EEE0D6 /* UIPanGestureRecognizer+Utility.m in Sources */ = {isa = PBXBuildFile; fileRef = 3CE46F3419ABBF7700053E62 /* UIPanGestureRecognizer+Utility.m */; };
		3C3CF7F31AB389E000EEE0D6 /* UIPinchGestureRecognizer+Utility.m in Sources */ = {isa = PBXBuildFile; fileRef = 3CE46F3619ABBF7700053E62 /* UIPinchGestureRecognizer+Utility.m */; };
		3C3CF7F41AB389E000EEE0D6 /* UIScrollView+Utility.m in Sources */ = {isa = PBXBuildFile; fileRef = 3CE46F3819ABBF7700053E62 /* UIScrollView+Utility.m */; };
		3C3CF7F51AB389E000EEE0D6 /* UIStoryboardSegue+Utility.m in Sources */ = {isa = PBXBuildFile; fileRef = 3CE46F3A19ABBF7700053E62 /* UIStoryboardSegue+Utility.m */; };
		3C3CF7F61AB389E000EEE0D6 /* UITapGestureRecognizer+Utility.m in Sources */ = {isa = PBXBuildFile; fileRef = 3CE46F3C19ABBF7700053E62 /* UITapGestureRecognizer+Utility.m */; };
		3C3CF7F71AB389E000EEE0D6 /* UITextField+Utility.m in Sources */ = {isa = PBXBuildFile; fileRef = 3CE46F3E19ABBF7700053E62 /* UITextField+Utility.m */; };
		3C3CF7F81AB389E000EEE0D6 /* UIView+Utility.m in Sources */ = {isa = PBXBuildFile; fileRef = 3CE46F4019ABBF7700053E62 /* UIView+Utility.m */; };
		3C3CF7F91AB389E000EEE0D6 /* UIViewController+Utility.m in Sources */ = {isa = PBXBuildFile; fileRef = 3CE46F4219ABBF7700053E62 /* UIViewController+Utility.m */; };
		3C3CF7FA1AB389E000EEE0D6 /* UIWebView+Utility.m in Sources */ = {isa = PBXBuildFile; fileRef = 3CE46F4419ABBF7700053E62 /* UIWebView+Utility.m */; };
		3C3CF7FB1AB389E000EEE0D6 /* UIApplication+Utility.m in Sources */ = {isa = PBXBuildFile; fileRef = 3CDA952319F57E920009A367 /* UIApplication+Utility.m */; };
		3C3CF7FC1AB389E000EEE0D6 /* NSCharacterSet+Utility.m in Sources */ = {isa = PBXBuildFile; fileRef = 3CDA953319F58E100009A367 /* NSCharacterSet+Utility.m */; };
		3C3CF7FD1AB389E000EEE0D6 /* UIBarItem+Utility.m in Sources */ = {isa = PBXBuildFile; fileRef = 3CDA953619F58E920009A367 /* UIBarItem+Utility.m */; };
		3C3CF7FE1AB389E000EEE0D6 /* MFMailComposeViewController+Utility.m in Sources */ = {isa = PBXBuildFile; fileRef = 3CCE7CE21A7742E900EB1C27 /* MFMailComposeViewController+Utility.m */; };
		3C3CF7FF1AB389E000EEE0D6 /* UIImagePickerController+Utility.m in Sources */ = {isa = PBXBuildFile; fileRef = 3C0AFFC11A97D60E0020B9CD /* UIImagePickerController+Utility.m */; };
		3C3CF8001AB389E000EEE0D6 /* ALAssetsLibrary+Utility.m in Sources */ = {isa = PBXBuildFile; fileRef = 3C0AFFC41A97DB6D0020B9CD /* ALAssetsLibrary+Utility.m */; };
		3C3CF8011AB389E400EEE0D6 /* Utility.m in Sources */ = {isa = PBXBuildFile; fileRef = 3CE46F4619ABBF7700053E62 /* Utility.m */; };
		3C3CF8021AB389E900EEE0D6 /* UIImageView+Templating.m in Sources */ = {isa = PBXBuildFile; fileRef = 3CE46F4919ABBF7700053E62 /* UIImageView+Templating.m */; };
		3C3CF8031AB389E900EEE0D6 /* UILabel+Templating.m in Sources */ = {isa = PBXBuildFile; fileRef = 3CE46F4B19ABBF7700053E62 /* UILabel+Templating.m */; };
		3C3CF8041AB389E900EEE0D6 /* UITextField+Templating.m in Sources */ = {isa = PBXBuildFile; fileRef = 3CE46F4D19ABBF7700053E62 /* UITextField+Templating.m */; };
		3C3CF8051AB389E900EEE0D6 /* UITextView+Templating.m in Sources */ = {isa = PBXBuildFile; fileRef = 3CE46F4F19ABBF7700053E62 /* UITextView+Templating.m */; };
		3C3CF8061AB389E900EEE0D6 /* UIView+Templating.m in Sources */ = {isa = PBXBuildFile; fileRef = 3CE46F5119ABBF7700053E62 /* UIView+Templating.m */; };
		3C3CF8071AB389EF00EEE0D6 /* LaunchView.m in Sources */ = {isa = PBXBuildFile; fileRef = 3CE46F5519ABBF7700053E62 /* LaunchView.m */; };
		3C3CF8091AB389EF00EEE0D6 /* AutoloadWebView.m in Sources */ = {isa = PBXBuildFile; fileRef = 3C38FC441A82DB1A00813A2B /* AutoloadWebView.m */; };
		3C3CF8131AB38A5B00EEE0D6 /* Eunomia.h in Headers */ = {isa = PBXBuildFile; fileRef = 3C3CF8111AB38A5B00EEE0D6 /* Eunomia.h */; };
		3CE1613E1AB41E81009E57C1 /* SegueingInfoiOS.framework in Frameworks */ = {isa = PBXBuildFile; fileRef = 3CE1613D1AB41E81009E57C1 /* SegueingInfoiOS.framework */; };
		3CE1617C1AB48FF1009E57C1 /* NSLogWrapper.h in Headers */ = {isa = PBXBuildFile; fileRef = 3CE161781AB48FF0009E57C1 /* NSLogWrapper.h */; settings = {ATTRIBUTES = (Public, ); }; };
		3CE1617D1AB48FF1009E57C1 /* NSLogWrapper.m in Sources */ = {isa = PBXBuildFile; fileRef = 3CE161791AB48FF1009E57C1 /* NSLogWrapper.m */; };
		3CE1617E1AB48FF1009E57C1 /* VerboseDDLogFormatter.h in Headers */ = {isa = PBXBuildFile; fileRef = 3CE1617A1AB48FF1009E57C1 /* VerboseDDLogFormatter.h */; settings = {ATTRIBUTES = (Public, ); }; };
		3CE1617F1AB48FF1009E57C1 /* VerboseDDLogFormatter.m in Sources */ = {isa = PBXBuildFile; fileRef = 3CE1617B1AB48FF1009E57C1 /* VerboseDDLogFormatter.m */; };
		3CE1618E1AB490D3009E57C1 /* ThirdPartyWrapper.h in Headers */ = {isa = PBXBuildFile; fileRef = 3CE1618C1AB490D3009E57C1 /* ThirdPartyWrapper.h */; settings = {ATTRIBUTES = (Public, ); }; };
		3CE1618F1AB490D3009E57C1 /* ThirdPartyWrapper.m in Sources */ = {isa = PBXBuildFile; fileRef = 3CE1618D1AB490D3009E57C1 /* ThirdPartyWrapper.m */; };
		3CE161921AB49125009E57C1 /* UIDevice+Utility.h in Headers */ = {isa = PBXBuildFile; fileRef = 3CE161901AB49125009E57C1 /* UIDevice+Utility.h */; settings = {ATTRIBUTES = (Public, ); }; };
		3CE161931AB49125009E57C1 /* UIDevice+Utility.m in Sources */ = {isa = PBXBuildFile; fileRef = 3CE161911AB49125009E57C1 /* UIDevice+Utility.m */; };
		3CE161951AB492C5009E57C1 /* Config.h in Headers */ = {isa = PBXBuildFile; fileRef = 3C65DDCE1965A9B8009C714B /* Config.h */; settings = {ATTRIBUTES = (Public, ); }; };
		3CE161961AB492DD009E57C1 /* CoreData.h in Headers */ = {isa = PBXBuildFile; fileRef = 3CE46F0119ABBF7700053E62 /* CoreData.h */; settings = {ATTRIBUTES = (Public, ); }; };
		3CE161971AB492DD009E57C1 /* Exceptions.h in Headers */ = {isa = PBXBuildFile; fileRef = 3CE46F0519ABBF7700053E62 /* Exceptions.h */; settings = {ATTRIBUTES = (Public, ); }; };
		3CE161981AB492DD009E57C1 /* Segues.h in Headers */ = {isa = PBXBuildFile; fileRef = 3CE46F1319ABBF7700053E62 /* Segues.h */; settings = {ATTRIBUTES = (Public, ); }; };
		3CE161991AB492DD009E57C1 /* Utility.h in Headers */ = {isa = PBXBuildFile; fileRef = 3CE46F4519ABBF7700053E62 /* Utility.h */; settings = {ATTRIBUTES = (Public, ); }; };
		3CE1619A1AB492DD009E57C1 /* View+Templating.h in Headers */ = {isa = PBXBuildFile; fileRef = 3CE46F5219ABBF7700053E62 /* View+Templating.h */; settings = {ATTRIBUTES = (Public, ); }; };
		3CE1619B1AB492DD009E57C1 /* Views.h in Headers */ = {isa = PBXBuildFile; fileRef = 3CE46F5619ABBF7700053E62 /* Views.h */; settings = {ATTRIBUTES = (Public, ); }; };
		3CE1619C1AB492FF009E57C1 /* LaunchView.h in Headers */ = {isa = PBXBuildFile; fileRef = 3CE46F5419ABBF7700053E62 /* LaunchView.h */; settings = {ATTRIBUTES = (Public, ); }; };
		3CE1619E1AB492FF009E57C1 /* AutoloadWebView.h in Headers */ = {isa = PBXBuildFile; fileRef = 3C38FC431A82DB1A00813A2B /* AutoloadWebView.h */; settings = {ATTRIBUTES = (Public, ); }; };
		3CE1619F1AB4930E009E57C1 /* UIImageView+Templating.h in Headers */ = {isa = PBXBuildFile; fileRef = 3CE46F4819ABBF7700053E62 /* UIImageView+Templating.h */; settings = {ATTRIBUTES = (Public, ); }; };
		3CE161A01AB4930E009E57C1 /* UILabel+Templating.h in Headers */ = {isa = PBXBuildFile; fileRef = 3CE46F4A19ABBF7700053E62 /* UILabel+Templating.h */; settings = {ATTRIBUTES = (Public, ); }; };
		3CE161A11AB4930E009E57C1 /* UITextField+Templating.h in Headers */ = {isa = PBXBuildFile; fileRef = 3CE46F4C19ABBF7700053E62 /* UITextField+Templating.h */; settings = {ATTRIBUTES = (Public, ); }; };
		3CE161A21AB4930E009E57C1 /* UITextView+Templating.h in Headers */ = {isa = PBXBuildFile; fileRef = 3CE46F4E19ABBF7700053E62 /* UITextView+Templating.h */; settings = {ATTRIBUTES = (Public, ); }; };
		3CE161A31AB4930E009E57C1 /* UIView+Templating.h in Headers */ = {isa = PBXBuildFile; fileRef = 3CE46F5019ABBF7700053E62 /* UIView+Templating.h */; settings = {ATTRIBUTES = (Public, ); }; };
		3CE161A41AB4931C009E57C1 /* JSContext+Utility.h in Headers */ = {isa = PBXBuildFile; fileRef = 3CE46F1519ABBF7700053E62 /* JSContext+Utility.h */; settings = {ATTRIBUTES = (Public, ); }; };
		3CE161A51AB4931C009E57C1 /* NSBundle+Utility.h in Headers */ = {isa = PBXBuildFile; fileRef = 3CE46F1719ABBF7700053E62 /* NSBundle+Utility.h */; settings = {ATTRIBUTES = (Public, ); }; };
		3CE161A61AB4931C009E57C1 /* NSFetchedResultsController+Utility.h in Headers */ = {isa = PBXBuildFile; fileRef = 3CE46F1919ABBF7700053E62 /* NSFetchedResultsController+Utility.h */; settings = {ATTRIBUTES = (Public, ); }; };
		3CE161A71AB4931C009E57C1 /* NSManagedObject+Utility.h in Headers */ = {isa = PBXBuildFile; fileRef = 3CE46F1B19ABBF7700053E62 /* NSManagedObject+Utility.h */; settings = {ATTRIBUTES = (Public, ); }; };
		3CE161A81AB4931C009E57C1 /* NSManagedObjectContext+Utility.h in Headers */ = {isa = PBXBuildFile; fileRef = 3CE46F1D19ABBF7700053E62 /* NSManagedObjectContext+Utility.h */; settings = {ATTRIBUTES = (Public, ); }; };
		3CE161A91AB4931C009E57C1 /* NSMutableArray+Utility.h in Headers */ = {isa = PBXBuildFile; fileRef = 3CE46F1F19ABBF7700053E62 /* NSMutableArray+Utility.h */; settings = {ATTRIBUTES = (Public, ); }; };
		3CE161AA1AB4931C009E57C1 /* NSMutableDictionary+Utility.h in Headers */ = {isa = PBXBuildFile; fileRef = 3CE46F2119ABBF7700053E62 /* NSMutableDictionary+Utility.h */; settings = {ATTRIBUTES = (Public, ); }; };
		3CE161AB1AB4931C009E57C1 /* NSMutableString+Utility.h in Headers */ = {isa = PBXBuildFile; fileRef = 3CE46F2319ABBF7700053E62 /* NSMutableString+Utility.h */; settings = {ATTRIBUTES = (Public, ); }; };
		3CE161AC1AB4931C009E57C1 /* NSNotification+Utility.h in Headers */ = {isa = PBXBuildFile; fileRef = 3CE46F2519ABBF7700053E62 /* NSNotification+Utility.h */; settings = {ATTRIBUTES = (Public, ); }; };
		3CE161AD1AB4931C009E57C1 /* NSObject+Utility.h in Headers */ = {isa = PBXBuildFile; fileRef = 3CE46F2719ABBF7700053E62 /* NSObject+Utility.h */; settings = {ATTRIBUTES = (Public, ); }; };
		3CE161AE1AB4931C009E57C1 /* NSString+Utility.h in Headers */ = {isa = PBXBuildFile; fileRef = 3CE46F2919ABBF7700053E62 /* NSString+Utility.h */; settings = {ATTRIBUTES = (Public, ); }; };
		3CE161AF1AB4931C009E57C1 /* UIColor+Utility.h in Headers */ = {isa = PBXBuildFile; fileRef = 3CE46F2B19ABBF7700053E62 /* UIColor+Utility.h */; settings = {ATTRIBUTES = (Public, ); }; };
		3CE161B01AB4931C009E57C1 /* UIImage+Utility.h in Headers */ = {isa = PBXBuildFile; fileRef = 3CE46F2D19ABBF7700053E62 /* UIImage+Utility.h */; settings = {ATTRIBUTES = (Public, ); }; };
		3CE161B11AB4931C009E57C1 /* UILongPressGestureRecognizer+Utility.h in Headers */ = {isa = PBXBuildFile; fileRef = 3CE46F2F19ABBF7700053E62 /* UILongPressGestureRecognizer+Utility.h */; settings = {ATTRIBUTES = (Public, ); }; };
		3CE161B21AB4931C009E57C1 /* UIMenuController+Utility.h in Headers */ = {isa = PBXBuildFile; fileRef = 3CE46F3119ABBF7700053E62 /* UIMenuController+Utility.h */; settings = {ATTRIBUTES = (Public, ); }; };
		3CE161B31AB4931C009E57C1 /* UIPanGestureRecognizer+Utility.h in Headers */ = {isa = PBXBuildFile; fileRef = 3CE46F3319ABBF7700053E62 /* UIPanGestureRecognizer+Utility.h */; settings = {ATTRIBUTES = (Public, ); }; };
		3CE161B41AB4931C009E57C1 /* UIPinchGestureRecognizer+Utility.h in Headers */ = {isa = PBXBuildFile; fileRef = 3CE46F3519ABBF7700053E62 /* UIPinchGestureRecognizer+Utility.h */; settings = {ATTRIBUTES = (Public, ); }; };
		3CE161B51AB4931C009E57C1 /* UIScrollView+Utility.h in Headers */ = {isa = PBXBuildFile; fileRef = 3CE46F3719ABBF7700053E62 /* UIScrollView+Utility.h */; settings = {ATTRIBUTES = (Public, ); }; };
		3CE161B61AB4931C009E57C1 /* UIStoryboardSegue+Utility.h in Headers */ = {isa = PBXBuildFile; fileRef = 3CE46F3919ABBF7700053E62 /* UIStoryboardSegue+Utility.h */; settings = {ATTRIBUTES = (Public, ); }; };
		3CE161B71AB4931C009E57C1 /* UITapGestureRecognizer+Utility.h in Headers */ = {isa = PBXBuildFile; fileRef = 3CE46F3B19ABBF7700053E62 /* UITapGestureRecognizer+Utility.h */; settings = {ATTRIBUTES = (Public, ); }; };
		3CE161B81AB4931C009E57C1 /* UITextField+Utility.h in Headers */ = {isa = PBXBuildFile; fileRef = 3CE46F3D19ABBF7700053E62 /* UITextField+Utility.h */; settings = {ATTRIBUTES = (Public, ); }; };
		3CE161B91AB4931C009E57C1 /* UIView+Utility.h in Headers */ = {isa = PBXBuildFile; fileRef = 3CE46F3F19ABBF7700053E62 /* UIView+Utility.h */; settings = {ATTRIBUTES = (Public, ); }; };
		3CE161BA1AB4931C009E57C1 /* UIViewController+Utility.h in Headers */ = {isa = PBXBuildFile; fileRef = 3CE46F4119ABBF7700053E62 /* UIViewController+Utility.h */; settings = {ATTRIBUTES = (Public, ); }; };
		3CE161BB1AB4931C009E57C1 /* UIWebView+Utility.h in Headers */ = {isa = PBXBuildFile; fileRef = 3CE46F4319ABBF7700053E62 /* UIWebView+Utility.h */; settings = {ATTRIBUTES = (Public, ); }; };
		3CE161BC1AB4931C009E57C1 /* UIApplication+Utility.h in Headers */ = {isa = PBXBuildFile; fileRef = 3CDA952219F57E920009A367 /* UIApplication+Utility.h */; settings = {ATTRIBUTES = (Public, ); }; };
		3CE161BD1AB4931C009E57C1 /* NSCharacterSet+Utility.h in Headers */ = {isa = PBXBuildFile; fileRef = 3CDA953219F58E100009A367 /* NSCharacterSet+Utility.h */; settings = {ATTRIBUTES = (Public, ); }; };
		3CE161BE1AB4931C009E57C1 /* UIBarItem+Utility.h in Headers */ = {isa = PBXBuildFile; fileRef = 3CDA953519F58E920009A367 /* UIBarItem+Utility.h */; settings = {ATTRIBUTES = (Public, ); }; };
		3CE161BF1AB4931C009E57C1 /* MFMailComposeViewController+Utility.h in Headers */ = {isa = PBXBuildFile; fileRef = 3CCE7CE11A7742E900EB1C27 /* MFMailComposeViewController+Utility.h */; settings = {ATTRIBUTES = (Public, ); }; };
		3CE161C01AB4931C009E57C1 /* UIImagePickerController+Utility.h in Headers */ = {isa = PBXBuildFile; fileRef = 3C0AFFC01A97D60E0020B9CD /* UIImagePickerController+Utility.h */; settings = {ATTRIBUTES = (Public, ); }; };
		3CE161C11AB4931C009E57C1 /* ALAssetsLibrary+Utility.h in Headers */ = {isa = PBXBuildFile; fileRef = 3C0AFFC31A97DB6D0020B9CD /* ALAssetsLibrary+Utility.h */; settings = {ATTRIBUTES = (Public, ); }; };
		3CE161C21AB49322009E57C1 /* ReplaceDownSegue.h in Headers */ = {isa = PBXBuildFile; fileRef = 3CE46F0719ABBF7700053E62 /* ReplaceDownSegue.h */; settings = {ATTRIBUTES = (Public, ); }; };
		3CE161C31AB49322009E57C1 /* ReplaceLeftSegue.h in Headers */ = {isa = PBXBuildFile; fileRef = 3CE46F0919ABBF7700053E62 /* ReplaceLeftSegue.h */; settings = {ATTRIBUTES = (Public, ); }; };
		3CE161C41AB49322009E57C1 /* ReplaceRightSegue.h in Headers */ = {isa = PBXBuildFile; fileRef = 3CE46F0B19ABBF7700053E62 /* ReplaceRightSegue.h */; settings = {ATTRIBUTES = (Public, ); }; };
		3CE161C51AB49322009E57C1 /* ReplaceUpSegue.h in Headers */ = {isa = PBXBuildFile; fileRef = 3CE46F0D19ABBF7700053E62 /* ReplaceUpSegue.h */; settings = {ATTRIBUTES = (Public, ); }; };
		3CE161C61AB49322009E57C1 /* ZoomInFromRectSegue.h in Headers */ = {isa = PBXBuildFile; fileRef = 3CE46F0F19ABBF7700053E62 /* ZoomInFromRectSegue.h */; settings = {ATTRIBUTES = (Public, ); }; };
		3CE161C71AB49322009E57C1 /* ZoomOutToRectSegue.h in Headers */ = {isa = PBXBuildFile; fileRef = 3CE46F1119ABBF7700053E62 /* ZoomOutToRectSegue.h */; settings = {ATTRIBUTES = (Public, ); }; };
		3CE161C81AB49327009E57C1 /* MissingSubclassOverrideException.h in Headers */ = {isa = PBXBuildFile; fileRef = 3CE46F0319ABBF7700053E62 /* MissingSubclassOverrideException.h */; settings = {ATTRIBUTES = (Public, ); }; };
		3CE161C91AB4932C009E57C1 /* CoreDataStore.h in Headers */ = {isa = PBXBuildFile; fileRef = 3CE46EFF19ABBF7700053E62 /* CoreDataStore.h */; settings = {ATTRIBUTES = (Public, ); }; };
		3CE161E71AB493DD009E57C1 /* CLIColor.h in Headers */ = {isa = PBXBuildFile; fileRef = 3CE161CC1AB493DD009E57C1 /* CLIColor.h */; settings = {ATTRIBUTES = (Public, ); }; };
		3CE161E81AB493DD009E57C1 /* CLIColor.m in Sources */ = {isa = PBXBuildFile; fileRef = 3CE161CD1AB493DD009E57C1 /* CLIColor.m */; };
		3CE161E91AB493DD009E57C1 /* CocoaLumberjack.h in Headers */ = {isa = PBXBuildFile; fileRef = 3CE161CE1AB493DD009E57C1 /* CocoaLumberjack.h */; settings = {ATTRIBUTES = (Public, ); }; };
		3CE161EB1AB493DD009E57C1 /* DDAbstractDatabaseLogger.h in Headers */ = {isa = PBXBuildFile; fileRef = 3CE161D01AB493DD009E57C1 /* DDAbstractDatabaseLogger.h */; settings = {ATTRIBUTES = (Public, ); }; };
		3CE161EC1AB493DD009E57C1 /* DDAbstractDatabaseLogger.m in Sources */ = {isa = PBXBuildFile; fileRef = 3CE161D11AB493DD009E57C1 /* DDAbstractDatabaseLogger.m */; };
		3CE161ED1AB493DD009E57C1 /* DDASLLogCapture.h in Headers */ = {isa = PBXBuildFile; fileRef = 3CE161D21AB493DD009E57C1 /* DDASLLogCapture.h */; settings = {ATTRIBUTES = (Public, ); }; };
		3CE161EE1AB493DD009E57C1 /* DDASLLogCapture.m in Sources */ = {isa = PBXBuildFile; fileRef = 3CE161D31AB493DD009E57C1 /* DDASLLogCapture.m */; };
		3CE161EF1AB493DD009E57C1 /* DDASLLogger.h in Headers */ = {isa = PBXBuildFile; fileRef = 3CE161D41AB493DD009E57C1 /* DDASLLogger.h */; settings = {ATTRIBUTES = (Public, ); }; };
		3CE161F01AB493DD009E57C1 /* DDASLLogger.m in Sources */ = {isa = PBXBuildFile; fileRef = 3CE161D51AB493DD009E57C1 /* DDASLLogger.m */; };
		3CE161F11AB493DD009E57C1 /* DDAssertMacros.h in Headers */ = {isa = PBXBuildFile; fileRef = 3CE161D61AB493DD009E57C1 /* DDAssertMacros.h */; settings = {ATTRIBUTES = (Public, ); }; };
		3CE161F21AB493DD009E57C1 /* DDFileLogger.h in Headers */ = {isa = PBXBuildFile; fileRef = 3CE161D71AB493DD009E57C1 /* DDFileLogger.h */; settings = {ATTRIBUTES = (Public, ); }; };
		3CE161F31AB493DD009E57C1 /* DDFileLogger.m in Sources */ = {isa = PBXBuildFile; fileRef = 3CE161D81AB493DD009E57C1 /* DDFileLogger.m */; };
		3CE161F41AB493DD009E57C1 /* DDLegacyMacros.h in Headers */ = {isa = PBXBuildFile; fileRef = 3CE161D91AB493DD009E57C1 /* DDLegacyMacros.h */; settings = {ATTRIBUTES = (Public, ); }; };
		3CE161F51AB493DD009E57C1 /* DDLog+LOGV.h in Headers */ = {isa = PBXBuildFile; fileRef = 3CE161DA1AB493DD009E57C1 /* DDLog+LOGV.h */; settings = {ATTRIBUTES = (Public, ); }; };
		3CE161F61AB493DD009E57C1 /* DDLog.h in Headers */ = {isa = PBXBuildFile; fileRef = 3CE161DB1AB493DD009E57C1 /* DDLog.h */; settings = {ATTRIBUTES = (Public, ); }; };
		3CE161F71AB493DD009E57C1 /* DDLog.m in Sources */ = {isa = PBXBuildFile; fileRef = 3CE161DC1AB493DD009E57C1 /* DDLog.m */; };
		3CE161F81AB493DD009E57C1 /* DDLogMacros.h in Headers */ = {isa = PBXBuildFile; fileRef = 3CE161DD1AB493DD009E57C1 /* DDLogMacros.h */; settings = {ATTRIBUTES = (Public, ); }; };
		3CE161F91AB493DD009E57C1 /* DDTTYLogger.h in Headers */ = {isa = PBXBuildFile; fileRef = 3CE161DE1AB493DD009E57C1 /* DDTTYLogger.h */; settings = {ATTRIBUTES = (Public, ); }; };
		3CE161FA1AB493DD009E57C1 /* DDTTYLogger.m in Sources */ = {isa = PBXBuildFile; fileRef = 3CE161DF1AB493DD009E57C1 /* DDTTYLogger.m */; };
		3CE161FB1AB493DD009E57C1 /* DDContextFilterLogFormatter.h in Headers */ = {isa = PBXBuildFile; fileRef = 3CE161E11AB493DD009E57C1 /* DDContextFilterLogFormatter.h */; settings = {ATTRIBUTES = (Public, ); }; };
		3CE161FC1AB493DD009E57C1 /* DDContextFilterLogFormatter.m in Sources */ = {isa = PBXBuildFile; fileRef = 3CE161E21AB493DD009E57C1 /* DDContextFilterLogFormatter.m */; };
		3CE161FD1AB493DD009E57C1 /* DDDispatchQueueLogFormatter.h in Headers */ = {isa = PBXBuildFile; fileRef = 3CE161E31AB493DD009E57C1 /* DDDispatchQueueLogFormatter.h */; settings = {ATTRIBUTES = (Public, ); }; };
		3CE161FE1AB493DD009E57C1 /* DDDispatchQueueLogFormatter.m in Sources */ = {isa = PBXBuildFile; fileRef = 3CE161E41AB493DD009E57C1 /* DDDispatchQueueLogFormatter.m */; };
		3CE161FF1AB493DD009E57C1 /* DDMultiFormatter.h in Headers */ = {isa = PBXBuildFile; fileRef = 3CE161E51AB493DD009E57C1 /* DDMultiFormatter.h */; settings = {ATTRIBUTES = (Public, ); }; };
		3CE162001AB493DD009E57C1 /* DDMultiFormatter.m in Sources */ = {isa = PBXBuildFile; fileRef = 3CE161E61AB493DD009E57C1 /* DDMultiFormatter.m */; };
		3CE1620A1AB496DF009E57C1 /* main.m in Sources */ = {isa = PBXBuildFile; fileRef = 3CE162091AB496DF009E57C1 /* main.m */; };
		3CE162131AB496DF009E57C1 /* Main.storyboard in Resources */ = {isa = PBXBuildFile; fileRef = 3CE162111AB496DF009E57C1 /* Main.storyboard */; };
		3CE162151AB496DF009E57C1 /* Images.xcassets in Resources */ = {isa = PBXBuildFile; fileRef = 3CE162141AB496DF009E57C1 /* Images.xcassets */; };
		3CE162181AB496DF009E57C1 /* LaunchScreen.xib in Resources */ = {isa = PBXBuildFile; fileRef = 3CE162161AB496DF009E57C1 /* LaunchScreen.xib */; };
/* End PBXBuildFile section */

/* Begin PBXCopyFilesBuildPhase section */
		3C0DC0611AB4989B00D32C10 /* CopyFiles */ = {
			isa = PBXCopyFilesBuildPhase;
			buildActionMask = 2147483647;
			dstPath = "";
			dstSubfolderSpec = 10;
			files = (
				3C0DC0621AB498A800D32C10 /* SegueingInfoiOS.framework in CopyFiles */,
			);
			runOnlyForDeploymentPostprocessing = 0;
		};
/* End PBXCopyFilesBuildPhase section */

/* Begin PBXFileReference section */
		3C071A551A7D4048006C5A6E /* Eunomia-Bridging-Header.h */ = {isa = PBXFileReference; fileEncoding = 4; lastKnownFileType = sourcecode.c.h; path = "Eunomia-Bridging-Header.h"; sourceTree = "<group>"; };
		3C0AFFC01A97D60E0020B9CD /* UIImagePickerController+Utility.h */ = {isa = PBXFileReference; fileEncoding = 4; lastKnownFileType = sourcecode.c.h; path = "UIImagePickerController+Utility.h"; sourceTree = "<group>"; };
		3C0AFFC11A97D60E0020B9CD /* UIImagePickerController+Utility.m */ = {isa = PBXFileReference; fileEncoding = 4; lastKnownFileType = sourcecode.c.objc; path = "UIImagePickerController+Utility.m"; sourceTree = "<group>"; };
		3C0AFFC31A97DB6D0020B9CD /* ALAssetsLibrary+Utility.h */ = {isa = PBXFileReference; fileEncoding = 4; lastKnownFileType = sourcecode.c.h; path = "ALAssetsLibrary+Utility.h"; sourceTree = "<group>"; };
		3C0AFFC41A97DB6D0020B9CD /* ALAssetsLibrary+Utility.m */ = {isa = PBXFileReference; fileEncoding = 4; lastKnownFileType = sourcecode.c.objc; path = "ALAssetsLibrary+Utility.m"; sourceTree = "<group>"; };
		3C0DC08E1AB49ACB00D32C10 /* AppDelegate.h */ = {isa = PBXFileReference; fileEncoding = 4; lastKnownFileType = sourcecode.c.h; path = AppDelegate.h; sourceTree = "<group>"; };
		3C0DC08F1AB49ACB00D32C10 /* AppDelegate.m */ = {isa = PBXFileReference; fileEncoding = 4; lastKnownFileType = sourcecode.c.objc; path = AppDelegate.m; sourceTree = "<group>"; };
		3C0DC0901AB49ACB00D32C10 /* ViewController.h */ = {isa = PBXFileReference; fileEncoding = 4; lastKnownFileType = sourcecode.c.h; path = ViewController.h; sourceTree = "<group>"; };
		3C0DC0911AB49ACB00D32C10 /* ViewController.m */ = {isa = PBXFileReference; fileEncoding = 4; lastKnownFileType = sourcecode.c.objc; path = ViewController.m; sourceTree = "<group>"; };
		3C0DC0991AB49B0300D32C10 /* AppDelegate.h */ = {isa = PBXFileReference; fileEncoding = 4; lastKnownFileType = sourcecode.c.h; path = AppDelegate.h; sourceTree = "<group>"; };
		3C0DC09A1AB49B0300D32C10 /* AppDelegate.m */ = {isa = PBXFileReference; fileEncoding = 4; lastKnownFileType = sourcecode.c.objc; path = AppDelegate.m; sourceTree = "<group>"; };
		3C0DC09B1AB49B0300D32C10 /* ViewController.h */ = {isa = PBXFileReference; fileEncoding = 4; lastKnownFileType = sourcecode.c.h; path = ViewController.h; sourceTree = "<group>"; };
		3C0DC09C1AB49B0300D32C10 /* ViewController.m */ = {isa = PBXFileReference; fileEncoding = 4; lastKnownFileType = sourcecode.c.objc; path = ViewController.m; sourceTree = "<group>"; };
		3C26378A1ABB350E008051B1 /* UIDevice+Utility.h */ = {isa = PBXFileReference; fileEncoding = 4; lastKnownFileType = sourcecode.c.h; path = "UIDevice+Utility.h"; sourceTree = "<group>"; };
		3C26378B1ABB350E008051B1 /* UIDevice+Utility.m */ = {isa = PBXFileReference; fileEncoding = 4; lastKnownFileType = sourcecode.c.objc; path = "UIDevice+Utility.m"; sourceTree = "<group>"; };
		3C371BD519853F4E008503FE /* UITextView+TemplatingSpec.m */ = {isa = PBXFileReference; fileEncoding = 4; lastKnownFileType = sourcecode.c.objc; path = "UITextView+TemplatingSpec.m"; sourceTree = "<group>"; };
		3C371BD619853F4E008503FE /* UIView+TemplatingSpec.m */ = {isa = PBXFileReference; fileEncoding = 4; lastKnownFileType = sourcecode.c.objc; path = "UIView+TemplatingSpec.m"; sourceTree = "<group>"; };
		3C371BDA19854EBE008503FE /* LaunchViewSpec.m */ = {isa = PBXFileReference; fileEncoding = 4; lastKnownFileType = sourcecode.c.objc; path = LaunchViewSpec.m; sourceTree = "<group>"; };
		3C38FC431A82DB1A00813A2B /* AutoloadWebView.h */ = {isa = PBXFileReference; fileEncoding = 4; lastKnownFileType = sourcecode.c.h; path = AutoloadWebView.h; sourceTree = "<group>"; };
		3C38FC441A82DB1A00813A2B /* AutoloadWebView.m */ = {isa = PBXFileReference; fileEncoding = 4; lastKnownFileType = sourcecode.c.objc; path = AutoloadWebView.m; sourceTree = "<group>"; };
		3C3CF7BC1AB366EA00EEE0D6 /* Cartfile */ = {isa = PBXFileReference; lastKnownFileType = text; path = Cartfile; sourceTree = "<group>"; };
		3C3CF7C21AB3897300EEE0D6 /* Eunomia.framework */ = {isa = PBXFileReference; explicitFileType = wrapper.framework; includeInIndex = 0; path = Eunomia.framework; sourceTree = BUILT_PRODUCTS_DIR; };
		3C3CF8111AB38A5B00EEE0D6 /* Eunomia.h */ = {isa = PBXFileReference; fileEncoding = 4; lastKnownFileType = sourcecode.c.h; path = Eunomia.h; sourceTree = "<group>"; };
		3C3CF8121AB38A5B00EEE0D6 /* Info.plist */ = {isa = PBXFileReference; fileEncoding = 4; lastKnownFileType = text.plist.xml; path = Info.plist; sourceTree = "<group>"; };
		3C65DDCE1965A9B8009C714B /* Config.h */ = {isa = PBXFileReference; lastKnownFileType = sourcecode.c.h; path = Config.h; sourceTree = "<group>"; };
		3CCE7CE11A7742E900EB1C27 /* MFMailComposeViewController+Utility.h */ = {isa = PBXFileReference; fileEncoding = 4; lastKnownFileType = sourcecode.c.h; path = "MFMailComposeViewController+Utility.h"; sourceTree = "<group>"; };
		3CCE7CE21A7742E900EB1C27 /* MFMailComposeViewController+Utility.m */ = {isa = PBXFileReference; fileEncoding = 4; lastKnownFileType = sourcecode.c.objc; path = "MFMailComposeViewController+Utility.m"; sourceTree = "<group>"; };
		3CD18CFB1964A60200DB8ED7 /* Foundation.framework */ = {isa = PBXFileReference; lastKnownFileType = wrapper.framework; name = Foundation.framework; path = System/Library/Frameworks/Foundation.framework; sourceTree = SDKROOT; };
		3CD18D0C1964A60200DB8ED7 /* UIKit.framework */ = {isa = PBXFileReference; lastKnownFileType = wrapper.framework; name = UIKit.framework; path = Library/Frameworks/UIKit.framework; sourceTree = DEVELOPER_DIR; };
		3CD18D991964AF2800DB8ED7 /* Eunomia.podspec */ = {isa = PBXFileReference; fileEncoding = 4; lastKnownFileType = text; path = Eunomia.podspec; sourceTree = "<group>"; };
		3CDA952219F57E920009A367 /* UIApplication+Utility.h */ = {isa = PBXFileReference; fileEncoding = 4; lastKnownFileType = sourcecode.c.h; path = "UIApplication+Utility.h"; sourceTree = "<group>"; };
		3CDA952319F57E920009A367 /* UIApplication+Utility.m */ = {isa = PBXFileReference; fileEncoding = 4; lastKnownFileType = sourcecode.c.objc; path = "UIApplication+Utility.m"; sourceTree = "<group>"; };
		3CDA953219F58E100009A367 /* NSCharacterSet+Utility.h */ = {isa = PBXFileReference; fileEncoding = 4; lastKnownFileType = sourcecode.c.h; path = "NSCharacterSet+Utility.h"; sourceTree = "<group>"; };
		3CDA953319F58E100009A367 /* NSCharacterSet+Utility.m */ = {isa = PBXFileReference; fileEncoding = 4; lastKnownFileType = sourcecode.c.objc; path = "NSCharacterSet+Utility.m"; sourceTree = "<group>"; };
		3CDA953519F58E920009A367 /* UIBarItem+Utility.h */ = {isa = PBXFileReference; fileEncoding = 4; lastKnownFileType = sourcecode.c.h; path = "UIBarItem+Utility.h"; sourceTree = "<group>"; };
		3CDA953619F58E920009A367 /* UIBarItem+Utility.m */ = {isa = PBXFileReference; fileEncoding = 4; lastKnownFileType = sourcecode.c.objc; path = "UIBarItem+Utility.m"; sourceTree = "<group>"; };
		3CE1613D1AB41E81009E57C1 /* SegueingInfoiOS.framework */ = {isa = PBXFileReference; lastKnownFileType = wrapper.framework; name = SegueingInfoiOS.framework; path = Carthage/Build/iOS/SegueingInfoiOS.framework; sourceTree = "<group>"; };
		3CE161781AB48FF0009E57C1 /* NSLogWrapper.h */ = {isa = PBXFileReference; fileEncoding = 4; lastKnownFileType = sourcecode.c.h; path = NSLogWrapper.h; sourceTree = "<group>"; };
		3CE161791AB48FF1009E57C1 /* NSLogWrapper.m */ = {isa = PBXFileReference; fileEncoding = 4; lastKnownFileType = sourcecode.c.objc; path = NSLogWrapper.m; sourceTree = "<group>"; };
		3CE1617A1AB48FF1009E57C1 /* VerboseDDLogFormatter.h */ = {isa = PBXFileReference; fileEncoding = 4; lastKnownFileType = sourcecode.c.h; path = VerboseDDLogFormatter.h; sourceTree = "<group>"; };
		3CE1617B1AB48FF1009E57C1 /* VerboseDDLogFormatter.m */ = {isa = PBXFileReference; fileEncoding = 4; lastKnownFileType = sourcecode.c.objc; path = VerboseDDLogFormatter.m; sourceTree = "<group>"; };
		3CE1618C1AB490D3009E57C1 /* ThirdPartyWrapper.h */ = {isa = PBXFileReference; fileEncoding = 4; lastKnownFileType = sourcecode.c.h; path = ThirdPartyWrapper.h; sourceTree = "<group>"; };
		3CE1618D1AB490D3009E57C1 /* ThirdPartyWrapper.m */ = {isa = PBXFileReference; fileEncoding = 4; lastKnownFileType = sourcecode.c.objc; path = ThirdPartyWrapper.m; sourceTree = "<group>"; };
		3CE161901AB49125009E57C1 /* UIDevice+Utility.h */ = {isa = PBXFileReference; fileEncoding = 4; lastKnownFileType = sourcecode.c.h; path = "UIDevice+Utility.h"; sourceTree = "<group>"; };
		3CE161911AB49125009E57C1 /* UIDevice+Utility.m */ = {isa = PBXFileReference; fileEncoding = 4; lastKnownFileType = sourcecode.c.objc; path = "UIDevice+Utility.m"; sourceTree = "<group>"; };
		3CE161CC1AB493DD009E57C1 /* CLIColor.h */ = {isa = PBXFileReference; fileEncoding = 4; lastKnownFileType = sourcecode.c.h; path = CLIColor.h; sourceTree = "<group>"; };
		3CE161CD1AB493DD009E57C1 /* CLIColor.m */ = {isa = PBXFileReference; fileEncoding = 4; lastKnownFileType = sourcecode.c.objc; path = CLIColor.m; sourceTree = "<group>"; };
		3CE161CE1AB493DD009E57C1 /* CocoaLumberjack.h */ = {isa = PBXFileReference; fileEncoding = 4; lastKnownFileType = sourcecode.c.h; path = CocoaLumberjack.h; sourceTree = "<group>"; };
		3CE161CF1AB493DD009E57C1 /* CocoaLumberjack.swift */ = {isa = PBXFileReference; fileEncoding = 4; lastKnownFileType = sourcecode.swift; path = CocoaLumberjack.swift; sourceTree = "<group>"; };
		3CE161D01AB493DD009E57C1 /* DDAbstractDatabaseLogger.h */ = {isa = PBXFileReference; fileEncoding = 4; lastKnownFileType = sourcecode.c.h; path = DDAbstractDatabaseLogger.h; sourceTree = "<group>"; };
		3CE161D11AB493DD009E57C1 /* DDAbstractDatabaseLogger.m */ = {isa = PBXFileReference; fileEncoding = 4; lastKnownFileType = sourcecode.c.objc; path = DDAbstractDatabaseLogger.m; sourceTree = "<group>"; };
		3CE161D21AB493DD009E57C1 /* DDASLLogCapture.h */ = {isa = PBXFileReference; fileEncoding = 4; lastKnownFileType = sourcecode.c.h; path = DDASLLogCapture.h; sourceTree = "<group>"; };
		3CE161D31AB493DD009E57C1 /* DDASLLogCapture.m */ = {isa = PBXFileReference; fileEncoding = 4; lastKnownFileType = sourcecode.c.objc; path = DDASLLogCapture.m; sourceTree = "<group>"; };
		3CE161D41AB493DD009E57C1 /* DDASLLogger.h */ = {isa = PBXFileReference; fileEncoding = 4; lastKnownFileType = sourcecode.c.h; path = DDASLLogger.h; sourceTree = "<group>"; };
		3CE161D51AB493DD009E57C1 /* DDASLLogger.m */ = {isa = PBXFileReference; fileEncoding = 4; lastKnownFileType = sourcecode.c.objc; path = DDASLLogger.m; sourceTree = "<group>"; };
		3CE161D61AB493DD009E57C1 /* DDAssertMacros.h */ = {isa = PBXFileReference; fileEncoding = 4; lastKnownFileType = sourcecode.c.h; path = DDAssertMacros.h; sourceTree = "<group>"; };
		3CE161D71AB493DD009E57C1 /* DDFileLogger.h */ = {isa = PBXFileReference; fileEncoding = 4; lastKnownFileType = sourcecode.c.h; path = DDFileLogger.h; sourceTree = "<group>"; };
		3CE161D81AB493DD009E57C1 /* DDFileLogger.m */ = {isa = PBXFileReference; fileEncoding = 4; lastKnownFileType = sourcecode.c.objc; path = DDFileLogger.m; sourceTree = "<group>"; };
		3CE161D91AB493DD009E57C1 /* DDLegacyMacros.h */ = {isa = PBXFileReference; fileEncoding = 4; lastKnownFileType = sourcecode.c.h; path = DDLegacyMacros.h; sourceTree = "<group>"; };
		3CE161DA1AB493DD009E57C1 /* DDLog+LOGV.h */ = {isa = PBXFileReference; fileEncoding = 4; lastKnownFileType = sourcecode.c.h; path = "DDLog+LOGV.h"; sourceTree = "<group>"; };
		3CE161DB1AB493DD009E57C1 /* DDLog.h */ = {isa = PBXFileReference; fileEncoding = 4; lastKnownFileType = sourcecode.c.h; path = DDLog.h; sourceTree = "<group>"; };
		3CE161DC1AB493DD009E57C1 /* DDLog.m */ = {isa = PBXFileReference; fileEncoding = 4; lastKnownFileType = sourcecode.c.objc; path = DDLog.m; sourceTree = "<group>"; };
		3CE161DD1AB493DD009E57C1 /* DDLogMacros.h */ = {isa = PBXFileReference; fileEncoding = 4; lastKnownFileType = sourcecode.c.h; path = DDLogMacros.h; sourceTree = "<group>"; };
		3CE161DE1AB493DD009E57C1 /* DDTTYLogger.h */ = {isa = PBXFileReference; fileEncoding = 4; lastKnownFileType = sourcecode.c.h; path = DDTTYLogger.h; sourceTree = "<group>"; };
		3CE161DF1AB493DD009E57C1 /* DDTTYLogger.m */ = {isa = PBXFileReference; fileEncoding = 4; lastKnownFileType = sourcecode.c.objc; path = DDTTYLogger.m; sourceTree = "<group>"; };
		3CE161E11AB493DD009E57C1 /* DDContextFilterLogFormatter.h */ = {isa = PBXFileReference; fileEncoding = 4; lastKnownFileType = sourcecode.c.h; path = DDContextFilterLogFormatter.h; sourceTree = "<group>"; };
		3CE161E21AB493DD009E57C1 /* DDContextFilterLogFormatter.m */ = {isa = PBXFileReference; fileEncoding = 4; lastKnownFileType = sourcecode.c.objc; path = DDContextFilterLogFormatter.m; sourceTree = "<group>"; };
		3CE161E31AB493DD009E57C1 /* DDDispatchQueueLogFormatter.h */ = {isa = PBXFileReference; fileEncoding = 4; lastKnownFileType = sourcecode.c.h; path = DDDispatchQueueLogFormatter.h; sourceTree = "<group>"; };
		3CE161E41AB493DD009E57C1 /* DDDispatchQueueLogFormatter.m */ = {isa = PBXFileReference; fileEncoding = 4; lastKnownFileType = sourcecode.c.objc; path = DDDispatchQueueLogFormatter.m; sourceTree = "<group>"; };
		3CE161E51AB493DD009E57C1 /* DDMultiFormatter.h */ = {isa = PBXFileReference; fileEncoding = 4; lastKnownFileType = sourcecode.c.h; path = DDMultiFormatter.h; sourceTree = "<group>"; };
		3CE161E61AB493DD009E57C1 /* DDMultiFormatter.m */ = {isa = PBXFileReference; fileEncoding = 4; lastKnownFileType = sourcecode.c.objc; path = DDMultiFormatter.m; sourceTree = "<group>"; };
		3CE162051AB496DF009E57C1 /* EunomiaExample.app */ = {isa = PBXFileReference; explicitFileType = wrapper.application; includeInIndex = 0; path = EunomiaExample.app; sourceTree = BUILT_PRODUCTS_DIR; };
		3CE162081AB496DF009E57C1 /* Info.plist */ = {isa = PBXFileReference; lastKnownFileType = text.plist.xml; path = Info.plist; sourceTree = "<group>"; };
		3CE162091AB496DF009E57C1 /* main.m */ = {isa = PBXFileReference; lastKnownFileType = sourcecode.c.objc; path = main.m; sourceTree = "<group>"; };
		3CE162121AB496DF009E57C1 /* Base */ = {isa = PBXFileReference; lastKnownFileType = file.storyboard; name = Base; path = Base.lproj/Main.storyboard; sourceTree = "<group>"; };
		3CE162141AB496DF009E57C1 /* Images.xcassets */ = {isa = PBXFileReference; lastKnownFileType = folder.assetcatalog; path = Images.xcassets; sourceTree = "<group>"; };
		3CE162171AB496DF009E57C1 /* Base */ = {isa = PBXFileReference; lastKnownFileType = file.xib; name = Base; path = Base.lproj/LaunchScreen.xib; sourceTree = "<group>"; };
		3CE46EFF19ABBF7700053E62 /* CoreDataStore.h */ = {isa = PBXFileReference; fileEncoding = 4; lastKnownFileType = sourcecode.c.h; path = CoreDataStore.h; sourceTree = "<group>"; };
		3CE46F0019ABBF7700053E62 /* CoreDataStore.m */ = {isa = PBXFileReference; fileEncoding = 4; lastKnownFileType = sourcecode.c.objc; path = CoreDataStore.m; sourceTree = "<group>"; };
		3CE46F0119ABBF7700053E62 /* CoreData.h */ = {isa = PBXFileReference; fileEncoding = 4; lastKnownFileType = sourcecode.c.h; path = CoreData.h; sourceTree = "<group>"; };
		3CE46F0319ABBF7700053E62 /* MissingSubclassOverrideException.h */ = {isa = PBXFileReference; fileEncoding = 4; lastKnownFileType = sourcecode.c.h; path = MissingSubclassOverrideException.h; sourceTree = "<group>"; };
		3CE46F0419ABBF7700053E62 /* MissingSubclassOverrideException.m */ = {isa = PBXFileReference; fileEncoding = 4; lastKnownFileType = sourcecode.c.objc; path = MissingSubclassOverrideException.m; sourceTree = "<group>"; };
		3CE46F0519ABBF7700053E62 /* Exceptions.h */ = {isa = PBXFileReference; fileEncoding = 4; lastKnownFileType = sourcecode.c.h; path = Exceptions.h; sourceTree = "<group>"; };
		3CE46F0719ABBF7700053E62 /* ReplaceDownSegue.h */ = {isa = PBXFileReference; fileEncoding = 4; lastKnownFileType = sourcecode.c.h; path = ReplaceDownSegue.h; sourceTree = "<group>"; };
		3CE46F0819ABBF7700053E62 /* ReplaceDownSegue.m */ = {isa = PBXFileReference; fileEncoding = 4; lastKnownFileType = sourcecode.c.objc; path = ReplaceDownSegue.m; sourceTree = "<group>"; };
		3CE46F0919ABBF7700053E62 /* ReplaceLeftSegue.h */ = {isa = PBXFileReference; fileEncoding = 4; lastKnownFileType = sourcecode.c.h; path = ReplaceLeftSegue.h; sourceTree = "<group>"; };
		3CE46F0A19ABBF7700053E62 /* ReplaceLeftSegue.m */ = {isa = PBXFileReference; fileEncoding = 4; lastKnownFileType = sourcecode.c.objc; path = ReplaceLeftSegue.m; sourceTree = "<group>"; };
		3CE46F0B19ABBF7700053E62 /* ReplaceRightSegue.h */ = {isa = PBXFileReference; fileEncoding = 4; lastKnownFileType = sourcecode.c.h; path = ReplaceRightSegue.h; sourceTree = "<group>"; };
		3CE46F0C19ABBF7700053E62 /* ReplaceRightSegue.m */ = {isa = PBXFileReference; fileEncoding = 4; lastKnownFileType = sourcecode.c.objc; path = ReplaceRightSegue.m; sourceTree = "<group>"; };
		3CE46F0D19ABBF7700053E62 /* ReplaceUpSegue.h */ = {isa = PBXFileReference; fileEncoding = 4; lastKnownFileType = sourcecode.c.h; path = ReplaceUpSegue.h; sourceTree = "<group>"; };
		3CE46F0E19ABBF7700053E62 /* ReplaceUpSegue.m */ = {isa = PBXFileReference; fileEncoding = 4; lastKnownFileType = sourcecode.c.objc; path = ReplaceUpSegue.m; sourceTree = "<group>"; };
		3CE46F0F19ABBF7700053E62 /* ZoomInFromRectSegue.h */ = {isa = PBXFileReference; fileEncoding = 4; lastKnownFileType = sourcecode.c.h; path = ZoomInFromRectSegue.h; sourceTree = "<group>"; };
		3CE46F1019ABBF7700053E62 /* ZoomInFromRectSegue.m */ = {isa = PBXFileReference; fileEncoding = 4; lastKnownFileType = sourcecode.c.objc; path = ZoomInFromRectSegue.m; sourceTree = "<group>"; };
		3CE46F1119ABBF7700053E62 /* ZoomOutToRectSegue.h */ = {isa = PBXFileReference; fileEncoding = 4; lastKnownFileType = sourcecode.c.h; path = ZoomOutToRectSegue.h; sourceTree = "<group>"; };
		3CE46F1219ABBF7700053E62 /* ZoomOutToRectSegue.m */ = {isa = PBXFileReference; fileEncoding = 4; lastKnownFileType = sourcecode.c.objc; path = ZoomOutToRectSegue.m; sourceTree = "<group>"; };
		3CE46F1319ABBF7700053E62 /* Segues.h */ = {isa = PBXFileReference; fileEncoding = 4; lastKnownFileType = sourcecode.c.h; path = Segues.h; sourceTree = "<group>"; };
		3CE46F1519ABBF7700053E62 /* JSContext+Utility.h */ = {isa = PBXFileReference; fileEncoding = 4; lastKnownFileType = sourcecode.c.h; path = "JSContext+Utility.h"; sourceTree = "<group>"; };
		3CE46F1619ABBF7700053E62 /* JSContext+Utility.m */ = {isa = PBXFileReference; fileEncoding = 4; lastKnownFileType = sourcecode.c.objc; path = "JSContext+Utility.m"; sourceTree = "<group>"; };
		3CE46F1719ABBF7700053E62 /* NSBundle+Utility.h */ = {isa = PBXFileReference; fileEncoding = 4; lastKnownFileType = sourcecode.c.h; path = "NSBundle+Utility.h"; sourceTree = "<group>"; };
		3CE46F1819ABBF7700053E62 /* NSBundle+Utility.m */ = {isa = PBXFileReference; fileEncoding = 4; lastKnownFileType = sourcecode.c.objc; path = "NSBundle+Utility.m"; sourceTree = "<group>"; };
		3CE46F1919ABBF7700053E62 /* NSFetchedResultsController+Utility.h */ = {isa = PBXFileReference; fileEncoding = 4; lastKnownFileType = sourcecode.c.h; path = "NSFetchedResultsController+Utility.h"; sourceTree = "<group>"; };
		3CE46F1A19ABBF7700053E62 /* NSFetchedResultsController+Utility.m */ = {isa = PBXFileReference; fileEncoding = 4; lastKnownFileType = sourcecode.c.objc; path = "NSFetchedResultsController+Utility.m"; sourceTree = "<group>"; };
		3CE46F1B19ABBF7700053E62 /* NSManagedObject+Utility.h */ = {isa = PBXFileReference; fileEncoding = 4; lastKnownFileType = sourcecode.c.h; path = "NSManagedObject+Utility.h"; sourceTree = "<group>"; };
		3CE46F1C19ABBF7700053E62 /* NSManagedObject+Utility.m */ = {isa = PBXFileReference; fileEncoding = 4; lastKnownFileType = sourcecode.c.objc; path = "NSManagedObject+Utility.m"; sourceTree = "<group>"; };
		3CE46F1D19ABBF7700053E62 /* NSManagedObjectContext+Utility.h */ = {isa = PBXFileReference; fileEncoding = 4; lastKnownFileType = sourcecode.c.h; path = "NSManagedObjectContext+Utility.h"; sourceTree = "<group>"; };
		3CE46F1E19ABBF7700053E62 /* NSManagedObjectContext+Utility.m */ = {isa = PBXFileReference; fileEncoding = 4; lastKnownFileType = sourcecode.c.objc; path = "NSManagedObjectContext+Utility.m"; sourceTree = "<group>"; };
		3CE46F1F19ABBF7700053E62 /* NSMutableArray+Utility.h */ = {isa = PBXFileReference; fileEncoding = 4; lastKnownFileType = sourcecode.c.h; path = "NSMutableArray+Utility.h"; sourceTree = "<group>"; };
		3CE46F2019ABBF7700053E62 /* NSMutableArray+Utility.m */ = {isa = PBXFileReference; fileEncoding = 4; lastKnownFileType = sourcecode.c.objc; path = "NSMutableArray+Utility.m"; sourceTree = "<group>"; };
		3CE46F2119ABBF7700053E62 /* NSMutableDictionary+Utility.h */ = {isa = PBXFileReference; fileEncoding = 4; lastKnownFileType = sourcecode.c.h; path = "NSMutableDictionary+Utility.h"; sourceTree = "<group>"; };
		3CE46F2219ABBF7700053E62 /* NSMutableDictionary+Utility.m */ = {isa = PBXFileReference; fileEncoding = 4; lastKnownFileType = sourcecode.c.objc; path = "NSMutableDictionary+Utility.m"; sourceTree = "<group>"; };
		3CE46F2319ABBF7700053E62 /* NSMutableString+Utility.h */ = {isa = PBXFileReference; fileEncoding = 4; lastKnownFileType = sourcecode.c.h; path = "NSMutableString+Utility.h"; sourceTree = "<group>"; };
		3CE46F2419ABBF7700053E62 /* NSMutableString+Utility.m */ = {isa = PBXFileReference; fileEncoding = 4; lastKnownFileType = sourcecode.c.objc; path = "NSMutableString+Utility.m"; sourceTree = "<group>"; };
		3CE46F2519ABBF7700053E62 /* NSNotification+Utility.h */ = {isa = PBXFileReference; fileEncoding = 4; lastKnownFileType = sourcecode.c.h; path = "NSNotification+Utility.h"; sourceTree = "<group>"; };
		3CE46F2619ABBF7700053E62 /* NSNotification+Utility.m */ = {isa = PBXFileReference; fileEncoding = 4; lastKnownFileType = sourcecode.c.objc; path = "NSNotification+Utility.m"; sourceTree = "<group>"; };
		3CE46F2719ABBF7700053E62 /* NSObject+Utility.h */ = {isa = PBXFileReference; fileEncoding = 4; lastKnownFileType = sourcecode.c.h; path = "NSObject+Utility.h"; sourceTree = "<group>"; };
		3CE46F2819ABBF7700053E62 /* NSObject+Utility.m */ = {isa = PBXFileReference; fileEncoding = 4; lastKnownFileType = sourcecode.c.objc; path = "NSObject+Utility.m"; sourceTree = "<group>"; };
		3CE46F2919ABBF7700053E62 /* NSString+Utility.h */ = {isa = PBXFileReference; fileEncoding = 4; lastKnownFileType = sourcecode.c.h; path = "NSString+Utility.h"; sourceTree = "<group>"; };
		3CE46F2A19ABBF7700053E62 /* NSString+Utility.m */ = {isa = PBXFileReference; fileEncoding = 4; lastKnownFileType = sourcecode.c.objc; path = "NSString+Utility.m"; sourceTree = "<group>"; };
		3CE46F2B19ABBF7700053E62 /* UIColor+Utility.h */ = {isa = PBXFileReference; fileEncoding = 4; lastKnownFileType = sourcecode.c.h; path = "UIColor+Utility.h"; sourceTree = "<group>"; };
		3CE46F2C19ABBF7700053E62 /* UIColor+Utility.m */ = {isa = PBXFileReference; fileEncoding = 4; lastKnownFileType = sourcecode.c.objc; path = "UIColor+Utility.m"; sourceTree = "<group>"; };
		3CE46F2D19ABBF7700053E62 /* UIImage+Utility.h */ = {isa = PBXFileReference; fileEncoding = 4; lastKnownFileType = sourcecode.c.h; path = "UIImage+Utility.h"; sourceTree = "<group>"; };
		3CE46F2E19ABBF7700053E62 /* UIImage+Utility.m */ = {isa = PBXFileReference; fileEncoding = 4; lastKnownFileType = sourcecode.c.objc; path = "UIImage+Utility.m"; sourceTree = "<group>"; };
		3CE46F2F19ABBF7700053E62 /* UILongPressGestureRecognizer+Utility.h */ = {isa = PBXFileReference; fileEncoding = 4; lastKnownFileType = sourcecode.c.h; path = "UILongPressGestureRecognizer+Utility.h"; sourceTree = "<group>"; };
		3CE46F3019ABBF7700053E62 /* UILongPressGestureRecognizer+Utility.m */ = {isa = PBXFileReference; fileEncoding = 4; lastKnownFileType = sourcecode.c.objc; path = "UILongPressGestureRecognizer+Utility.m"; sourceTree = "<group>"; };
		3CE46F3119ABBF7700053E62 /* UIMenuController+Utility.h */ = {isa = PBXFileReference; fileEncoding = 4; lastKnownFileType = sourcecode.c.h; path = "UIMenuController+Utility.h"; sourceTree = "<group>"; };
		3CE46F3219ABBF7700053E62 /* UIMenuController+Utility.m */ = {isa = PBXFileReference; fileEncoding = 4; lastKnownFileType = sourcecode.c.objc; path = "UIMenuController+Utility.m"; sourceTree = "<group>"; };
		3CE46F3319ABBF7700053E62 /* UIPanGestureRecognizer+Utility.h */ = {isa = PBXFileReference; fileEncoding = 4; lastKnownFileType = sourcecode.c.h; path = "UIPanGestureRecognizer+Utility.h"; sourceTree = "<group>"; };
		3CE46F3419ABBF7700053E62 /* UIPanGestureRecognizer+Utility.m */ = {isa = PBXFileReference; fileEncoding = 4; lastKnownFileType = sourcecode.c.objc; path = "UIPanGestureRecognizer+Utility.m"; sourceTree = "<group>"; };
		3CE46F3519ABBF7700053E62 /* UIPinchGestureRecognizer+Utility.h */ = {isa = PBXFileReference; fileEncoding = 4; lastKnownFileType = sourcecode.c.h; path = "UIPinchGestureRecognizer+Utility.h"; sourceTree = "<group>"; };
		3CE46F3619ABBF7700053E62 /* UIPinchGestureRecognizer+Utility.m */ = {isa = PBXFileReference; fileEncoding = 4; lastKnownFileType = sourcecode.c.objc; path = "UIPinchGestureRecognizer+Utility.m"; sourceTree = "<group>"; };
		3CE46F3719ABBF7700053E62 /* UIScrollView+Utility.h */ = {isa = PBXFileReference; fileEncoding = 4; lastKnownFileType = sourcecode.c.h; path = "UIScrollView+Utility.h"; sourceTree = "<group>"; };
		3CE46F3819ABBF7700053E62 /* UIScrollView+Utility.m */ = {isa = PBXFileReference; fileEncoding = 4; lastKnownFileType = sourcecode.c.objc; path = "UIScrollView+Utility.m"; sourceTree = "<group>"; };
		3CE46F3919ABBF7700053E62 /* UIStoryboardSegue+Utility.h */ = {isa = PBXFileReference; fileEncoding = 4; lastKnownFileType = sourcecode.c.h; path = "UIStoryboardSegue+Utility.h"; sourceTree = "<group>"; };
		3CE46F3A19ABBF7700053E62 /* UIStoryboardSegue+Utility.m */ = {isa = PBXFileReference; fileEncoding = 4; lastKnownFileType = sourcecode.c.objc; path = "UIStoryboardSegue+Utility.m"; sourceTree = "<group>"; };
		3CE46F3B19ABBF7700053E62 /* UITapGestureRecognizer+Utility.h */ = {isa = PBXFileReference; fileEncoding = 4; lastKnownFileType = sourcecode.c.h; path = "UITapGestureRecognizer+Utility.h"; sourceTree = "<group>"; };
		3CE46F3C19ABBF7700053E62 /* UITapGestureRecognizer+Utility.m */ = {isa = PBXFileReference; fileEncoding = 4; lastKnownFileType = sourcecode.c.objc; path = "UITapGestureRecognizer+Utility.m"; sourceTree = "<group>"; };
		3CE46F3D19ABBF7700053E62 /* UITextField+Utility.h */ = {isa = PBXFileReference; fileEncoding = 4; lastKnownFileType = sourcecode.c.h; path = "UITextField+Utility.h"; sourceTree = "<group>"; };
		3CE46F3E19ABBF7700053E62 /* UITextField+Utility.m */ = {isa = PBXFileReference; fileEncoding = 4; lastKnownFileType = sourcecode.c.objc; path = "UITextField+Utility.m"; sourceTree = "<group>"; };
		3CE46F3F19ABBF7700053E62 /* UIView+Utility.h */ = {isa = PBXFileReference; fileEncoding = 4; lastKnownFileType = sourcecode.c.h; path = "UIView+Utility.h"; sourceTree = "<group>"; };
		3CE46F4019ABBF7700053E62 /* UIView+Utility.m */ = {isa = PBXFileReference; fileEncoding = 4; lastKnownFileType = sourcecode.c.objc; path = "UIView+Utility.m"; sourceTree = "<group>"; };
		3CE46F4119ABBF7700053E62 /* UIViewController+Utility.h */ = {isa = PBXFileReference; fileEncoding = 4; lastKnownFileType = sourcecode.c.h; path = "UIViewController+Utility.h"; sourceTree = "<group>"; };
		3CE46F4219ABBF7700053E62 /* UIViewController+Utility.m */ = {isa = PBXFileReference; fileEncoding = 4; lastKnownFileType = sourcecode.c.objc; path = "UIViewController+Utility.m"; sourceTree = "<group>"; };
		3CE46F4319ABBF7700053E62 /* UIWebView+Utility.h */ = {isa = PBXFileReference; fileEncoding = 4; lastKnownFileType = sourcecode.c.h; path = "UIWebView+Utility.h"; sourceTree = "<group>"; };
		3CE46F4419ABBF7700053E62 /* UIWebView+Utility.m */ = {isa = PBXFileReference; fileEncoding = 4; lastKnownFileType = sourcecode.c.objc; path = "UIWebView+Utility.m"; sourceTree = "<group>"; };
		3CE46F4519ABBF7700053E62 /* Utility.h */ = {isa = PBXFileReference; fileEncoding = 4; lastKnownFileType = sourcecode.c.h; path = Utility.h; sourceTree = "<group>"; };
		3CE46F4619ABBF7700053E62 /* Utility.m */ = {isa = PBXFileReference; fileEncoding = 4; lastKnownFileType = sourcecode.c.objc; path = Utility.m; sourceTree = "<group>"; };
		3CE46F4819ABBF7700053E62 /* UIImageView+Templating.h */ = {isa = PBXFileReference; fileEncoding = 4; lastKnownFileType = sourcecode.c.h; path = "UIImageView+Templating.h"; sourceTree = "<group>"; };
		3CE46F4919ABBF7700053E62 /* UIImageView+Templating.m */ = {isa = PBXFileReference; fileEncoding = 4; lastKnownFileType = sourcecode.c.objc; path = "UIImageView+Templating.m"; sourceTree = "<group>"; };
		3CE46F4A19ABBF7700053E62 /* UILabel+Templating.h */ = {isa = PBXFileReference; fileEncoding = 4; lastKnownFileType = sourcecode.c.h; path = "UILabel+Templating.h"; sourceTree = "<group>"; };
		3CE46F4B19ABBF7700053E62 /* UILabel+Templating.m */ = {isa = PBXFileReference; fileEncoding = 4; lastKnownFileType = sourcecode.c.objc; path = "UILabel+Templating.m"; sourceTree = "<group>"; };
		3CE46F4C19ABBF7700053E62 /* UITextField+Templating.h */ = {isa = PBXFileReference; fileEncoding = 4; lastKnownFileType = sourcecode.c.h; path = "UITextField+Templating.h"; sourceTree = "<group>"; };
		3CE46F4D19ABBF7700053E62 /* UITextField+Templating.m */ = {isa = PBXFileReference; fileEncoding = 4; lastKnownFileType = sourcecode.c.objc; path = "UITextField+Templating.m"; sourceTree = "<group>"; };
		3CE46F4E19ABBF7700053E62 /* UITextView+Templating.h */ = {isa = PBXFileReference; fileEncoding = 4; lastKnownFileType = sourcecode.c.h; path = "UITextView+Templating.h"; sourceTree = "<group>"; };
		3CE46F4F19ABBF7700053E62 /* UITextView+Templating.m */ = {isa = PBXFileReference; fileEncoding = 4; lastKnownFileType = sourcecode.c.objc; path = "UITextView+Templating.m"; sourceTree = "<group>"; };
		3CE46F5019ABBF7700053E62 /* UIView+Templating.h */ = {isa = PBXFileReference; fileEncoding = 4; lastKnownFileType = sourcecode.c.h; path = "UIView+Templating.h"; sourceTree = "<group>"; };
		3CE46F5119ABBF7700053E62 /* UIView+Templating.m */ = {isa = PBXFileReference; fileEncoding = 4; lastKnownFileType = sourcecode.c.objc; path = "UIView+Templating.m"; sourceTree = "<group>"; };
		3CE46F5219ABBF7700053E62 /* View+Templating.h */ = {isa = PBXFileReference; fileEncoding = 4; lastKnownFileType = sourcecode.c.h; path = "View+Templating.h"; sourceTree = "<group>"; };
		3CE46F5419ABBF7700053E62 /* LaunchView.h */ = {isa = PBXFileReference; fileEncoding = 4; lastKnownFileType = sourcecode.c.h; path = LaunchView.h; sourceTree = "<group>"; };
		3CE46F5519ABBF7700053E62 /* LaunchView.m */ = {isa = PBXFileReference; fileEncoding = 4; lastKnownFileType = sourcecode.c.objc; path = LaunchView.m; sourceTree = "<group>"; };
		3CE46F5619ABBF7700053E62 /* Views.h */ = {isa = PBXFileReference; fileEncoding = 4; lastKnownFileType = sourcecode.c.h; path = Views.h; sourceTree = "<group>"; };
/* End PBXFileReference section */

/* Begin PBXFrameworksBuildPhase section */
		3C3CF7BE1AB3897300EEE0D6 /* Frameworks */ = {
			isa = PBXFrameworksBuildPhase;
			buildActionMask = 2147483647;
			files = (
				3CE1613E1AB41E81009E57C1 /* SegueingInfoiOS.framework in Frameworks */,
			);
			runOnlyForDeploymentPostprocessing = 0;
		};
		3CE162021AB496DF009E57C1 /* Frameworks */ = {
			isa = PBXFrameworksBuildPhase;
			buildActionMask = 2147483647;
			files = (
				3C0DC05F1AB4973700D32C10 /* Eunomia.framework in Frameworks */,
			);
			runOnlyForDeploymentPostprocessing = 0;
		};
/* End PBXFrameworksBuildPhase section */

/* Begin PBXGroup section */
		3C0DC08D1AB49ACB00D32C10 /* Core */ = {
			isa = PBXGroup;
			children = (
				3C0DC08E1AB49ACB00D32C10 /* AppDelegate.h */,
				3C0DC08F1AB49ACB00D32C10 /* AppDelegate.m */,
				3C0DC0901AB49ACB00D32C10 /* ViewController.h */,
				3C0DC0911AB49ACB00D32C10 /* ViewController.m */,
			);
			path = Core;
			sourceTree = "<group>";
		};
		3C0DC0981AB49B0300D32C10 /* ThirdParty */ = {
			isa = PBXGroup;
			children = (
				3C0DC0991AB49B0300D32C10 /* AppDelegate.h */,
				3C0DC09A1AB49B0300D32C10 /* AppDelegate.m */,
				3C0DC09B1AB49B0300D32C10 /* ViewController.h */,
				3C0DC09C1AB49B0300D32C10 /* ViewController.m */,
			);
			path = ThirdParty;
			sourceTree = "<group>";
		};
		3C371BD319853F20008503FE /* Tests */ = {
			isa = PBXGroup;
			children = (
				3C371BD919854EB3008503FE /* Views */,
				3C371BD419853F3A008503FE /* View+Templating */,
			);
			path = Tests;
			sourceTree = "<group>";
		};
		3C371BD419853F3A008503FE /* View+Templating */ = {
			isa = PBXGroup;
			children = (
				3C371BD519853F4E008503FE /* UITextView+TemplatingSpec.m */,
				3C371BD619853F4E008503FE /* UIView+TemplatingSpec.m */,
			);
			path = "View+Templating";
			sourceTree = "<group>";
		};
		3C371BD919854EB3008503FE /* Views */ = {
			isa = PBXGroup;
			children = (
				3C371BDA19854EBE008503FE /* LaunchViewSpec.m */,
			);
			path = Views;
			sourceTree = "<group>";
		};
		3C3CF8101AB38A5B00EEE0D6 /* Framework */ = {
			isa = PBXGroup;
			children = (
				3C3CF8111AB38A5B00EEE0D6 /* Eunomia.h */,
				3C3CF8121AB38A5B00EEE0D6 /* Info.plist */,
			);
			path = Framework;
			sourceTree = "<group>";
		};
		3CD18CEF1964A60200DB8ED7 = {
			isa = PBXGroup;
			children = (
				3C3CF7BC1AB366EA00EEE0D6 /* Cartfile */,
				3CD18D991964AF2800DB8ED7 /* Eunomia.podspec */,
				3CD18D211964A65F00DB8ED7 /* Source */,
				3C371BD319853F20008503FE /* Tests */,
				3CE162061AB496DF009E57C1 /* Example */,
				3CD18CFA1964A60200DB8ED7 /* Frameworks */,
				3CD18CF91964A60200DB8ED7 /* Products */,
			);
			sourceTree = "<group>";
		};
		3CD18CF91964A60200DB8ED7 /* Products */ = {
			isa = PBXGroup;
			children = (
				3C3CF7C21AB3897300EEE0D6 /* Eunomia.framework */,
				3CE162051AB496DF009E57C1 /* EunomiaExample.app */,
			);
			name = Products;
			sourceTree = "<group>";
		};
		3CD18CFA1964A60200DB8ED7 /* Frameworks */ = {
			isa = PBXGroup;
			children = (
				3CE1613D1AB41E81009E57C1 /* SegueingInfoiOS.framework */,
				3CD18CFB1964A60200DB8ED7 /* Foundation.framework */,
				3CD18D0C1964A60200DB8ED7 /* UIKit.framework */,
			);
			name = Frameworks;
			sourceTree = "<group>";
		};
		3CD18D211964A65F00DB8ED7 /* Source */ = {
			isa = PBXGroup;
			children = (
				3C3CF8101AB38A5B00EEE0D6 /* Framework */,
				3C071A551A7D4048006C5A6E /* Eunomia-Bridging-Header.h */,
				3C65DDCE1965A9B8009C714B /* Config.h */,
				3CE46EFD19ABBF7700053E62 /* Core */,
			);
			path = Source;
			sourceTree = "<group>";
		};
		3CE161761AB48FF0009E57C1 /* ThirdParty */ = {
			isa = PBXGroup;
			children = (
				3CE1618C1AB490D3009E57C1 /* ThirdPartyWrapper.h */,
				3CE1618D1AB490D3009E57C1 /* ThirdPartyWrapper.m */,
				3CE161771AB48FF0009E57C1 /* CocoaLumberjack */,
			);
			path = ThirdParty;
			sourceTree = "<group>";
		};
		3CE161771AB48FF0009E57C1 /* CocoaLumberjack */ = {
			isa = PBXGroup;
			children = (
				3CE161CA1AB493DD009E57C1 /* Classes */,
				3CE161781AB48FF0009E57C1 /* NSLogWrapper.h */,
				3CE161791AB48FF1009E57C1 /* NSLogWrapper.m */,
				3CE1617A1AB48FF1009E57C1 /* VerboseDDLogFormatter.h */,
				3CE1617B1AB48FF1009E57C1 /* VerboseDDLogFormatter.m */,
			);
			path = CocoaLumberjack;
			sourceTree = "<group>";
		};
		3CE161CA1AB493DD009E57C1 /* Classes */ = {
			isa = PBXGroup;
			children = (
				3CE161CB1AB493DD009E57C1 /* CLI */,
				3CE161CE1AB493DD009E57C1 /* CocoaLumberjack.h */,
				3CE161CF1AB493DD009E57C1 /* CocoaLumberjack.swift */,
				3CE161D01AB493DD009E57C1 /* DDAbstractDatabaseLogger.h */,
				3CE161D11AB493DD009E57C1 /* DDAbstractDatabaseLogger.m */,
				3CE161D21AB493DD009E57C1 /* DDASLLogCapture.h */,
				3CE161D31AB493DD009E57C1 /* DDASLLogCapture.m */,
				3CE161D41AB493DD009E57C1 /* DDASLLogger.h */,
				3CE161D51AB493DD009E57C1 /* DDASLLogger.m */,
				3CE161D61AB493DD009E57C1 /* DDAssertMacros.h */,
				3CE161D71AB493DD009E57C1 /* DDFileLogger.h */,
				3CE161D81AB493DD009E57C1 /* DDFileLogger.m */,
				3CE161D91AB493DD009E57C1 /* DDLegacyMacros.h */,
				3CE161DA1AB493DD009E57C1 /* DDLog+LOGV.h */,
				3CE161DB1AB493DD009E57C1 /* DDLog.h */,
				3CE161DC1AB493DD009E57C1 /* DDLog.m */,
				3CE161DD1AB493DD009E57C1 /* DDLogMacros.h */,
				3CE161DE1AB493DD009E57C1 /* DDTTYLogger.h */,
				3CE161DF1AB493DD009E57C1 /* DDTTYLogger.m */,
				3CE161E01AB493DD009E57C1 /* Extensions */,
			);
			name = Classes;
			path = Carthage/Checkouts/CocoaLumberjack/Classes;
			sourceTree = SOURCE_ROOT;
		};
		3CE161CB1AB493DD009E57C1 /* CLI */ = {
			isa = PBXGroup;
			children = (
				3CE161CC1AB493DD009E57C1 /* CLIColor.h */,
				3CE161CD1AB493DD009E57C1 /* CLIColor.m */,
			);
			path = CLI;
			sourceTree = "<group>";
		};
		3CE161E01AB493DD009E57C1 /* Extensions */ = {
			isa = PBXGroup;
			children = (
				3CE161E11AB493DD009E57C1 /* DDContextFilterLogFormatter.h */,
				3CE161E21AB493DD009E57C1 /* DDContextFilterLogFormatter.m */,
				3CE161E31AB493DD009E57C1 /* DDDispatchQueueLogFormatter.h */,
				3CE161E41AB493DD009E57C1 /* DDDispatchQueueLogFormatter.m */,
				3CE161E51AB493DD009E57C1 /* DDMultiFormatter.h */,
				3CE161E61AB493DD009E57C1 /* DDMultiFormatter.m */,
			);
			path = Extensions;
			sourceTree = "<group>";
		};
		3CE162061AB496DF009E57C1 /* Example */ = {
			isa = PBXGroup;
			children = (
				3C0DC08D1AB49ACB00D32C10 /* Core */,
				3C0DC0981AB49B0300D32C10 /* ThirdParty */,
				3CE162111AB496DF009E57C1 /* Main.storyboard */,
				3CE162141AB496DF009E57C1 /* Images.xcassets */,
				3CE162161AB496DF009E57C1 /* LaunchScreen.xib */,
				3CE162071AB496DF009E57C1 /* Supporting Files */,
			);
			path = Example;
			sourceTree = "<group>";
		};
		3CE162071AB496DF009E57C1 /* Supporting Files */ = {
			isa = PBXGroup;
			children = (
				3CE162081AB496DF009E57C1 /* Info.plist */,
				3CE162091AB496DF009E57C1 /* main.m */,
			);
			name = "Supporting Files";
			sourceTree = "<group>";
		};
		3CE46EFD19ABBF7700053E62 /* Core */ = {
			isa = PBXGroup;
			children = (
				3CE46EFE19ABBF7700053E62 /* CoreData */,
				3CE46F0119ABBF7700053E62 /* CoreData.h */,
				3CE46F0219ABBF7700053E62 /* Exceptions */,
				3CE46F0519ABBF7700053E62 /* Exceptions.h */,
				3CE46F0619ABBF7700053E62 /* Segues */,
				3CE46F1319ABBF7700053E62 /* Segues.h */,
				3CE46F1419ABBF7700053E62 /* Utility */,
				3CE46F4519ABBF7700053E62 /* Utility.h */,
				3CE46F4619ABBF7700053E62 /* Utility.m */,
				3CE46F4719ABBF7700053E62 /* View+Templating */,
				3CE46F5219ABBF7700053E62 /* View+Templating.h */,
				3CE46F5319ABBF7700053E62 /* Views */,
				3CE46F5619ABBF7700053E62 /* Views.h */,
				3CE161761AB48FF0009E57C1 /* ThirdParty */,
			);
			path = Core;
			sourceTree = "<group>";
		};
		3CE46EFE19ABBF7700053E62 /* CoreData */ = {
			isa = PBXGroup;
			children = (
				3CE46EFF19ABBF7700053E62 /* CoreDataStore.h */,
				3CE46F0019ABBF7700053E62 /* CoreDataStore.m */,
			);
			path = CoreData;
			sourceTree = "<group>";
		};
		3CE46F0219ABBF7700053E62 /* Exceptions */ = {
			isa = PBXGroup;
			children = (
				3CE46F0319ABBF7700053E62 /* MissingSubclassOverrideException.h */,
				3CE46F0419ABBF7700053E62 /* MissingSubclassOverrideException.m */,
			);
			path = Exceptions;
			sourceTree = "<group>";
		};
		3CE46F0619ABBF7700053E62 /* Segues */ = {
			isa = PBXGroup;
			children = (
				3CE46F0719ABBF7700053E62 /* ReplaceDownSegue.h */,
				3CE46F0819ABBF7700053E62 /* ReplaceDownSegue.m */,
				3CE46F0919ABBF7700053E62 /* ReplaceLeftSegue.h */,
				3CE46F0A19ABBF7700053E62 /* ReplaceLeftSegue.m */,
				3CE46F0B19ABBF7700053E62 /* ReplaceRightSegue.h */,
				3CE46F0C19ABBF7700053E62 /* ReplaceRightSegue.m */,
				3CE46F0D19ABBF7700053E62 /* ReplaceUpSegue.h */,
				3CE46F0E19ABBF7700053E62 /* ReplaceUpSegue.m */,
				3CE46F0F19ABBF7700053E62 /* ZoomInFromRectSegue.h */,
				3CE46F1019ABBF7700053E62 /* ZoomInFromRectSegue.m */,
				3CE46F1119ABBF7700053E62 /* ZoomOutToRectSegue.h */,
				3CE46F1219ABBF7700053E62 /* ZoomOutToRectSegue.m */,
			);
			path = Segues;
			sourceTree = "<group>";
		};
		3CE46F1419ABBF7700053E62 /* Utility */ = {
			isa = PBXGroup;
			children = (
				3C26378A1ABB350E008051B1 /* UIDevice+Utility.h */,
				3C26378B1ABB350E008051B1 /* UIDevice+Utility.m */,
				3CE46F1519ABBF7700053E62 /* JSContext+Utility.h */,
				3CE46F1619ABBF7700053E62 /* JSContext+Utility.m */,
				3CE46F1719ABBF7700053E62 /* NSBundle+Utility.h */,
				3CE46F1819ABBF7700053E62 /* NSBundle+Utility.m */,
				3CE46F1919ABBF7700053E62 /* NSFetchedResultsController+Utility.h */,
				3CE46F1A19ABBF7700053E62 /* NSFetchedResultsController+Utility.m */,
				3CE46F1B19ABBF7700053E62 /* NSManagedObject+Utility.h */,
				3CE46F1C19ABBF7700053E62 /* NSManagedObject+Utility.m */,
				3CE46F1D19ABBF7700053E62 /* NSManagedObjectContext+Utility.h */,
				3CE46F1E19ABBF7700053E62 /* NSManagedObjectContext+Utility.m */,
				3CE46F1F19ABBF7700053E62 /* NSMutableArray+Utility.h */,
				3CE46F2019ABBF7700053E62 /* NSMutableArray+Utility.m */,
				3CE46F2119ABBF7700053E62 /* NSMutableDictionary+Utility.h */,
				3CE46F2219ABBF7700053E62 /* NSMutableDictionary+Utility.m */,
				3CE46F2319ABBF7700053E62 /* NSMutableString+Utility.h */,
				3CE46F2419ABBF7700053E62 /* NSMutableString+Utility.m */,
				3CE46F2519ABBF7700053E62 /* NSNotification+Utility.h */,
				3CE46F2619ABBF7700053E62 /* NSNotification+Utility.m */,
				3CE46F2719ABBF7700053E62 /* NSObject+Utility.h */,
				3CE46F2819ABBF7700053E62 /* NSObject+Utility.m */,
				3CE46F2919ABBF7700053E62 /* NSString+Utility.h */,
				3CE46F2A19ABBF7700053E62 /* NSString+Utility.m */,
				3CE46F2B19ABBF7700053E62 /* UIColor+Utility.h */,
				3CE46F2C19ABBF7700053E62 /* UIColor+Utility.m */,
				3CE46F2D19ABBF7700053E62 /* UIImage+Utility.h */,
				3CE46F2E19ABBF7700053E62 /* UIImage+Utility.m */,
				3CE46F2F19ABBF7700053E62 /* UILongPressGestureRecognizer+Utility.h */,
				3CE46F3019ABBF7700053E62 /* UILongPressGestureRecognizer+Utility.m */,
				3CE46F3119ABBF7700053E62 /* UIMenuController+Utility.h */,
				3CE46F3219ABBF7700053E62 /* UIMenuController+Utility.m */,
				3CE46F3319ABBF7700053E62 /* UIPanGestureRecognizer+Utility.h */,
				3CE46F3419ABBF7700053E62 /* UIPanGestureRecognizer+Utility.m */,
				3CE46F3519ABBF7700053E62 /* UIPinchGestureRecognizer+Utility.h */,
				3CE46F3619ABBF7700053E62 /* UIPinchGestureRecognizer+Utility.m */,
				3CE46F3719ABBF7700053E62 /* UIScrollView+Utility.h */,
				3CE46F3819ABBF7700053E62 /* UIScrollView+Utility.m */,
				3CE46F3919ABBF7700053E62 /* UIStoryboardSegue+Utility.h */,
				3CE46F3A19ABBF7700053E62 /* UIStoryboardSegue+Utility.m */,
				3CE46F3B19ABBF7700053E62 /* UITapGestureRecognizer+Utility.h */,
				3CE46F3C19ABBF7700053E62 /* UITapGestureRecognizer+Utility.m */,
				3CE46F3D19ABBF7700053E62 /* UITextField+Utility.h */,
				3CE46F3E19ABBF7700053E62 /* UITextField+Utility.m */,
				3CE46F3F19ABBF7700053E62 /* UIView+Utility.h */,
				3CE46F4019ABBF7700053E62 /* UIView+Utility.m */,
				3CE46F4119ABBF7700053E62 /* UIViewController+Utility.h */,
				3CE46F4219ABBF7700053E62 /* UIViewController+Utility.m */,
				3CE46F4319ABBF7700053E62 /* UIWebView+Utility.h */,
				3CE46F4419ABBF7700053E62 /* UIWebView+Utility.m */,
				3CDA952219F57E920009A367 /* UIApplication+Utility.h */,
				3CDA952319F57E920009A367 /* UIApplication+Utility.m */,
				3CDA953219F58E100009A367 /* NSCharacterSet+Utility.h */,
				3CDA953319F58E100009A367 /* NSCharacterSet+Utility.m */,
				3CDA953519F58E920009A367 /* UIBarItem+Utility.h */,
				3CDA953619F58E920009A367 /* UIBarItem+Utility.m */,
				3CCE7CE11A7742E900EB1C27 /* MFMailComposeViewController+Utility.h */,
				3CCE7CE21A7742E900EB1C27 /* MFMailComposeViewController+Utility.m */,
				3C0AFFC01A97D60E0020B9CD /* UIImagePickerController+Utility.h */,
				3C0AFFC11A97D60E0020B9CD /* UIImagePickerController+Utility.m */,
				3C0AFFC31A97DB6D0020B9CD /* ALAssetsLibrary+Utility.h */,
				3C0AFFC41A97DB6D0020B9CD /* ALAssetsLibrary+Utility.m */,
				3CE161901AB49125009E57C1 /* UIDevice+Utility.h */,
				3CE161911AB49125009E57C1 /* UIDevice+Utility.m */,
			);
			path = Utility;
			sourceTree = "<group>";
		};
		3CE46F4719ABBF7700053E62 /* View+Templating */ = {
			isa = PBXGroup;
			children = (
				3CE46F4819ABBF7700053E62 /* UIImageView+Templating.h */,
				3CE46F4919ABBF7700053E62 /* UIImageView+Templating.m */,
				3CE46F4A19ABBF7700053E62 /* UILabel+Templating.h */,
				3CE46F4B19ABBF7700053E62 /* UILabel+Templating.m */,
				3CE46F4C19ABBF7700053E62 /* UITextField+Templating.h */,
				3CE46F4D19ABBF7700053E62 /* UITextField+Templating.m */,
				3CE46F4E19ABBF7700053E62 /* UITextView+Templating.h */,
				3CE46F4F19ABBF7700053E62 /* UITextView+Templating.m */,
				3CE46F5019ABBF7700053E62 /* UIView+Templating.h */,
				3CE46F5119ABBF7700053E62 /* UIView+Templating.m */,
			);
			path = "View+Templating";
			sourceTree = "<group>";
		};
		3CE46F5319ABBF7700053E62 /* Views */ = {
			isa = PBXGroup;
			children = (
				3CE46F5419ABBF7700053E62 /* LaunchView.h */,
				3CE46F5519ABBF7700053E62 /* LaunchView.m */,
				3C38FC431A82DB1A00813A2B /* AutoloadWebView.h */,
				3C38FC441A82DB1A00813A2B /* AutoloadWebView.m */,
			);
			path = Views;
			sourceTree = "<group>";
		};
/* End PBXGroup section */

/* Begin PBXHeadersBuildPhase section */
		3C3CF7BF1AB3897300EEE0D6 /* Headers */ = {
			isa = PBXHeadersBuildPhase;
			buildActionMask = 2147483647;
			files = (
				3CE161BA1AB4931C009E57C1 /* UIViewController+Utility.h in Headers */,
				3CE161A81AB4931C009E57C1 /* NSManagedObjectContext+Utility.h in Headers */,
				3CE161C11AB4931C009E57C1 /* ALAssetsLibrary+Utility.h in Headers */,
				3CE161BB1AB4931C009E57C1 /* UIWebView+Utility.h in Headers */,
				3CE161F11AB493DD009E57C1 /* DDAssertMacros.h in Headers */,
				3CE161A01AB4930E009E57C1 /* UILabel+Templating.h in Headers */,
				3CE161F81AB493DD009E57C1 /* DDLogMacros.h in Headers */,
				3CE161F61AB493DD009E57C1 /* DDLog.h in Headers */,
				3CE161AF1AB4931C009E57C1 /* UIColor+Utility.h in Headers */,
				3CE161E71AB493DD009E57C1 /* CLIColor.h in Headers */,
				3CE161E91AB493DD009E57C1 /* CocoaLumberjack.h in Headers */,
				3CE161AD1AB4931C009E57C1 /* NSObject+Utility.h in Headers */,
				3CE161B41AB4931C009E57C1 /* UIPinchGestureRecognizer+Utility.h in Headers */,
				3CE161C81AB49327009E57C1 /* MissingSubclassOverrideException.h in Headers */,
				3CE161C71AB49322009E57C1 /* ZoomOutToRectSegue.h in Headers */,
				3CE161951AB492C5009E57C1 /* Config.h in Headers */,
				3CE161A21AB4930E009E57C1 /* UITextView+Templating.h in Headers */,
				3CE161921AB49125009E57C1 /* UIDevice+Utility.h in Headers */,
				3CE161BD1AB4931C009E57C1 /* NSCharacterSet+Utility.h in Headers */,
				3CE161AC1AB4931C009E57C1 /* NSNotification+Utility.h in Headers */,
				3CE161FB1AB493DD009E57C1 /* DDContextFilterLogFormatter.h in Headers */,
				3CE1617C1AB48FF1009E57C1 /* NSLogWrapper.h in Headers */,
				3CE161AA1AB4931C009E57C1 /* NSMutableDictionary+Utility.h in Headers */,
				3CE161FF1AB493DD009E57C1 /* DDMultiFormatter.h in Headers */,
				3CE161A91AB4931C009E57C1 /* NSMutableArray+Utility.h in Headers */,
				3CE1619B1AB492DD009E57C1 /* Views.h in Headers */,
				3CE161B71AB4931C009E57C1 /* UITapGestureRecognizer+Utility.h in Headers */,
				3CE161B01AB4931C009E57C1 /* UIImage+Utility.h in Headers */,
				3CE161AE1AB4931C009E57C1 /* NSString+Utility.h in Headers */,
				3CE161BC1AB4931C009E57C1 /* UIApplication+Utility.h in Headers */,
				3CE161BF1AB4931C009E57C1 /* MFMailComposeViewController+Utility.h in Headers */,
				3CE1618E1AB490D3009E57C1 /* ThirdPartyWrapper.h in Headers */,
				3CE161C31AB49322009E57C1 /* ReplaceLeftSegue.h in Headers */,
				3CE161B91AB4931C009E57C1 /* UIView+Utility.h in Headers */,
				3CE161971AB492DD009E57C1 /* Exceptions.h in Headers */,
				3C3CF8131AB38A5B00EEE0D6 /* Eunomia.h in Headers */,
				3CE1619A1AB492DD009E57C1 /* View+Templating.h in Headers */,
				3CE161C91AB4932C009E57C1 /* CoreDataStore.h in Headers */,
				3CE161A71AB4931C009E57C1 /* NSManagedObject+Utility.h in Headers */,
				3CE161F41AB493DD009E57C1 /* DDLegacyMacros.h in Headers */,
				3CE161C41AB49322009E57C1 /* ReplaceRightSegue.h in Headers */,
				3CE161C21AB49322009E57C1 /* ReplaceDownSegue.h in Headers */,
				3CE161B21AB4931C009E57C1 /* UIMenuController+Utility.h in Headers */,
				3CE161961AB492DD009E57C1 /* CoreData.h in Headers */,
				3CE161B11AB4931C009E57C1 /* UILongPressGestureRecognizer+Utility.h in Headers */,
				3CE161B61AB4931C009E57C1 /* UIStoryboardSegue+Utility.h in Headers */,
				3CE161A11AB4930E009E57C1 /* UITextField+Templating.h in Headers */,
				3CE161F91AB493DD009E57C1 /* DDTTYLogger.h in Headers */,
				3CE1619F1AB4930E009E57C1 /* UIImageView+Templating.h in Headers */,
				3CE161F51AB493DD009E57C1 /* DDLog+LOGV.h in Headers */,
				3CE161A31AB4930E009E57C1 /* UIView+Templating.h in Headers */,
				3CE1619E1AB492FF009E57C1 /* AutoloadWebView.h in Headers */,
				3CE161ED1AB493DD009E57C1 /* DDASLLogCapture.h in Headers */,
				3CE161A51AB4931C009E57C1 /* NSBundle+Utility.h in Headers */,
				3CE161991AB492DD009E57C1 /* Utility.h in Headers */,
				3CE161A61AB4931C009E57C1 /* NSFetchedResultsController+Utility.h in Headers */,
				3CE161B81AB4931C009E57C1 /* UITextField+Utility.h in Headers */,
				3CE1617E1AB48FF1009E57C1 /* VerboseDDLogFormatter.h in Headers */,
				3CE161AB1AB4931C009E57C1 /* NSMutableString+Utility.h in Headers */,
				3CE161981AB492DD009E57C1 /* Segues.h in Headers */,
				3CE161F21AB493DD009E57C1 /* DDFileLogger.h in Headers */,
				3CE161EF1AB493DD009E57C1 /* DDASLLogger.h in Headers */,
				3CE161FD1AB493DD009E57C1 /* DDDispatchQueueLogFormatter.h in Headers */,
				3CE1619C1AB492FF009E57C1 /* LaunchView.h in Headers */,
				3CE161C51AB49322009E57C1 /* ReplaceUpSegue.h in Headers */,
				3CE161BE1AB4931C009E57C1 /* UIBarItem+Utility.h in Headers */,
				3CE161B51AB4931C009E57C1 /* UIScrollView+Utility.h in Headers */,
				3CE161C61AB49322009E57C1 /* ZoomInFromRectSegue.h in Headers */,
				3CE161B31AB4931C009E57C1 /* UIPanGestureRecognizer+Utility.h in Headers */,
				3CE161EB1AB493DD009E57C1 /* DDAbstractDatabaseLogger.h in Headers */,
				3CE161C01AB4931C009E57C1 /* UIImagePickerController+Utility.h in Headers */,
				3CE161A41AB4931C009E57C1 /* JSContext+Utility.h in Headers */,
			);
			runOnlyForDeploymentPostprocessing = 0;
		};
/* End PBXHeadersBuildPhase section */

/* Begin PBXNativeTarget section */
		3C3CF7C11AB3897300EEE0D6 /* Eunomia */ = {
			isa = PBXNativeTarget;
			buildConfigurationList = 3C3CF7D51AB3897300EEE0D6 /* Build configuration list for PBXNativeTarget "Eunomia" */;
			buildPhases = (
				3C3CF7BD1AB3897300EEE0D6 /* Sources */,
				3C3CF7BE1AB3897300EEE0D6 /* Frameworks */,
				3C3CF7BF1AB3897300EEE0D6 /* Headers */,
				3C3CF7C01AB3897300EEE0D6 /* Resources */,
				3C0DC0611AB4989B00D32C10 /* CopyFiles */,
			);
			buildRules = (
			);
			dependencies = (
			);
			name = Eunomia;
			productName = Eunomia;
			productReference = 3C3CF7C21AB3897300EEE0D6 /* Eunomia.framework */;
			productType = "com.apple.product-type.framework";
		};
		3CE162041AB496DF009E57C1 /* EunomiaExample */ = {
			isa = PBXNativeTarget;
			buildConfigurationList = 3CE162251AB496DF009E57C1 /* Build configuration list for PBXNativeTarget "EunomiaExample" */;
			buildPhases = (
				3CE162011AB496DF009E57C1 /* Sources */,
				3CE162021AB496DF009E57C1 /* Frameworks */,
				3CE162031AB496DF009E57C1 /* Resources */,
			);
			buildRules = (
			);
			dependencies = (
			);
			name = EunomiaExample;
			productName = EunomiaExample;
			productReference = 3CE162051AB496DF009E57C1 /* EunomiaExample.app */;
			productType = "com.apple.product-type.application";
		};
/* End PBXNativeTarget section */

/* Begin PBXProject section */
		3CD18CF01964A60200DB8ED7 /* Project object */ = {
			isa = PBXProject;
			attributes = {
				LastUpgradeCheck = 0510;
				ORGANIZATIONNAME = Eunomia;
				TargetAttributes = {
					3C3CF7C11AB3897300EEE0D6 = {
						CreatedOnToolsVersion = 6.2;
					};
					3CE162041AB496DF009E57C1 = {
						CreatedOnToolsVersion = 6.2;
					};
				};
			};
			buildConfigurationList = 3CD18CF31964A60200DB8ED7 /* Build configuration list for PBXProject "Eunomia" */;
			compatibilityVersion = "Xcode 3.2";
			developmentRegion = English;
			hasScannedForEncodings = 0;
			knownRegions = (
				en,
				Base,
			);
			mainGroup = 3CD18CEF1964A60200DB8ED7;
			productRefGroup = 3CD18CF91964A60200DB8ED7 /* Products */;
			projectDirPath = "";
			projectRoot = "";
			targets = (
				3C3CF7C11AB3897300EEE0D6 /* Eunomia */,
				3CE162041AB496DF009E57C1 /* EunomiaExample */,
			);
		};
/* End PBXProject section */

/* Begin PBXResourcesBuildPhase section */
		3C3CF7C01AB3897300EEE0D6 /* Resources */ = {
			isa = PBXResourcesBuildPhase;
			buildActionMask = 2147483647;
			files = (
			);
			runOnlyForDeploymentPostprocessing = 0;
		};
		3CE162031AB496DF009E57C1 /* Resources */ = {
			isa = PBXResourcesBuildPhase;
			buildActionMask = 2147483647;
			files = (
				3CE162131AB496DF009E57C1 /* Main.storyboard in Resources */,
				3CE162181AB496DF009E57C1 /* LaunchScreen.xib in Resources */,
				3CE162151AB496DF009E57C1 /* Images.xcassets in Resources */,
			);
			runOnlyForDeploymentPostprocessing = 0;
		};
/* End PBXResourcesBuildPhase section */

/* Begin PBXSourcesBuildPhase section */
		3C3CF7BD1AB3897300EEE0D6 /* Sources */ = {
			isa = PBXSourcesBuildPhase;
			buildActionMask = 2147483647;
			files = (
				3C3CF7DD1AB389DB00EEE0D6 /* ReplaceDownSegue.m in Sources */,
				3C3CF7F11AB389E000EEE0D6 /* UIMenuController+Utility.m in Sources */,
				3CE161EE1AB493DD009E57C1 /* DDASLLogCapture.m in Sources */,
				3C3CF8001AB389E000EEE0D6 /* ALAssetsLibrary+Utility.m in Sources */,
				3C3CF7EF1AB389E000EEE0D6 /* UIImage+Utility.m in Sources */,
				3CE161FE1AB493DD009E57C1 /* DDDispatchQueueLogFormatter.m in Sources */,
				3C3CF7F51AB389E000EEE0D6 /* UIStoryboardSegue+Utility.m in Sources */,
				3CE161F71AB493DD009E57C1 /* DDLog.m in Sources */,
				3C3CF7FA1AB389E000EEE0D6 /* UIWebView+Utility.m in Sources */,
				3C3CF7FD1AB389E000EEE0D6 /* UIBarItem+Utility.m in Sources */,
				3C3CF7FE1AB389E000EEE0D6 /* MFMailComposeViewController+Utility.m in Sources */,
				3CE1618F1AB490D3009E57C1 /* ThirdPartyWrapper.m in Sources */,
				3CE1617F1AB48FF1009E57C1 /* VerboseDDLogFormatter.m in Sources */,
				3C3CF7E71AB389E000EEE0D6 /* NSManagedObjectContext+Utility.m in Sources */,
				3C3CF7E11AB389DB00EEE0D6 /* ZoomInFromRectSegue.m in Sources */,
				3C3CF7E01AB389DB00EEE0D6 /* ReplaceUpSegue.m in Sources */,
				3C3CF7F81AB389E000EEE0D6 /* UIView+Utility.m in Sources */,
				3CE161EC1AB493DD009E57C1 /* DDAbstractDatabaseLogger.m in Sources */,
				3C3CF8041AB389E900EEE0D6 /* UITextField+Templating.m in Sources */,
				3C3CF7EE1AB389E000EEE0D6 /* UIColor+Utility.m in Sources */,
				3C3CF7FC1AB389E000EEE0D6 /* NSCharacterSet+Utility.m in Sources */,
				3C3CF7FB1AB389E000EEE0D6 /* UIApplication+Utility.m in Sources */,
				3CE161FA1AB493DD009E57C1 /* DDTTYLogger.m in Sources */,
				3C3CF7EC1AB389E000EEE0D6 /* NSObject+Utility.m in Sources */,
				3CE162001AB493DD009E57C1 /* DDMultiFormatter.m in Sources */,
				3C3CF7F41AB389E000EEE0D6 /* UIScrollView+Utility.m in Sources */,
				3C3CF7F31AB389E000EEE0D6 /* UIPinchGestureRecognizer+Utility.m in Sources */,
				3CE161FC1AB493DD009E57C1 /* DDContextFilterLogFormatter.m in Sources */,
				3CE161F01AB493DD009E57C1 /* DDASLLogger.m in Sources */,
				3C3CF8071AB389EF00EEE0D6 /* LaunchView.m in Sources */,
				3CE161F31AB493DD009E57C1 /* DDFileLogger.m in Sources */,
				3C3CF7DF1AB389DB00EEE0D6 /* ReplaceRightSegue.m in Sources */,
				3C3CF7EB1AB389E000EEE0D6 /* NSNotification+Utility.m in Sources */,
				3C3CF7EA1AB389E000EEE0D6 /* NSMutableString+Utility.m in Sources */,
				3C3CF7FF1AB389E000EEE0D6 /* UIImagePickerController+Utility.m in Sources */,
				3CE161E81AB493DD009E57C1 /* CLIColor.m in Sources */,
				3C3CF7DE1AB389DB00EEE0D6 /* ReplaceLeftSegue.m in Sources */,
				3C3CF7F71AB389E000EEE0D6 /* UITextField+Utility.m in Sources */,
				3C3CF7E81AB389E000EEE0D6 /* NSMutableArray+Utility.m in Sources */,
				3CE161931AB49125009E57C1 /* UIDevice+Utility.m in Sources */,
				3C3CF8011AB389E400EEE0D6 /* Utility.m in Sources */,
				3C3CF8091AB389EF00EEE0D6 /* AutoloadWebView.m in Sources */,
				3C3CF8061AB389E900EEE0D6 /* UIView+Templating.m in Sources */,
				3C3CF7F61AB389E000EEE0D6 /* UITapGestureRecognizer+Utility.m in Sources */,
				3C3CF7E41AB389E000EEE0D6 /* NSBundle+Utility.m in Sources */,
				3C3CF7E51AB389E000EEE0D6 /* NSFetchedResultsController+Utility.m in Sources */,
				3C3CF7F91AB389E000EEE0D6 /* UIViewController+Utility.m in Sources */,
				3C3CF8051AB389E900EEE0D6 /* UITextView+Templating.m in Sources */,
				3C3CF7E31AB389E000EEE0D6 /* JSContext+Utility.m in Sources */,
				3C3CF8021AB389E900EEE0D6 /* UIImageView+Templating.m in Sources */,
				3C3CF7E91AB389E000EEE0D6 /* NSMutableDictionary+Utility.m in Sources */,
				3C3CF7F01AB389E000EEE0D6 /* UILongPressGestureRecognizer+Utility.m in Sources */,
				3CE1617D1AB48FF1009E57C1 /* NSLogWrapper.m in Sources */,
				3C3CF7E61AB389E000EEE0D6 /* NSManagedObject+Utility.m in Sources */,
				3C3CF7ED1AB389E000EEE0D6 /* NSString+Utility.m in Sources */,
				3C3CF7F21AB389E000EEE0D6 /* UIPanGestureRecognizer+Utility.m in Sources */,
				3C3CF7DC1AB389D700EEE0D6 /* MissingSubclassOverrideException.m in Sources */,
				3C3CF7E21AB389DB00EEE0D6 /* ZoomOutToRectSegue.m in Sources */,
				3C3CF7DB1AB389D700EEE0D6 /* CoreDataStore.m in Sources */,
				3C3CF8031AB389E900EEE0D6 /* UILabel+Templating.m in Sources */,
			);
			runOnlyForDeploymentPostprocessing = 0;
		};
		3CE162011AB496DF009E57C1 /* Sources */ = {
			isa = PBXSourcesBuildPhase;
			buildActionMask = 2147483647;
			files = (
				3C0DC0971AB49AD900D32C10 /* ViewController.m in Sources */,
				3C0DC0961AB49AD900D32C10 /* AppDelegate.m in Sources */,
				3CE1620A1AB496DF009E57C1 /* main.m in Sources */,
			);
			runOnlyForDeploymentPostprocessing = 0;
		};
/* End PBXSourcesBuildPhase section */

/* Begin PBXVariantGroup section */
		3CE162111AB496DF009E57C1 /* Main.storyboard */ = {
			isa = PBXVariantGroup;
			children = (
				3CE162121AB496DF009E57C1 /* Base */,
			);
			name = Main.storyboard;
			sourceTree = "<group>";
		};
		3CE162161AB496DF009E57C1 /* LaunchScreen.xib */ = {
			isa = PBXVariantGroup;
			children = (
				3CE162171AB496DF009E57C1 /* Base */,
			);
			name = LaunchScreen.xib;
			sourceTree = "<group>";
		};
/* End PBXVariantGroup section */

/* Begin XCBuildConfiguration section */
		3C3CF7D61AB3897300EEE0D6 /* Debug */ = {
			isa = XCBuildConfiguration;
			buildSettings = {
				CLANG_WARN_UNREACHABLE_CODE = YES;
				"CODE_SIGN_IDENTITY[sdk=iphoneos*]" = "iPhone Developer";
				CURRENT_PROJECT_VERSION = 1;
				DEFINES_MODULE = YES;
				DYLIB_COMPATIBILITY_VERSION = 1;
				DYLIB_CURRENT_VERSION = 1;
				DYLIB_INSTALL_NAME_BASE = "@rpath";
				ENABLE_STRICT_OBJC_MSGSEND = YES;
				FRAMEWORK_SEARCH_PATHS = (
					"$(inherited)",
					"$(PROJECT_DIR)/Carthage/Build/iOS",
				);
				GCC_PREPROCESSOR_DEFINITIONS = (
					"DEBUG=1",
					"$(inherited)",
				);
				INFOPLIST_FILE = Source/Framework/Info.plist;
				INSTALL_PATH = "$(LOCAL_LIBRARY_DIR)/Frameworks";
				IPHONEOS_DEPLOYMENT_TARGET = 8.2;
				LD_RUNPATH_SEARCH_PATHS = "$(inherited) @executable_path/Frameworks @loader_path/Frameworks";
				MTL_ENABLE_DEBUG_INFO = YES;
				PRODUCT_NAME = "$(TARGET_NAME)";
				SKIP_INSTALL = YES;
				TARGETED_DEVICE_FAMILY = "1,2";
				VERSIONING_SYSTEM = "apple-generic";
				VERSION_INFO_PREFIX = "";
			};
			name = Debug;
		};
		3C3CF7D71AB3897300EEE0D6 /* Release */ = {
			isa = XCBuildConfiguration;
			buildSettings = {
				CLANG_WARN_UNREACHABLE_CODE = YES;
				"CODE_SIGN_IDENTITY[sdk=iphoneos*]" = "iPhone Developer";
				COPY_PHASE_STRIP = NO;
				CURRENT_PROJECT_VERSION = 1;
				DEFINES_MODULE = YES;
				DYLIB_COMPATIBILITY_VERSION = 1;
				DYLIB_CURRENT_VERSION = 1;
				DYLIB_INSTALL_NAME_BASE = "@rpath";
				ENABLE_STRICT_OBJC_MSGSEND = YES;
				FRAMEWORK_SEARCH_PATHS = (
					"$(inherited)",
					"$(PROJECT_DIR)/Carthage/Build/iOS",
				);
				INFOPLIST_FILE = Source/Framework/Info.plist;
				INSTALL_PATH = "$(LOCAL_LIBRARY_DIR)/Frameworks";
				IPHONEOS_DEPLOYMENT_TARGET = 8.2;
				LD_RUNPATH_SEARCH_PATHS = "$(inherited) @executable_path/Frameworks @loader_path/Frameworks";
				MTL_ENABLE_DEBUG_INFO = NO;
				PRODUCT_NAME = "$(TARGET_NAME)";
				SKIP_INSTALL = YES;
				TARGETED_DEVICE_FAMILY = "1,2";
				VERSIONING_SYSTEM = "apple-generic";
				VERSION_INFO_PREFIX = "";
			};
			name = Release;
		};
		3CD18D191964A60200DB8ED7 /* Debug */ = {
			isa = XCBuildConfiguration;
			buildSettings = {
				ALWAYS_SEARCH_USER_PATHS = NO;
				CLANG_CXX_LANGUAGE_STANDARD = "gnu++0x";
				CLANG_CXX_LIBRARY = "libc++";
				CLANG_ENABLE_MODULES = YES;
				CLANG_ENABLE_OBJC_ARC = YES;
				CLANG_WARN_BOOL_CONVERSION = YES;
				CLANG_WARN_CONSTANT_CONVERSION = YES;
				CLANG_WARN_DIRECT_OBJC_ISA_USAGE = YES_ERROR;
				CLANG_WARN_EMPTY_BODY = YES;
				CLANG_WARN_ENUM_CONVERSION = YES;
				CLANG_WARN_INT_CONVERSION = YES;
				CLANG_WARN_OBJC_ROOT_CLASS = YES_ERROR;
				CLANG_WARN__DUPLICATE_METHOD_MATCH = YES;
				COPY_PHASE_STRIP = NO;
				GCC_C_LANGUAGE_STANDARD = gnu99;
				GCC_DYNAMIC_NO_PIC = NO;
				GCC_OPTIMIZATION_LEVEL = 0;
				GCC_PREPROCESSOR_DEFINITIONS = (
					"DEBUG=1",
					"$(inherited)",
				);
				GCC_SYMBOLS_PRIVATE_EXTERN = NO;
				GCC_WARN_64_TO_32_BIT_CONVERSION = YES;
				GCC_WARN_ABOUT_RETURN_TYPE = YES_ERROR;
				GCC_WARN_UNDECLARED_SELECTOR = YES;
				GCC_WARN_UNINITIALIZED_AUTOS = YES_AGGRESSIVE;
				GCC_WARN_UNUSED_FUNCTION = YES;
				GCC_WARN_UNUSED_VARIABLE = YES;
				IPHONEOS_DEPLOYMENT_TARGET = 8.0;
				ONLY_ACTIVE_ARCH = YES;
				SDKROOT = iphoneos;
			};
			name = Debug;
		};
		3CD18D1A1964A60200DB8ED7 /* Release */ = {
			isa = XCBuildConfiguration;
			buildSettings = {
				ALWAYS_SEARCH_USER_PATHS = NO;
				CLANG_CXX_LANGUAGE_STANDARD = "gnu++0x";
				CLANG_CXX_LIBRARY = "libc++";
				CLANG_ENABLE_MODULES = YES;
				CLANG_ENABLE_OBJC_ARC = YES;
				CLANG_WARN_BOOL_CONVERSION = YES;
				CLANG_WARN_CONSTANT_CONVERSION = YES;
				CLANG_WARN_DIRECT_OBJC_ISA_USAGE = YES_ERROR;
				CLANG_WARN_EMPTY_BODY = YES;
				CLANG_WARN_ENUM_CONVERSION = YES;
				CLANG_WARN_INT_CONVERSION = YES;
				CLANG_WARN_OBJC_ROOT_CLASS = YES_ERROR;
				CLANG_WARN__DUPLICATE_METHOD_MATCH = YES;
				COPY_PHASE_STRIP = YES;
				ENABLE_NS_ASSERTIONS = NO;
				GCC_C_LANGUAGE_STANDARD = gnu99;
				GCC_WARN_64_TO_32_BIT_CONVERSION = YES;
				GCC_WARN_ABOUT_RETURN_TYPE = YES_ERROR;
				GCC_WARN_UNDECLARED_SELECTOR = YES;
				GCC_WARN_UNINITIALIZED_AUTOS = YES_AGGRESSIVE;
				GCC_WARN_UNUSED_FUNCTION = YES;
				GCC_WARN_UNUSED_VARIABLE = YES;
				IPHONEOS_DEPLOYMENT_TARGET = 8.0;
				SDKROOT = iphoneos;
				VALIDATE_PRODUCT = YES;
			};
			name = Release;
		};
		3CE162261AB496DF009E57C1 /* Debug */ = {
			isa = XCBuildConfiguration;
			buildSettings = {
				ASSETCATALOG_COMPILER_APPICON_NAME = AppIcon;
				CLANG_WARN_UNREACHABLE_CODE = YES;
				"CODE_SIGN_IDENTITY[sdk=iphoneos*]" = "iPhone Developer";
				ENABLE_STRICT_OBJC_MSGSEND = YES;
				GCC_PREPROCESSOR_DEFINITIONS = (
					"DEBUG=1",
					"$(inherited)",
				);
				INFOPLIST_FILE = "$(SRCROOT)/Example/Info.plist";
				IPHONEOS_DEPLOYMENT_TARGET = 8.2;
				LD_RUNPATH_SEARCH_PATHS = "$(inherited) @executable_path/Frameworks";
				MTL_ENABLE_DEBUG_INFO = YES;
				PRODUCT_NAME = "$(TARGET_NAME)";
				TARGETED_DEVICE_FAMILY = "1,2";
			};
			name = Debug;
		};
		3CE162271AB496DF009E57C1 /* Release */ = {
			isa = XCBuildConfiguration;
			buildSettings = {
				ASSETCATALOG_COMPILER_APPICON_NAME = AppIcon;
				CLANG_WARN_UNREACHABLE_CODE = YES;
				"CODE_SIGN_IDENTITY[sdk=iphoneos*]" = "iPhone Developer";
				COPY_PHASE_STRIP = NO;
				ENABLE_STRICT_OBJC_MSGSEND = YES;
				INFOPLIST_FILE = "$(SRCROOT)/Example/Info.plist";
				IPHONEOS_DEPLOYMENT_TARGET = 8.2;
				LD_RUNPATH_SEARCH_PATHS = "$(inherited) @executable_path/Frameworks";
				MTL_ENABLE_DEBUG_INFO = NO;
				PRODUCT_NAME = "$(TARGET_NAME)";
				TARGETED_DEVICE_FAMILY = "1,2";
			};
			name = Release;
		};
/* End XCBuildConfiguration section */

/* Begin XCConfigurationList section */
		3C3CF7D51AB3897300EEE0D6 /* Build configuration list for PBXNativeTarget "Eunomia" */ = {
			isa = XCConfigurationList;
			buildConfigurations = (
				3C3CF7D61AB3897300EEE0D6 /* Debug */,
				3C3CF7D71AB3897300EEE0D6 /* Release */,
			);
			defaultConfigurationIsVisible = 0;
			defaultConfigurationName = Release;
		};
		3CD18CF31964A60200DB8ED7 /* Build configuration list for PBXProject "Eunomia" */ = {
			isa = XCConfigurationList;
			buildConfigurations = (
				3CD18D191964A60200DB8ED7 /* Debug */,
				3CD18D1A1964A60200DB8ED7 /* Release */,
			);
			defaultConfigurationIsVisible = 0;
			defaultConfigurationName = Release;
		};
		3CE162251AB496DF009E57C1 /* Build configuration list for PBXNativeTarget "EunomiaExample" */ = {
			isa = XCConfigurationList;
			buildConfigurations = (
				3CE162261AB496DF009E57C1 /* Debug */,
				3CE162271AB496DF009E57C1 /* Release */,
			);
			defaultConfigurationIsVisible = 0;
			defaultConfigurationName = Release;
		};
/* End XCConfigurationList section */
	};
	rootObject = 3CD18CF01964A60200DB8ED7 /* Project object */;
}
