// !$*UTF8*$!
{
	archiveVersion = 1;
	classes = {
	};
	objectVersion = 46;
	objects = {

/* Begin PBXBuildFile section */
		06FA48E2BDB5D56009673A8A /* libPods-Pod Test.a in Frameworks */ = {isa = PBXBuildFile; fileRef = ACC9B502B95107A74DA306F2 /* libPods-Pod Test.a */; };
		30D98CC76E8E4F04885388B0 /* libPods-Full Build Test.a in Frameworks */ = {isa = PBXBuildFile; fileRef = FCD399F081174AEC9BC9B1B2 /* libPods-Full Build Test.a */; };
		3C160A7F1A449E6500B2C4C8 /* CMMotionManager+Utility.m in Sources */ = {isa = PBXBuildFile; fileRef = 3C160A7E1A449E6500B2C4C8 /* CMMotionManager+Utility.m */; };
		3C160A891A44A17B00B2C4C8 /* main.m in Sources */ = {isa = PBXBuildFile; fileRef = 3C160A881A44A17B00B2C4C8 /* main.m */; };
		3C160A8C1A44A17B00B2C4C8 /* AppDelegate.m in Sources */ = {isa = PBXBuildFile; fileRef = 3C160A8B1A44A17B00B2C4C8 /* AppDelegate.m */; };
		3C160A8F1A44A17B00B2C4C8 /* ViewController.m in Sources */ = {isa = PBXBuildFile; fileRef = 3C160A8E1A44A17B00B2C4C8 /* ViewController.m */; };
		3C160A921A44A17B00B2C4C8 /* Main.storyboard in Resources */ = {isa = PBXBuildFile; fileRef = 3C160A901A44A17B00B2C4C8 /* Main.storyboard */; };
		3C160A941A44A17B00B2C4C8 /* Images.xcassets in Resources */ = {isa = PBXBuildFile; fileRef = 3C160A931A44A17B00B2C4C8 /* Images.xcassets */; };
		3C160A971A44A17B00B2C4C8 /* LaunchScreen.xib in Resources */ = {isa = PBXBuildFile; fileRef = 3C160A951A44A17B00B2C4C8 /* LaunchScreen.xib */; };
		3C160AAA1A44A30500B2C4C8 /* libEunomia.a in Frameworks */ = {isa = PBXBuildFile; fileRef = 3CD18D631964A7B100DB8ED7 /* libEunomia.a */; };
		3C371BD719853F4E008503FE /* UITextView+TemplatingSpec.m in Sources */ = {isa = PBXBuildFile; fileRef = 3C371BD519853F4E008503FE /* UITextView+TemplatingSpec.m */; };
		3C371BD819853F4E008503FE /* UIView+TemplatingSpec.m in Sources */ = {isa = PBXBuildFile; fileRef = 3C371BD619853F4E008503FE /* UIView+TemplatingSpec.m */; };
		3C371BDB19854EBE008503FE /* LaunchViewSpec.m in Sources */ = {isa = PBXBuildFile; fileRef = 3C371BDA19854EBE008503FE /* LaunchViewSpec.m */; };
		3C741E04198F34BE00461822 /* ThirdPartyWrapper.m in Sources */ = {isa = PBXBuildFile; fileRef = 3C741E03198F34BE00461822 /* ThirdPartyWrapper.m */; };
		3C741E09198F36BD00461822 /* VerboseDDLogFormatter.m in Sources */ = {isa = PBXBuildFile; fileRef = 3C741E08198F36BD00461822 /* VerboseDDLogFormatter.m */; };
		3C9D42771A77E73D00477177 /* NSLogWrapper.m in Sources */ = {isa = PBXBuildFile; fileRef = 3C9D42761A77E73D00477177 /* NSLogWrapper.m */; };
		3CCE7CE31A7742E900EB1C27 /* MFMailComposeViewController+Utility.m in Sources */ = {isa = PBXBuildFile; fileRef = 3CCE7CE21A7742E900EB1C27 /* MFMailComposeViewController+Utility.m */; };
		3CD18D641964A7B100DB8ED7 /* Foundation.framework in Frameworks */ = {isa = PBXBuildFile; fileRef = 3CD18CFB1964A60200DB8ED7 /* Foundation.framework */; };
		3CD18D721964A7B100DB8ED7 /* Foundation.framework in Frameworks */ = {isa = PBXBuildFile; fileRef = 3CD18CFB1964A60200DB8ED7 /* Foundation.framework */; };
		3CD18D731964A7B100DB8ED7 /* UIKit.framework in Frameworks */ = {isa = PBXBuildFile; fileRef = 3CD18D0C1964A60200DB8ED7 /* UIKit.framework */; };
		3CD18D761964A7B100DB8ED7 /* libEunomia.a in Frameworks */ = {isa = PBXBuildFile; fileRef = 3CD18D631964A7B100DB8ED7 /* libEunomia.a */; };
		3CD18D7C1964A7B100DB8ED7 /* InfoPlist.strings in Resources */ = {isa = PBXBuildFile; fileRef = 3CD18D7A1964A7B100DB8ED7 /* InfoPlist.strings */; };
		3CDA952419F57E920009A367 /* UIApplication+Utility.m in Sources */ = {isa = PBXBuildFile; fileRef = 3CDA952319F57E920009A367 /* UIApplication+Utility.m */; };
		3CDA953419F58E100009A367 /* NSCharacterSet+Utility.m in Sources */ = {isa = PBXBuildFile; fileRef = 3CDA953319F58E100009A367 /* NSCharacterSet+Utility.m */; };
		3CDA953719F58E920009A367 /* UIBarItem+Utility.m in Sources */ = {isa = PBXBuildFile; fileRef = 3CDA953619F58E920009A367 /* UIBarItem+Utility.m */; };
		3CE46F5719ABBF7700053E62 /* CoreDataStore.m in Sources */ = {isa = PBXBuildFile; fileRef = 3CE46F0019ABBF7700053E62 /* CoreDataStore.m */; };
		3CE46F5819ABBF7700053E62 /* MissingSubclassOverrideException.m in Sources */ = {isa = PBXBuildFile; fileRef = 3CE46F0419ABBF7700053E62 /* MissingSubclassOverrideException.m */; };
		3CE46F5919ABBF7700053E62 /* ReplaceDownSegue.m in Sources */ = {isa = PBXBuildFile; fileRef = 3CE46F0819ABBF7700053E62 /* ReplaceDownSegue.m */; };
		3CE46F5A19ABBF7700053E62 /* ReplaceLeftSegue.m in Sources */ = {isa = PBXBuildFile; fileRef = 3CE46F0A19ABBF7700053E62 /* ReplaceLeftSegue.m */; };
		3CE46F5B19ABBF7700053E62 /* ReplaceRightSegue.m in Sources */ = {isa = PBXBuildFile; fileRef = 3CE46F0C19ABBF7700053E62 /* ReplaceRightSegue.m */; };
		3CE46F5C19ABBF7700053E62 /* ReplaceUpSegue.m in Sources */ = {isa = PBXBuildFile; fileRef = 3CE46F0E19ABBF7700053E62 /* ReplaceUpSegue.m */; };
		3CE46F5D19ABBF7700053E62 /* ZoomInFromRectSegue.m in Sources */ = {isa = PBXBuildFile; fileRef = 3CE46F1019ABBF7700053E62 /* ZoomInFromRectSegue.m */; };
		3CE46F5E19ABBF7700053E62 /* ZoomOutToRectSegue.m in Sources */ = {isa = PBXBuildFile; fileRef = 3CE46F1219ABBF7700053E62 /* ZoomOutToRectSegue.m */; };
		3CE46F5F19ABBF7700053E62 /* JSContext+Utility.m in Sources */ = {isa = PBXBuildFile; fileRef = 3CE46F1619ABBF7700053E62 /* JSContext+Utility.m */; };
		3CE46F6019ABBF7700053E62 /* NSBundle+Utility.m in Sources */ = {isa = PBXBuildFile; fileRef = 3CE46F1819ABBF7700053E62 /* NSBundle+Utility.m */; };
		3CE46F6119ABBF7700053E62 /* NSFetchedResultsController+Utility.m in Sources */ = {isa = PBXBuildFile; fileRef = 3CE46F1A19ABBF7700053E62 /* NSFetchedResultsController+Utility.m */; };
		3CE46F6219ABBF7700053E62 /* NSManagedObject+Utility.m in Sources */ = {isa = PBXBuildFile; fileRef = 3CE46F1C19ABBF7700053E62 /* NSManagedObject+Utility.m */; };
		3CE46F6319ABBF7700053E62 /* NSManagedObjectContext+Utility.m in Sources */ = {isa = PBXBuildFile; fileRef = 3CE46F1E19ABBF7700053E62 /* NSManagedObjectContext+Utility.m */; };
		3CE46F6419ABBF7700053E62 /* NSMutableArray+Utility.m in Sources */ = {isa = PBXBuildFile; fileRef = 3CE46F2019ABBF7700053E62 /* NSMutableArray+Utility.m */; };
		3CE46F6519ABBF7700053E62 /* NSMutableDictionary+Utility.m in Sources */ = {isa = PBXBuildFile; fileRef = 3CE46F2219ABBF7700053E62 /* NSMutableDictionary+Utility.m */; };
		3CE46F6619ABBF7700053E62 /* NSMutableString+Utility.m in Sources */ = {isa = PBXBuildFile; fileRef = 3CE46F2419ABBF7700053E62 /* NSMutableString+Utility.m */; };
		3CE46F6719ABBF7700053E62 /* NSNotification+Utility.m in Sources */ = {isa = PBXBuildFile; fileRef = 3CE46F2619ABBF7700053E62 /* NSNotification+Utility.m */; };
		3CE46F6819ABBF7700053E62 /* NSObject+Utility.m in Sources */ = {isa = PBXBuildFile; fileRef = 3CE46F2819ABBF7700053E62 /* NSObject+Utility.m */; };
		3CE46F6919ABBF7700053E62 /* NSString+Utility.m in Sources */ = {isa = PBXBuildFile; fileRef = 3CE46F2A19ABBF7700053E62 /* NSString+Utility.m */; };
		3CE46F6A19ABBF7700053E62 /* UIColor+Utility.m in Sources */ = {isa = PBXBuildFile; fileRef = 3CE46F2C19ABBF7700053E62 /* UIColor+Utility.m */; };
		3CE46F6B19ABBF7700053E62 /* UIImage+Utility.m in Sources */ = {isa = PBXBuildFile; fileRef = 3CE46F2E19ABBF7700053E62 /* UIImage+Utility.m */; };
		3CE46F6C19ABBF7700053E62 /* UILongPressGestureRecognizer+Utility.m in Sources */ = {isa = PBXBuildFile; fileRef = 3CE46F3019ABBF7700053E62 /* UILongPressGestureRecognizer+Utility.m */; };
		3CE46F6D19ABBF7700053E62 /* UIMenuController+Utility.m in Sources */ = {isa = PBXBuildFile; fileRef = 3CE46F3219ABBF7700053E62 /* UIMenuController+Utility.m */; };
		3CE46F6E19ABBF7700053E62 /* UIPanGestureRecognizer+Utility.m in Sources */ = {isa = PBXBuildFile; fileRef = 3CE46F3419ABBF7700053E62 /* UIPanGestureRecognizer+Utility.m */; };
		3CE46F6F19ABBF7700053E62 /* UIPinchGestureRecognizer+Utility.m in Sources */ = {isa = PBXBuildFile; fileRef = 3CE46F3619ABBF7700053E62 /* UIPinchGestureRecognizer+Utility.m */; };
		3CE46F7019ABBF7700053E62 /* UIScrollView+Utility.m in Sources */ = {isa = PBXBuildFile; fileRef = 3CE46F3819ABBF7700053E62 /* UIScrollView+Utility.m */; };
		3CE46F7119ABBF7700053E62 /* UIStoryboardSegue+Utility.m in Sources */ = {isa = PBXBuildFile; fileRef = 3CE46F3A19ABBF7700053E62 /* UIStoryboardSegue+Utility.m */; };
		3CE46F7219ABBF7700053E62 /* UITapGestureRecognizer+Utility.m in Sources */ = {isa = PBXBuildFile; fileRef = 3CE46F3C19ABBF7700053E62 /* UITapGestureRecognizer+Utility.m */; };
		3CE46F7319ABBF7700053E62 /* UITextField+Utility.m in Sources */ = {isa = PBXBuildFile; fileRef = 3CE46F3E19ABBF7700053E62 /* UITextField+Utility.m */; };
		3CE46F7419ABBF7700053E62 /* UIView+Utility.m in Sources */ = {isa = PBXBuildFile; fileRef = 3CE46F4019ABBF7700053E62 /* UIView+Utility.m */; };
		3CE46F7519ABBF7700053E62 /* UIViewController+Utility.m in Sources */ = {isa = PBXBuildFile; fileRef = 3CE46F4219ABBF7700053E62 /* UIViewController+Utility.m */; };
		3CE46F7619ABBF7700053E62 /* UIWebView+Utility.m in Sources */ = {isa = PBXBuildFile; fileRef = 3CE46F4419ABBF7700053E62 /* UIWebView+Utility.m */; };
		3CE46F7719ABBF7700053E62 /* Utility.m in Sources */ = {isa = PBXBuildFile; fileRef = 3CE46F4619ABBF7700053E62 /* Utility.m */; };
		3CE46F7819ABBF7700053E62 /* UIImageView+Templating.m in Sources */ = {isa = PBXBuildFile; fileRef = 3CE46F4919ABBF7700053E62 /* UIImageView+Templating.m */; };
		3CE46F7919ABBF7700053E62 /* UILabel+Templating.m in Sources */ = {isa = PBXBuildFile; fileRef = 3CE46F4B19ABBF7700053E62 /* UILabel+Templating.m */; };
		3CE46F7A19ABBF7700053E62 /* UITextField+Templating.m in Sources */ = {isa = PBXBuildFile; fileRef = 3CE46F4D19ABBF7700053E62 /* UITextField+Templating.m */; };
		3CE46F7B19ABBF7700053E62 /* UITextView+Templating.m in Sources */ = {isa = PBXBuildFile; fileRef = 3CE46F4F19ABBF7700053E62 /* UITextView+Templating.m */; };
		3CE46F7C19ABBF7700053E62 /* UIView+Templating.m in Sources */ = {isa = PBXBuildFile; fileRef = 3CE46F5119ABBF7700053E62 /* UIView+Templating.m */; };
		3CE46F7D19ABBF7700053E62 /* LaunchView.m in Sources */ = {isa = PBXBuildFile; fileRef = 3CE46F5519ABBF7700053E62 /* LaunchView.m */; };
		3CE46F8119ABC09300053E62 /* ARAnalytics+Utility.m in Sources */ = {isa = PBXBuildFile; fileRef = 3CE46F8019ABC09300053E62 /* ARAnalytics+Utility.m */; };
		3CE46F8719ABC4B600053E62 /* SSBaseDataSource+Utility.m in Sources */ = {isa = PBXBuildFile; fileRef = 3CE46F8619ABC4B600053E62 /* SSBaseDataSource+Utility.m */; };
		3CEE65D5199A69E2000E1278 /* main.m in Sources */ = {isa = PBXBuildFile; fileRef = 3CEE65D4199A69E2000E1278 /* main.m */; };
		3CEE65D8199A69E2000E1278 /* AppDelegate.m in Sources */ = {isa = PBXBuildFile; fileRef = 3CEE65D7199A69E2000E1278 /* AppDelegate.m */; };
		3CEE65DB199A69E2000E1278 /* ViewController.m in Sources */ = {isa = PBXBuildFile; fileRef = 3CEE65DA199A69E2000E1278 /* ViewController.m */; };
		3CEE65DE199A69E2000E1278 /* Main.storyboard in Resources */ = {isa = PBXBuildFile; fileRef = 3CEE65DC199A69E2000E1278 /* Main.storyboard */; };
		3CEE65E0199A69E2000E1278 /* Images.xcassets in Resources */ = {isa = PBXBuildFile; fileRef = 3CEE65DF199A69E2000E1278 /* Images.xcassets */; };
		562B8A345D334E2898C55449 /* libPods-Eunomia.a in Frameworks */ = {isa = PBXBuildFile; fileRef = 2381F8D0AE474350B5D433E7 /* libPods-Eunomia.a */; };
		CBD31D6B4C9D483197639183 /* libPods-EunomiaTests.a in Frameworks */ = {isa = PBXBuildFile; fileRef = AA5B461D423C4CF789732C85 /* libPods-EunomiaTests.a */; };
/* End PBXBuildFile section */

/* Begin PBXContainerItemProxy section */
		3C7F5DA41984AD800045F919 /* PBXContainerItemProxy */ = {
			isa = PBXContainerItemProxy;
			containerPortal = 3CD18CF01964A60200DB8ED7 /* Project object */;
			proxyType = 1;
			remoteGlobalIDString = 3CD18D621964A7B100DB8ED7;
			remoteInfo = Eunomia;
		};
		3CD18D741964A7B100DB8ED7 /* PBXContainerItemProxy */ = {
			isa = PBXContainerItemProxy;
			containerPortal = 3CD18CF01964A60200DB8ED7 /* Project object */;
			proxyType = 1;
			remoteGlobalIDString = 3CD18D621964A7B100DB8ED7;
			remoteInfo = Eunomia;
		};
		3CEE65F3199A6BA1000E1278 /* PBXContainerItemProxy */ = {
			isa = PBXContainerItemProxy;
			containerPortal = 3CD18CF01964A60200DB8ED7 /* Project object */;
			proxyType = 1;
			remoteGlobalIDString = 3CD18D621964A7B100DB8ED7;
			remoteInfo = Eunomia;
		};
/* End PBXContainerItemProxy section */

/* Begin PBXCopyFilesBuildPhase section */
		3CD18D611964A7B100DB8ED7 /* CopyFiles */ = {
			isa = PBXCopyFilesBuildPhase;
			buildActionMask = 2147483647;
			dstPath = "include/$(PRODUCT_NAME)";
			dstSubfolderSpec = 16;
			files = (
			);
			runOnlyForDeploymentPostprocessing = 0;
		};
/* End PBXCopyFilesBuildPhase section */

/* Begin PBXFileReference section */
		2381F8D0AE474350B5D433E7 /* libPods-Eunomia.a */ = {isa = PBXFileReference; explicitFileType = archive.ar; includeInIndex = 0; path = "libPods-Eunomia.a"; sourceTree = BUILT_PRODUCTS_DIR; };
		3C160A7D1A449E6500B2C4C8 /* CMMotionManager+Utility.h */ = {isa = PBXFileReference; fileEncoding = 4; lastKnownFileType = sourcecode.c.h; path = "CMMotionManager+Utility.h"; sourceTree = "<group>"; };
		3C160A7E1A449E6500B2C4C8 /* CMMotionManager+Utility.m */ = {isa = PBXFileReference; fileEncoding = 4; lastKnownFileType = sourcecode.c.objc; path = "CMMotionManager+Utility.m"; sourceTree = "<group>"; };
		3C160A841A44A17B00B2C4C8 /* Library Test.app */ = {isa = PBXFileReference; explicitFileType = wrapper.application; includeInIndex = 0; path = "Library Test.app"; sourceTree = BUILT_PRODUCTS_DIR; };
		3C160A871A44A17B00B2C4C8 /* Info.plist */ = {isa = PBXFileReference; lastKnownFileType = text.plist.xml; path = Info.plist; sourceTree = "<group>"; };
		3C160A881A44A17B00B2C4C8 /* main.m */ = {isa = PBXFileReference; lastKnownFileType = sourcecode.c.objc; path = main.m; sourceTree = "<group>"; };
		3C160A8A1A44A17B00B2C4C8 /* AppDelegate.h */ = {isa = PBXFileReference; lastKnownFileType = sourcecode.c.h; path = AppDelegate.h; sourceTree = "<group>"; };
		3C160A8B1A44A17B00B2C4C8 /* AppDelegate.m */ = {isa = PBXFileReference; lastKnownFileType = sourcecode.c.objc; path = AppDelegate.m; sourceTree = "<group>"; };
		3C160A8D1A44A17B00B2C4C8 /* ViewController.h */ = {isa = PBXFileReference; lastKnownFileType = sourcecode.c.h; path = ViewController.h; sourceTree = "<group>"; };
		3C160A8E1A44A17B00B2C4C8 /* ViewController.m */ = {isa = PBXFileReference; lastKnownFileType = sourcecode.c.objc; path = ViewController.m; sourceTree = "<group>"; };
		3C160A911A44A17B00B2C4C8 /* Base */ = {isa = PBXFileReference; lastKnownFileType = file.storyboard; name = Base; path = Base.lproj/Main.storyboard; sourceTree = "<group>"; };
		3C160A931A44A17B00B2C4C8 /* Images.xcassets */ = {isa = PBXFileReference; lastKnownFileType = folder.assetcatalog; path = Images.xcassets; sourceTree = "<group>"; };
		3C160A961A44A17B00B2C4C8 /* Base */ = {isa = PBXFileReference; lastKnownFileType = file.xib; name = Base; path = Base.lproj/LaunchScreen.xib; sourceTree = "<group>"; };
		3C160AAB1A44A47300B2C4C8 /* CoreMotion.h */ = {isa = PBXFileReference; lastKnownFileType = sourcecode.c.h; path = CoreMotion.h; sourceTree = "<group>"; };
		3C371BD519853F4E008503FE /* UITextView+TemplatingSpec.m */ = {isa = PBXFileReference; fileEncoding = 4; lastKnownFileType = sourcecode.c.objc; path = "UITextView+TemplatingSpec.m"; sourceTree = "<group>"; };
		3C371BD619853F4E008503FE /* UIView+TemplatingSpec.m */ = {isa = PBXFileReference; fileEncoding = 4; lastKnownFileType = sourcecode.c.objc; path = "UIView+TemplatingSpec.m"; sourceTree = "<group>"; };
		3C371BDA19854EBE008503FE /* LaunchViewSpec.m */ = {isa = PBXFileReference; fileEncoding = 4; lastKnownFileType = sourcecode.c.objc; path = LaunchViewSpec.m; sourceTree = "<group>"; };
		3C65DDB91964B6D1009C714B /* Eunomia.h */ = {isa = PBXFileReference; lastKnownFileType = sourcecode.c.h; path = Eunomia.h; sourceTree = "<group>"; };
		3C65DDCE1965A9B8009C714B /* Config.h */ = {isa = PBXFileReference; lastKnownFileType = sourcecode.c.h; path = Config.h; sourceTree = "<group>"; };
		3C741E02198F34BE00461822 /* ThirdPartyWrapper.h */ = {isa = PBXFileReference; fileEncoding = 4; lastKnownFileType = sourcecode.c.h; path = ThirdPartyWrapper.h; sourceTree = "<group>"; };
		3C741E03198F34BE00461822 /* ThirdPartyWrapper.m */ = {isa = PBXFileReference; fileEncoding = 4; lastKnownFileType = sourcecode.c.objc; path = ThirdPartyWrapper.m; sourceTree = "<group>"; };
		3C741E05198F34DA00461822 /* ThirdParty.h */ = {isa = PBXFileReference; lastKnownFileType = sourcecode.c.h; path = ThirdParty.h; sourceTree = "<group>"; };
		3C741E07198F36BD00461822 /* VerboseDDLogFormatter.h */ = {isa = PBXFileReference; fileEncoding = 4; lastKnownFileType = sourcecode.c.h; path = VerboseDDLogFormatter.h; sourceTree = "<group>"; };
		3C741E08198F36BD00461822 /* VerboseDDLogFormatter.m */ = {isa = PBXFileReference; fileEncoding = 4; lastKnownFileType = sourcecode.c.objc; path = VerboseDDLogFormatter.m; sourceTree = "<group>"; };
		3C9D42751A77E73D00477177 /* NSLogWrapper.h */ = {isa = PBXFileReference; fileEncoding = 4; lastKnownFileType = sourcecode.c.h; path = NSLogWrapper.h; sourceTree = "<group>"; };
		3C9D42761A77E73D00477177 /* NSLogWrapper.m */ = {isa = PBXFileReference; fileEncoding = 4; lastKnownFileType = sourcecode.c.objc; path = NSLogWrapper.m; sourceTree = "<group>"; };
		3CCE7CE11A7742E900EB1C27 /* MFMailComposeViewController+Utility.h */ = {isa = PBXFileReference; fileEncoding = 4; lastKnownFileType = sourcecode.c.h; path = "MFMailComposeViewController+Utility.h"; sourceTree = "<group>"; };
		3CCE7CE21A7742E900EB1C27 /* MFMailComposeViewController+Utility.m */ = {isa = PBXFileReference; fileEncoding = 4; lastKnownFileType = sourcecode.c.objc; path = "MFMailComposeViewController+Utility.m"; sourceTree = "<group>"; };
		3CD18CFB1964A60200DB8ED7 /* Foundation.framework */ = {isa = PBXFileReference; lastKnownFileType = wrapper.framework; name = Foundation.framework; path = System/Library/Frameworks/Foundation.framework; sourceTree = SDKROOT; };
		3CD18D091964A60200DB8ED7 /* XCTest.framework */ = {isa = PBXFileReference; lastKnownFileType = wrapper.framework; name = XCTest.framework; path = Library/Frameworks/XCTest.framework; sourceTree = DEVELOPER_DIR; };
		3CD18D0C1964A60200DB8ED7 /* UIKit.framework */ = {isa = PBXFileReference; lastKnownFileType = wrapper.framework; name = UIKit.framework; path = Library/Frameworks/UIKit.framework; sourceTree = DEVELOPER_DIR; };
		3CD18D631964A7B100DB8ED7 /* libEunomia.a */ = {isa = PBXFileReference; explicitFileType = archive.ar; includeInIndex = 0; path = libEunomia.a; sourceTree = BUILT_PRODUCTS_DIR; };
		3CD18D701964A7B100DB8ED7 /* EunomiaTests.xctest */ = {isa = PBXFileReference; explicitFileType = wrapper.cfbundle; includeInIndex = 0; path = EunomiaTests.xctest; sourceTree = BUILT_PRODUCTS_DIR; };
		3CD18D791964A7B100DB8ED7 /* EunomiaTests-Info.plist */ = {isa = PBXFileReference; lastKnownFileType = text.plist.xml; path = "EunomiaTests-Info.plist"; sourceTree = "<group>"; };
		3CD18D7B1964A7B100DB8ED7 /* en */ = {isa = PBXFileReference; lastKnownFileType = text.plist.strings; name = en; path = en.lproj/InfoPlist.strings; sourceTree = "<group>"; };
		3CD18D991964AF2800DB8ED7 /* Eunomia.podspec */ = {isa = PBXFileReference; fileEncoding = 4; lastKnownFileType = text; path = Eunomia.podspec; sourceTree = "<group>"; };
		3CDA952219F57E920009A367 /* UIApplication+Utility.h */ = {isa = PBXFileReference; fileEncoding = 4; lastKnownFileType = sourcecode.c.h; path = "UIApplication+Utility.h"; sourceTree = "<group>"; };
		3CDA952319F57E920009A367 /* UIApplication+Utility.m */ = {isa = PBXFileReference; fileEncoding = 4; lastKnownFileType = sourcecode.c.objc; path = "UIApplication+Utility.m"; sourceTree = "<group>"; };
		3CDA953219F58E100009A367 /* NSCharacterSet+Utility.h */ = {isa = PBXFileReference; fileEncoding = 4; lastKnownFileType = sourcecode.c.h; path = "NSCharacterSet+Utility.h"; sourceTree = "<group>"; };
		3CDA953319F58E100009A367 /* NSCharacterSet+Utility.m */ = {isa = PBXFileReference; fileEncoding = 4; lastKnownFileType = sourcecode.c.objc; path = "NSCharacterSet+Utility.m"; sourceTree = "<group>"; };
		3CDA953519F58E920009A367 /* UIBarItem+Utility.h */ = {isa = PBXFileReference; fileEncoding = 4; lastKnownFileType = sourcecode.c.h; path = "UIBarItem+Utility.h"; sourceTree = "<group>"; };
		3CDA953619F58E920009A367 /* UIBarItem+Utility.m */ = {isa = PBXFileReference; fileEncoding = 4; lastKnownFileType = sourcecode.c.objc; path = "UIBarItem+Utility.m"; sourceTree = "<group>"; };
		3CE46EFF19ABBF7700053E62 /* CoreDataStore.h */ = {isa = PBXFileReference; fileEncoding = 4; lastKnownFileType = sourcecode.c.h; path = CoreDataStore.h; sourceTree = "<group>"; };
		3CE46F0019ABBF7700053E62 /* CoreDataStore.m */ = {isa = PBXFileReference; fileEncoding = 4; lastKnownFileType = sourcecode.c.objc; path = CoreDataStore.m; sourceTree = "<group>"; };
		3CE46F0119ABBF7700053E62 /* CoreData.h */ = {isa = PBXFileReference; fileEncoding = 4; lastKnownFileType = sourcecode.c.h; path = CoreData.h; sourceTree = "<group>"; };
		3CE46F0319ABBF7700053E62 /* MissingSubclassOverrideException.h */ = {isa = PBXFileReference; fileEncoding = 4; lastKnownFileType = sourcecode.c.h; path = MissingSubclassOverrideException.h; sourceTree = "<group>"; };
		3CE46F0419ABBF7700053E62 /* MissingSubclassOverrideException.m */ = {isa = PBXFileReference; fileEncoding = 4; lastKnownFileType = sourcecode.c.objc; path = MissingSubclassOverrideException.m; sourceTree = "<group>"; };
		3CE46F0519ABBF7700053E62 /* Exceptions.h */ = {isa = PBXFileReference; fileEncoding = 4; lastKnownFileType = sourcecode.c.h; path = Exceptions.h; sourceTree = "<group>"; };
		3CE46F0719ABBF7700053E62 /* ReplaceDownSegue.h */ = {isa = PBXFileReference; fileEncoding = 4; lastKnownFileType = sourcecode.c.h; path = ReplaceDownSegue.h; sourceTree = "<group>"; };
		3CE46F0819ABBF7700053E62 /* ReplaceDownSegue.m */ = {isa = PBXFileReference; fileEncoding = 4; lastKnownFileType = sourcecode.c.objc; path = ReplaceDownSegue.m; sourceTree = "<group>"; };
		3CE46F0919ABBF7700053E62 /* ReplaceLeftSegue.h */ = {isa = PBXFileReference; fileEncoding = 4; lastKnownFileType = sourcecode.c.h; path = ReplaceLeftSegue.h; sourceTree = "<group>"; };
		3CE46F0A19ABBF7700053E62 /* ReplaceLeftSegue.m */ = {isa = PBXFileReference; fileEncoding = 4; lastKnownFileType = sourcecode.c.objc; path = ReplaceLeftSegue.m; sourceTree = "<group>"; };
		3CE46F0B19ABBF7700053E62 /* ReplaceRightSegue.h */ = {isa = PBXFileReference; fileEncoding = 4; lastKnownFileType = sourcecode.c.h; path = ReplaceRightSegue.h; sourceTree = "<group>"; };
		3CE46F0C19ABBF7700053E62 /* ReplaceRightSegue.m */ = {isa = PBXFileReference; fileEncoding = 4; lastKnownFileType = sourcecode.c.objc; path = ReplaceRightSegue.m; sourceTree = "<group>"; };
		3CE46F0D19ABBF7700053E62 /* ReplaceUpSegue.h */ = {isa = PBXFileReference; fileEncoding = 4; lastKnownFileType = sourcecode.c.h; path = ReplaceUpSegue.h; sourceTree = "<group>"; };
		3CE46F0E19ABBF7700053E62 /* ReplaceUpSegue.m */ = {isa = PBXFileReference; fileEncoding = 4; lastKnownFileType = sourcecode.c.objc; path = ReplaceUpSegue.m; sourceTree = "<group>"; };
		3CE46F0F19ABBF7700053E62 /* ZoomInFromRectSegue.h */ = {isa = PBXFileReference; fileEncoding = 4; lastKnownFileType = sourcecode.c.h; path = ZoomInFromRectSegue.h; sourceTree = "<group>"; };
		3CE46F1019ABBF7700053E62 /* ZoomInFromRectSegue.m */ = {isa = PBXFileReference; fileEncoding = 4; lastKnownFileType = sourcecode.c.objc; path = ZoomInFromRectSegue.m; sourceTree = "<group>"; };
		3CE46F1119ABBF7700053E62 /* ZoomOutToRectSegue.h */ = {isa = PBXFileReference; fileEncoding = 4; lastKnownFileType = sourcecode.c.h; path = ZoomOutToRectSegue.h; sourceTree = "<group>"; };
		3CE46F1219ABBF7700053E62 /* ZoomOutToRectSegue.m */ = {isa = PBXFileReference; fileEncoding = 4; lastKnownFileType = sourcecode.c.objc; path = ZoomOutToRectSegue.m; sourceTree = "<group>"; };
		3CE46F1319ABBF7700053E62 /* Segues.h */ = {isa = PBXFileReference; fileEncoding = 4; lastKnownFileType = sourcecode.c.h; path = Segues.h; sourceTree = "<group>"; };
		3CE46F1519ABBF7700053E62 /* JSContext+Utility.h */ = {isa = PBXFileReference; fileEncoding = 4; lastKnownFileType = sourcecode.c.h; path = "JSContext+Utility.h"; sourceTree = "<group>"; };
		3CE46F1619ABBF7700053E62 /* JSContext+Utility.m */ = {isa = PBXFileReference; fileEncoding = 4; lastKnownFileType = sourcecode.c.objc; path = "JSContext+Utility.m"; sourceTree = "<group>"; };
		3CE46F1719ABBF7700053E62 /* NSBundle+Utility.h */ = {isa = PBXFileReference; fileEncoding = 4; lastKnownFileType = sourcecode.c.h; path = "NSBundle+Utility.h"; sourceTree = "<group>"; };
		3CE46F1819ABBF7700053E62 /* NSBundle+Utility.m */ = {isa = PBXFileReference; fileEncoding = 4; lastKnownFileType = sourcecode.c.objc; path = "NSBundle+Utility.m"; sourceTree = "<group>"; };
		3CE46F1919ABBF7700053E62 /* NSFetchedResultsController+Utility.h */ = {isa = PBXFileReference; fileEncoding = 4; lastKnownFileType = sourcecode.c.h; path = "NSFetchedResultsController+Utility.h"; sourceTree = "<group>"; };
		3CE46F1A19ABBF7700053E62 /* NSFetchedResultsController+Utility.m */ = {isa = PBXFileReference; fileEncoding = 4; lastKnownFileType = sourcecode.c.objc; path = "NSFetchedResultsController+Utility.m"; sourceTree = "<group>"; };
		3CE46F1B19ABBF7700053E62 /* NSManagedObject+Utility.h */ = {isa = PBXFileReference; fileEncoding = 4; lastKnownFileType = sourcecode.c.h; path = "NSManagedObject+Utility.h"; sourceTree = "<group>"; };
		3CE46F1C19ABBF7700053E62 /* NSManagedObject+Utility.m */ = {isa = PBXFileReference; fileEncoding = 4; lastKnownFileType = sourcecode.c.objc; path = "NSManagedObject+Utility.m"; sourceTree = "<group>"; };
		3CE46F1D19ABBF7700053E62 /* NSManagedObjectContext+Utility.h */ = {isa = PBXFileReference; fileEncoding = 4; lastKnownFileType = sourcecode.c.h; path = "NSManagedObjectContext+Utility.h"; sourceTree = "<group>"; };
		3CE46F1E19ABBF7700053E62 /* NSManagedObjectContext+Utility.m */ = {isa = PBXFileReference; fileEncoding = 4; lastKnownFileType = sourcecode.c.objc; path = "NSManagedObjectContext+Utility.m"; sourceTree = "<group>"; };
		3CE46F1F19ABBF7700053E62 /* NSMutableArray+Utility.h */ = {isa = PBXFileReference; fileEncoding = 4; lastKnownFileType = sourcecode.c.h; path = "NSMutableArray+Utility.h"; sourceTree = "<group>"; };
		3CE46F2019ABBF7700053E62 /* NSMutableArray+Utility.m */ = {isa = PBXFileReference; fileEncoding = 4; lastKnownFileType = sourcecode.c.objc; path = "NSMutableArray+Utility.m"; sourceTree = "<group>"; };
		3CE46F2119ABBF7700053E62 /* NSMutableDictionary+Utility.h */ = {isa = PBXFileReference; fileEncoding = 4; lastKnownFileType = sourcecode.c.h; path = "NSMutableDictionary+Utility.h"; sourceTree = "<group>"; };
		3CE46F2219ABBF7700053E62 /* NSMutableDictionary+Utility.m */ = {isa = PBXFileReference; fileEncoding = 4; lastKnownFileType = sourcecode.c.objc; path = "NSMutableDictionary+Utility.m"; sourceTree = "<group>"; };
		3CE46F2319ABBF7700053E62 /* NSMutableString+Utility.h */ = {isa = PBXFileReference; fileEncoding = 4; lastKnownFileType = sourcecode.c.h; path = "NSMutableString+Utility.h"; sourceTree = "<group>"; };
		3CE46F2419ABBF7700053E62 /* NSMutableString+Utility.m */ = {isa = PBXFileReference; fileEncoding = 4; lastKnownFileType = sourcecode.c.objc; path = "NSMutableString+Utility.m"; sourceTree = "<group>"; };
		3CE46F2519ABBF7700053E62 /* NSNotification+Utility.h */ = {isa = PBXFileReference; fileEncoding = 4; lastKnownFileType = sourcecode.c.h; path = "NSNotification+Utility.h"; sourceTree = "<group>"; };
		3CE46F2619ABBF7700053E62 /* NSNotification+Utility.m */ = {isa = PBXFileReference; fileEncoding = 4; lastKnownFileType = sourcecode.c.objc; path = "NSNotification+Utility.m"; sourceTree = "<group>"; };
		3CE46F2719ABBF7700053E62 /* NSObject+Utility.h */ = {isa = PBXFileReference; fileEncoding = 4; lastKnownFileType = sourcecode.c.h; path = "NSObject+Utility.h"; sourceTree = "<group>"; };
		3CE46F2819ABBF7700053E62 /* NSObject+Utility.m */ = {isa = PBXFileReference; fileEncoding = 4; lastKnownFileType = sourcecode.c.objc; path = "NSObject+Utility.m"; sourceTree = "<group>"; };
		3CE46F2919ABBF7700053E62 /* NSString+Utility.h */ = {isa = PBXFileReference; fileEncoding = 4; lastKnownFileType = sourcecode.c.h; path = "NSString+Utility.h"; sourceTree = "<group>"; };
		3CE46F2A19ABBF7700053E62 /* NSString+Utility.m */ = {isa = PBXFileReference; fileEncoding = 4; lastKnownFileType = sourcecode.c.objc; path = "NSString+Utility.m"; sourceTree = "<group>"; };
		3CE46F2B19ABBF7700053E62 /* UIColor+Utility.h */ = {isa = PBXFileReference; fileEncoding = 4; lastKnownFileType = sourcecode.c.h; path = "UIColor+Utility.h"; sourceTree = "<group>"; };
		3CE46F2C19ABBF7700053E62 /* UIColor+Utility.m */ = {isa = PBXFileReference; fileEncoding = 4; lastKnownFileType = sourcecode.c.objc; path = "UIColor+Utility.m"; sourceTree = "<group>"; };
		3CE46F2D19ABBF7700053E62 /* UIImage+Utility.h */ = {isa = PBXFileReference; fileEncoding = 4; lastKnownFileType = sourcecode.c.h; path = "UIImage+Utility.h"; sourceTree = "<group>"; };
		3CE46F2E19ABBF7700053E62 /* UIImage+Utility.m */ = {isa = PBXFileReference; fileEncoding = 4; lastKnownFileType = sourcecode.c.objc; path = "UIImage+Utility.m"; sourceTree = "<group>"; };
		3CE46F2F19ABBF7700053E62 /* UILongPressGestureRecognizer+Utility.h */ = {isa = PBXFileReference; fileEncoding = 4; lastKnownFileType = sourcecode.c.h; path = "UILongPressGestureRecognizer+Utility.h"; sourceTree = "<group>"; };
		3CE46F3019ABBF7700053E62 /* UILongPressGestureRecognizer+Utility.m */ = {isa = PBXFileReference; fileEncoding = 4; lastKnownFileType = sourcecode.c.objc; path = "UILongPressGestureRecognizer+Utility.m"; sourceTree = "<group>"; };
		3CE46F3119ABBF7700053E62 /* UIMenuController+Utility.h */ = {isa = PBXFileReference; fileEncoding = 4; lastKnownFileType = sourcecode.c.h; path = "UIMenuController+Utility.h"; sourceTree = "<group>"; };
		3CE46F3219ABBF7700053E62 /* UIMenuController+Utility.m */ = {isa = PBXFileReference; fileEncoding = 4; lastKnownFileType = sourcecode.c.objc; path = "UIMenuController+Utility.m"; sourceTree = "<group>"; };
		3CE46F3319ABBF7700053E62 /* UIPanGestureRecognizer+Utility.h */ = {isa = PBXFileReference; fileEncoding = 4; lastKnownFileType = sourcecode.c.h; path = "UIPanGestureRecognizer+Utility.h"; sourceTree = "<group>"; };
		3CE46F3419ABBF7700053E62 /* UIPanGestureRecognizer+Utility.m */ = {isa = PBXFileReference; fileEncoding = 4; lastKnownFileType = sourcecode.c.objc; path = "UIPanGestureRecognizer+Utility.m"; sourceTree = "<group>"; };
		3CE46F3519ABBF7700053E62 /* UIPinchGestureRecognizer+Utility.h */ = {isa = PBXFileReference; fileEncoding = 4; lastKnownFileType = sourcecode.c.h; path = "UIPinchGestureRecognizer+Utility.h"; sourceTree = "<group>"; };
		3CE46F3619ABBF7700053E62 /* UIPinchGestureRecognizer+Utility.m */ = {isa = PBXFileReference; fileEncoding = 4; lastKnownFileType = sourcecode.c.objc; path = "UIPinchGestureRecognizer+Utility.m"; sourceTree = "<group>"; };
		3CE46F3719ABBF7700053E62 /* UIScrollView+Utility.h */ = {isa = PBXFileReference; fileEncoding = 4; lastKnownFileType = sourcecode.c.h; path = "UIScrollView+Utility.h"; sourceTree = "<group>"; };
		3CE46F3819ABBF7700053E62 /* UIScrollView+Utility.m */ = {isa = PBXFileReference; fileEncoding = 4; lastKnownFileType = sourcecode.c.objc; path = "UIScrollView+Utility.m"; sourceTree = "<group>"; };
		3CE46F3919ABBF7700053E62 /* UIStoryboardSegue+Utility.h */ = {isa = PBXFileReference; fileEncoding = 4; lastKnownFileType = sourcecode.c.h; path = "UIStoryboardSegue+Utility.h"; sourceTree = "<group>"; };
		3CE46F3A19ABBF7700053E62 /* UIStoryboardSegue+Utility.m */ = {isa = PBXFileReference; fileEncoding = 4; lastKnownFileType = sourcecode.c.objc; path = "UIStoryboardSegue+Utility.m"; sourceTree = "<group>"; };
		3CE46F3B19ABBF7700053E62 /* UITapGestureRecognizer+Utility.h */ = {isa = PBXFileReference; fileEncoding = 4; lastKnownFileType = sourcecode.c.h; path = "UITapGestureRecognizer+Utility.h"; sourceTree = "<group>"; };
		3CE46F3C19ABBF7700053E62 /* UITapGestureRecognizer+Utility.m */ = {isa = PBXFileReference; fileEncoding = 4; lastKnownFileType = sourcecode.c.objc; path = "UITapGestureRecognizer+Utility.m"; sourceTree = "<group>"; };
		3CE46F3D19ABBF7700053E62 /* UITextField+Utility.h */ = {isa = PBXFileReference; fileEncoding = 4; lastKnownFileType = sourcecode.c.h; path = "UITextField+Utility.h"; sourceTree = "<group>"; };
		3CE46F3E19ABBF7700053E62 /* UITextField+Utility.m */ = {isa = PBXFileReference; fileEncoding = 4; lastKnownFileType = sourcecode.c.objc; path = "UITextField+Utility.m"; sourceTree = "<group>"; };
		3CE46F3F19ABBF7700053E62 /* UIView+Utility.h */ = {isa = PBXFileReference; fileEncoding = 4; lastKnownFileType = sourcecode.c.h; path = "UIView+Utility.h"; sourceTree = "<group>"; };
		3CE46F4019ABBF7700053E62 /* UIView+Utility.m */ = {isa = PBXFileReference; fileEncoding = 4; lastKnownFileType = sourcecode.c.objc; path = "UIView+Utility.m"; sourceTree = "<group>"; };
		3CE46F4119ABBF7700053E62 /* UIViewController+Utility.h */ = {isa = PBXFileReference; fileEncoding = 4; lastKnownFileType = sourcecode.c.h; path = "UIViewController+Utility.h"; sourceTree = "<group>"; };
		3CE46F4219ABBF7700053E62 /* UIViewController+Utility.m */ = {isa = PBXFileReference; fileEncoding = 4; lastKnownFileType = sourcecode.c.objc; path = "UIViewController+Utility.m"; sourceTree = "<group>"; };
		3CE46F4319ABBF7700053E62 /* UIWebView+Utility.h */ = {isa = PBXFileReference; fileEncoding = 4; lastKnownFileType = sourcecode.c.h; path = "UIWebView+Utility.h"; sourceTree = "<group>"; };
		3CE46F4419ABBF7700053E62 /* UIWebView+Utility.m */ = {isa = PBXFileReference; fileEncoding = 4; lastKnownFileType = sourcecode.c.objc; path = "UIWebView+Utility.m"; sourceTree = "<group>"; };
		3CE46F4519ABBF7700053E62 /* Utility.h */ = {isa = PBXFileReference; fileEncoding = 4; lastKnownFileType = sourcecode.c.h; path = Utility.h; sourceTree = "<group>"; };
		3CE46F4619ABBF7700053E62 /* Utility.m */ = {isa = PBXFileReference; fileEncoding = 4; lastKnownFileType = sourcecode.c.objc; path = Utility.m; sourceTree = "<group>"; };
		3CE46F4819ABBF7700053E62 /* UIImageView+Templating.h */ = {isa = PBXFileReference; fileEncoding = 4; lastKnownFileType = sourcecode.c.h; path = "UIImageView+Templating.h"; sourceTree = "<group>"; };
		3CE46F4919ABBF7700053E62 /* UIImageView+Templating.m */ = {isa = PBXFileReference; fileEncoding = 4; lastKnownFileType = sourcecode.c.objc; path = "UIImageView+Templating.m"; sourceTree = "<group>"; };
		3CE46F4A19ABBF7700053E62 /* UILabel+Templating.h */ = {isa = PBXFileReference; fileEncoding = 4; lastKnownFileType = sourcecode.c.h; path = "UILabel+Templating.h"; sourceTree = "<group>"; };
		3CE46F4B19ABBF7700053E62 /* UILabel+Templating.m */ = {isa = PBXFileReference; fileEncoding = 4; lastKnownFileType = sourcecode.c.objc; path = "UILabel+Templating.m"; sourceTree = "<group>"; };
		3CE46F4C19ABBF7700053E62 /* UITextField+Templating.h */ = {isa = PBXFileReference; fileEncoding = 4; lastKnownFileType = sourcecode.c.h; path = "UITextField+Templating.h"; sourceTree = "<group>"; };
		3CE46F4D19ABBF7700053E62 /* UITextField+Templating.m */ = {isa = PBXFileReference; fileEncoding = 4; lastKnownFileType = sourcecode.c.objc; path = "UITextField+Templating.m"; sourceTree = "<group>"; };
		3CE46F4E19ABBF7700053E62 /* UITextView+Templating.h */ = {isa = PBXFileReference; fileEncoding = 4; lastKnownFileType = sourcecode.c.h; path = "UITextView+Templating.h"; sourceTree = "<group>"; };
		3CE46F4F19ABBF7700053E62 /* UITextView+Templating.m */ = {isa = PBXFileReference; fileEncoding = 4; lastKnownFileType = sourcecode.c.objc; path = "UITextView+Templating.m"; sourceTree = "<group>"; };
		3CE46F5019ABBF7700053E62 /* UIView+Templating.h */ = {isa = PBXFileReference; fileEncoding = 4; lastKnownFileType = sourcecode.c.h; path = "UIView+Templating.h"; sourceTree = "<group>"; };
		3CE46F5119ABBF7700053E62 /* UIView+Templating.m */ = {isa = PBXFileReference; fileEncoding = 4; lastKnownFileType = sourcecode.c.objc; path = "UIView+Templating.m"; sourceTree = "<group>"; };
		3CE46F5219ABBF7700053E62 /* View+Templating.h */ = {isa = PBXFileReference; fileEncoding = 4; lastKnownFileType = sourcecode.c.h; path = "View+Templating.h"; sourceTree = "<group>"; };
		3CE46F5419ABBF7700053E62 /* LaunchView.h */ = {isa = PBXFileReference; fileEncoding = 4; lastKnownFileType = sourcecode.c.h; path = LaunchView.h; sourceTree = "<group>"; };
		3CE46F5519ABBF7700053E62 /* LaunchView.m */ = {isa = PBXFileReference; fileEncoding = 4; lastKnownFileType = sourcecode.c.objc; path = LaunchView.m; sourceTree = "<group>"; };
		3CE46F5619ABBF7700053E62 /* Views.h */ = {isa = PBXFileReference; fileEncoding = 4; lastKnownFileType = sourcecode.c.h; path = Views.h; sourceTree = "<group>"; };
		3CE46F7F19ABC09300053E62 /* ARAnalytics+Utility.h */ = {isa = PBXFileReference; fileEncoding = 4; lastKnownFileType = sourcecode.c.h; path = "ARAnalytics+Utility.h"; sourceTree = "<group>"; };
		3CE46F8019ABC09300053E62 /* ARAnalytics+Utility.m */ = {isa = PBXFileReference; fileEncoding = 4; lastKnownFileType = sourcecode.c.objc; path = "ARAnalytics+Utility.m"; sourceTree = "<group>"; };
		3CE46F8519ABC4B600053E62 /* SSBaseDataSource+Utility.h */ = {isa = PBXFileReference; fileEncoding = 4; lastKnownFileType = sourcecode.c.h; path = "SSBaseDataSource+Utility.h"; sourceTree = "<group>"; };
		3CE46F8619ABC4B600053E62 /* SSBaseDataSource+Utility.m */ = {isa = PBXFileReference; fileEncoding = 4; lastKnownFileType = sourcecode.c.objc; path = "SSBaseDataSource+Utility.m"; sourceTree = "<group>"; };
		3CEE65D0199A69E2000E1278 /* Pod Test.app */ = {isa = PBXFileReference; explicitFileType = wrapper.application; includeInIndex = 0; path = "Pod Test.app"; sourceTree = BUILT_PRODUCTS_DIR; };
		3CEE65D3199A69E2000E1278 /* Info.plist */ = {isa = PBXFileReference; lastKnownFileType = text.plist.xml; path = Info.plist; sourceTree = "<group>"; };
		3CEE65D4199A69E2000E1278 /* main.m */ = {isa = PBXFileReference; lastKnownFileType = sourcecode.c.objc; path = main.m; sourceTree = "<group>"; };
		3CEE65D6199A69E2000E1278 /* AppDelegate.h */ = {isa = PBXFileReference; lastKnownFileType = sourcecode.c.h; path = AppDelegate.h; sourceTree = "<group>"; };
		3CEE65D7199A69E2000E1278 /* AppDelegate.m */ = {isa = PBXFileReference; lastKnownFileType = sourcecode.c.objc; path = AppDelegate.m; sourceTree = "<group>"; };
		3CEE65D9199A69E2000E1278 /* ViewController.h */ = {isa = PBXFileReference; lastKnownFileType = sourcecode.c.h; path = ViewController.h; sourceTree = "<group>"; };
		3CEE65DA199A69E2000E1278 /* ViewController.m */ = {isa = PBXFileReference; lastKnownFileType = sourcecode.c.objc; path = ViewController.m; sourceTree = "<group>"; };
		3CEE65DD199A69E2000E1278 /* Base */ = {isa = PBXFileReference; lastKnownFileType = file.storyboard; name = Base; path = Base.lproj/Main.storyboard; sourceTree = "<group>"; };
		3CEE65DF199A69E2000E1278 /* Images.xcassets */ = {isa = PBXFileReference; lastKnownFileType = folder.assetcatalog; path = Images.xcassets; sourceTree = "<group>"; };
		447558BB9D0C61B0DD6146E0 /* Pods-EunomiaTests.debug.xcconfig */ = {isa = PBXFileReference; includeInIndex = 1; lastKnownFileType = text.xcconfig; name = "Pods-EunomiaTests.debug.xcconfig"; path = "Pods/Target Support Files/Pods-EunomiaTests/Pods-EunomiaTests.debug.xcconfig"; sourceTree = "<group>"; };
		4E1955000106703E5B3FDAFD /* Pods-Eunomia.release.xcconfig */ = {isa = PBXFileReference; includeInIndex = 1; lastKnownFileType = text.xcconfig; name = "Pods-Eunomia.release.xcconfig"; path = "Pods/Target Support Files/Pods-Eunomia/Pods-Eunomia.release.xcconfig"; sourceTree = "<group>"; };
		52B90BBE7C4F3E992EDB8C92 /* Pods-Full Build Test.debug.xcconfig */ = {isa = PBXFileReference; includeInIndex = 1; lastKnownFileType = text.xcconfig; name = "Pods-Full Build Test.debug.xcconfig"; path = "Pods/Target Support Files/Pods-Full Build Test/Pods-Full Build Test.debug.xcconfig"; sourceTree = "<group>"; };
		70945A04548DF89BA4CE0DD8 /* Pods-Eunomia.debug.xcconfig */ = {isa = PBXFileReference; includeInIndex = 1; lastKnownFileType = text.xcconfig; name = "Pods-Eunomia.debug.xcconfig"; path = "Pods/Target Support Files/Pods-Eunomia/Pods-Eunomia.debug.xcconfig"; sourceTree = "<group>"; };
		8F4B3B7A0FE91B89A913454F /* Pods-EunomiaTests.release.xcconfig */ = {isa = PBXFileReference; includeInIndex = 1; lastKnownFileType = text.xcconfig; name = "Pods-EunomiaTests.release.xcconfig"; path = "Pods/Target Support Files/Pods-EunomiaTests/Pods-EunomiaTests.release.xcconfig"; sourceTree = "<group>"; };
		92E0FD5010914BDDEE68ADCD /* Pods-Pod Test.debug.xcconfig */ = {isa = PBXFileReference; includeInIndex = 1; lastKnownFileType = text.xcconfig; name = "Pods-Pod Test.debug.xcconfig"; path = "Pods/Target Support Files/Pods-Pod Test/Pods-Pod Test.debug.xcconfig"; sourceTree = "<group>"; };
		961DC122518F4E5F3675B339 /* Pods-Full Build Test.release.xcconfig */ = {isa = PBXFileReference; includeInIndex = 1; lastKnownFileType = text.xcconfig; name = "Pods-Full Build Test.release.xcconfig"; path = "Pods/Target Support Files/Pods-Full Build Test/Pods-Full Build Test.release.xcconfig"; sourceTree = "<group>"; };
		AA5B461D423C4CF789732C85 /* libPods-EunomiaTests.a */ = {isa = PBXFileReference; explicitFileType = archive.ar; includeInIndex = 0; path = "libPods-EunomiaTests.a"; sourceTree = BUILT_PRODUCTS_DIR; };
		ACC9B502B95107A74DA306F2 /* libPods-Pod Test.a */ = {isa = PBXFileReference; explicitFileType = archive.ar; includeInIndex = 0; path = "libPods-Pod Test.a"; sourceTree = BUILT_PRODUCTS_DIR; };
		CA5A49D5D99DEA51E7C3CDE0 /* Pods-Pod Test.release.xcconfig */ = {isa = PBXFileReference; includeInIndex = 1; lastKnownFileType = text.xcconfig; name = "Pods-Pod Test.release.xcconfig"; path = "Pods/Target Support Files/Pods-Pod Test/Pods-Pod Test.release.xcconfig"; sourceTree = "<group>"; };
		FCD399F081174AEC9BC9B1B2 /* libPods-Full Build Test.a */ = {isa = PBXFileReference; explicitFileType = archive.ar; includeInIndex = 0; path = "libPods-Full Build Test.a"; sourceTree = BUILT_PRODUCTS_DIR; };
/* End PBXFileReference section */

/* Begin PBXFrameworksBuildPhase section */
		3C160A811A44A17B00B2C4C8 /* Frameworks */ = {
			isa = PBXFrameworksBuildPhase;
			buildActionMask = 2147483647;
			files = (
				3C160AAA1A44A30500B2C4C8 /* libEunomia.a in Frameworks */,
			);
			runOnlyForDeploymentPostprocessing = 0;
		};
		3CD18D601964A7B100DB8ED7 /* Frameworks */ = {
			isa = PBXFrameworksBuildPhase;
			buildActionMask = 2147483647;
			files = (
				3CD18D641964A7B100DB8ED7 /* Foundation.framework in Frameworks */,
				562B8A345D334E2898C55449 /* libPods-Eunomia.a in Frameworks */,
			);
			runOnlyForDeploymentPostprocessing = 0;
		};
		3CD18D6D1964A7B100DB8ED7 /* Frameworks */ = {
			isa = PBXFrameworksBuildPhase;
			buildActionMask = 2147483647;
			files = (
				3CD18D761964A7B100DB8ED7 /* libEunomia.a in Frameworks */,
				3CD18D731964A7B100DB8ED7 /* UIKit.framework in Frameworks */,
				3CD18D721964A7B100DB8ED7 /* Foundation.framework in Frameworks */,
				CBD31D6B4C9D483197639183 /* libPods-EunomiaTests.a in Frameworks */,
			);
			runOnlyForDeploymentPostprocessing = 0;
		};
		3CEE65CD199A69E2000E1278 /* Frameworks */ = {
			isa = PBXFrameworksBuildPhase;
			buildActionMask = 2147483647;
			files = (
				30D98CC76E8E4F04885388B0 /* libPods-Full Build Test.a in Frameworks */,
				06FA48E2BDB5D56009673A8A /* libPods-Pod Test.a in Frameworks */,
			);
			runOnlyForDeploymentPostprocessing = 0;
		};
/* End PBXFrameworksBuildPhase section */

/* Begin PBXGroup section */
		3C160A7C1A449DB600B2C4C8 /* CoreMotion */ = {
			isa = PBXGroup;
			children = (
				3C160A7D1A449E6500B2C4C8 /* CMMotionManager+Utility.h */,
				3C160A7E1A449E6500B2C4C8 /* CMMotionManager+Utility.m */,
			);
			path = CoreMotion;
			sourceTree = "<group>";
		};
		3C160A851A44A17B00B2C4C8 /* Library Test */ = {
			isa = PBXGroup;
			children = (
				3C160A8A1A44A17B00B2C4C8 /* AppDelegate.h */,
				3C160A8B1A44A17B00B2C4C8 /* AppDelegate.m */,
				3C160A8D1A44A17B00B2C4C8 /* ViewController.h */,
				3C160A8E1A44A17B00B2C4C8 /* ViewController.m */,
				3C160A901A44A17B00B2C4C8 /* Main.storyboard */,
				3C160A931A44A17B00B2C4C8 /* Images.xcassets */,
				3C160A951A44A17B00B2C4C8 /* LaunchScreen.xib */,
				3C160A861A44A17B00B2C4C8 /* Supporting Files */,
			);
			path = "Library Test";
			sourceTree = "<group>";
		};
		3C160A861A44A17B00B2C4C8 /* Supporting Files */ = {
			isa = PBXGroup;
			children = (
				3C160A871A44A17B00B2C4C8 /* Info.plist */,
				3C160A881A44A17B00B2C4C8 /* main.m */,
			);
			name = "Supporting Files";
			sourceTree = "<group>";
		};
		3C371BD319853F20008503FE /* Tests */ = {
			isa = PBXGroup;
			children = (
				3C371BD919854EB3008503FE /* Views */,
				3C371BD419853F3A008503FE /* View+Templating */,
			);
			path = Tests;
			sourceTree = "<group>";
		};
		3C371BD419853F3A008503FE /* View+Templating */ = {
			isa = PBXGroup;
			children = (
				3C371BD519853F4E008503FE /* UITextView+TemplatingSpec.m */,
				3C371BD619853F4E008503FE /* UIView+TemplatingSpec.m */,
			);
			path = "View+Templating";
			sourceTree = "<group>";
		};
		3C371BD919854EB3008503FE /* Views */ = {
			isa = PBXGroup;
			children = (
				3C371BDA19854EBE008503FE /* LaunchViewSpec.m */,
			);
			path = Views;
			sourceTree = "<group>";
		};
		3C741E01198F34BE00461822 /* ThirdParty */ = {
			isa = PBXGroup;
			children = (
				3C741E02198F34BE00461822 /* ThirdPartyWrapper.h */,
				3C741E03198F34BE00461822 /* ThirdPartyWrapper.m */,
				3CE46F7E19ABC05F00053E62 /* ARAnalytics */,
				3C741E06198F36BD00461822 /* CocoaLumberjack */,
				3CE46F8419ABC4B600053E62 /* SSDataSources */,
			);
			path = ThirdParty;
			sourceTree = "<group>";
		};
		3C741E06198F36BD00461822 /* CocoaLumberjack */ = {
			isa = PBXGroup;
			children = (
				3C741E07198F36BD00461822 /* VerboseDDLogFormatter.h */,
				3C741E08198F36BD00461822 /* VerboseDDLogFormatter.m */,
				3C9D42751A77E73D00477177 /* NSLogWrapper.h */,
				3C9D42761A77E73D00477177 /* NSLogWrapper.m */,
			);
			path = CocoaLumberjack;
			sourceTree = "<group>";
		};
		3CD18CEF1964A60200DB8ED7 = {
			isa = PBXGroup;
			children = (
				3CD18D991964AF2800DB8ED7 /* Eunomia.podspec */,
				3CD18D211964A65F00DB8ED7 /* Source */,
				3C371BD319853F20008503FE /* Tests */,
				3CD18D771964A7B100DB8ED7 /* EunomiaTests */,
				3C160A851A44A17B00B2C4C8 /* Library Test */,
				3CEE65D1199A69E2000E1278 /* Pod Test */,
				3CD18CFA1964A60200DB8ED7 /* Frameworks */,
				3CD18CF91964A60200DB8ED7 /* Products */,
				E7627BB40181C1F4296C0075 /* Pods */,
			);
			sourceTree = "<group>";
		};
		3CD18CF91964A60200DB8ED7 /* Products */ = {
			isa = PBXGroup;
			children = (
				3CD18D631964A7B100DB8ED7 /* libEunomia.a */,
				3CD18D701964A7B100DB8ED7 /* EunomiaTests.xctest */,
				3CEE65D0199A69E2000E1278 /* Pod Test.app */,
				3C160A841A44A17B00B2C4C8 /* Library Test.app */,
			);
			name = Products;
			sourceTree = "<group>";
		};
		3CD18CFA1964A60200DB8ED7 /* Frameworks */ = {
			isa = PBXGroup;
			children = (
				3CD18CFB1964A60200DB8ED7 /* Foundation.framework */,
				3CD18D091964A60200DB8ED7 /* XCTest.framework */,
				3CD18D0C1964A60200DB8ED7 /* UIKit.framework */,
				2381F8D0AE474350B5D433E7 /* libPods-Eunomia.a */,
				AA5B461D423C4CF789732C85 /* libPods-EunomiaTests.a */,
				FCD399F081174AEC9BC9B1B2 /* libPods-Full Build Test.a */,
				ACC9B502B95107A74DA306F2 /* libPods-Pod Test.a */,
			);
			name = Frameworks;
			sourceTree = "<group>";
		};
		3CD18D211964A65F00DB8ED7 /* Source */ = {
			isa = PBXGroup;
			children = (
				3C65DDB91964B6D1009C714B /* Eunomia.h */,
				3C65DDCE1965A9B8009C714B /* Config.h */,
				3CE46EFD19ABBF7700053E62 /* Core */,
				3C160A7C1A449DB600B2C4C8 /* CoreMotion */,
				3C741E05198F34DA00461822 /* ThirdParty.h */,
				3C741E01198F34BE00461822 /* ThirdParty */,
			);
			path = Source;
			sourceTree = "<group>";
		};
		3CD18D771964A7B100DB8ED7 /* EunomiaTests */ = {
			isa = PBXGroup;
			children = (
				3CD18D781964A7B100DB8ED7 /* Supporting Files */,
			);
			path = EunomiaTests;
			sourceTree = "<group>";
		};
		3CD18D781964A7B100DB8ED7 /* Supporting Files */ = {
			isa = PBXGroup;
			children = (
				3CD18D791964A7B100DB8ED7 /* EunomiaTests-Info.plist */,
				3CD18D7A1964A7B100DB8ED7 /* InfoPlist.strings */,
			);
			name = "Supporting Files";
			sourceTree = "<group>";
		};
		3CE46EFD19ABBF7700053E62 /* Core */ = {
			isa = PBXGroup;
			children = (
				3CE46EFE19ABBF7700053E62 /* CoreData */,
				3CE46F0119ABBF7700053E62 /* CoreData.h */,
				3CE46F0219ABBF7700053E62 /* Exceptions */,
				3CE46F0519ABBF7700053E62 /* Exceptions.h */,
				3CE46F0619ABBF7700053E62 /* Segues */,
				3CE46F1319ABBF7700053E62 /* Segues.h */,
				3CE46F1419ABBF7700053E62 /* Utility */,
				3CE46F4519ABBF7700053E62 /* Utility.h */,
				3CE46F4619ABBF7700053E62 /* Utility.m */,
				3CE46F4719ABBF7700053E62 /* View+Templating */,
				3CE46F5219ABBF7700053E62 /* View+Templating.h */,
				3CE46F5319ABBF7700053E62 /* Views */,
				3CE46F5619ABBF7700053E62 /* Views.h */,
			);
			path = Core;
			sourceTree = "<group>";
		};
		3CE46EFE19ABBF7700053E62 /* CoreData */ = {
			isa = PBXGroup;
			children = (
				3CE46EFF19ABBF7700053E62 /* CoreDataStore.h */,
				3CE46F0019ABBF7700053E62 /* CoreDataStore.m */,
			);
			path = CoreData;
			sourceTree = "<group>";
		};
		3CE46F0219ABBF7700053E62 /* Exceptions */ = {
			isa = PBXGroup;
			children = (
				3CE46F0319ABBF7700053E62 /* MissingSubclassOverrideException.h */,
				3CE46F0419ABBF7700053E62 /* MissingSubclassOverrideException.m */,
			);
			path = Exceptions;
			sourceTree = "<group>";
		};
		3CE46F0619ABBF7700053E62 /* Segues */ = {
			isa = PBXGroup;
			children = (
				3CE46F0719ABBF7700053E62 /* ReplaceDownSegue.h */,
				3CE46F0819ABBF7700053E62 /* ReplaceDownSegue.m */,
				3CE46F0919ABBF7700053E62 /* ReplaceLeftSegue.h */,
				3CE46F0A19ABBF7700053E62 /* ReplaceLeftSegue.m */,
				3CE46F0B19ABBF7700053E62 /* ReplaceRightSegue.h */,
				3CE46F0C19ABBF7700053E62 /* ReplaceRightSegue.m */,
				3CE46F0D19ABBF7700053E62 /* ReplaceUpSegue.h */,
				3CE46F0E19ABBF7700053E62 /* ReplaceUpSegue.m */,
				3CE46F0F19ABBF7700053E62 /* ZoomInFromRectSegue.h */,
				3CE46F1019ABBF7700053E62 /* ZoomInFromRectSegue.m */,
				3CE46F1119ABBF7700053E62 /* ZoomOutToRectSegue.h */,
				3CE46F1219ABBF7700053E62 /* ZoomOutToRectSegue.m */,
			);
			path = Segues;
			sourceTree = "<group>";
		};
		3CE46F1419ABBF7700053E62 /* Utility */ = {
			isa = PBXGroup;
			children = (
				3CE46F1519ABBF7700053E62 /* JSContext+Utility.h */,
				3CE46F1619ABBF7700053E62 /* JSContext+Utility.m */,
				3CE46F1719ABBF7700053E62 /* NSBundle+Utility.h */,
				3CE46F1819ABBF7700053E62 /* NSBundle+Utility.m */,
				3CE46F1919ABBF7700053E62 /* NSFetchedResultsController+Utility.h */,
				3CE46F1A19ABBF7700053E62 /* NSFetchedResultsController+Utility.m */,
				3CE46F1B19ABBF7700053E62 /* NSManagedObject+Utility.h */,
				3CE46F1C19ABBF7700053E62 /* NSManagedObject+Utility.m */,
				3CE46F1D19ABBF7700053E62 /* NSManagedObjectContext+Utility.h */,
				3CE46F1E19ABBF7700053E62 /* NSManagedObjectContext+Utility.m */,
				3CE46F1F19ABBF7700053E62 /* NSMutableArray+Utility.h */,
				3CE46F2019ABBF7700053E62 /* NSMutableArray+Utility.m */,
				3CE46F2119ABBF7700053E62 /* NSMutableDictionary+Utility.h */,
				3CE46F2219ABBF7700053E62 /* NSMutableDictionary+Utility.m */,
				3CE46F2319ABBF7700053E62 /* NSMutableString+Utility.h */,
				3CE46F2419ABBF7700053E62 /* NSMutableString+Utility.m */,
				3CE46F2519ABBF7700053E62 /* NSNotification+Utility.h */,
				3CE46F2619ABBF7700053E62 /* NSNotification+Utility.m */,
				3CE46F2719ABBF7700053E62 /* NSObject+Utility.h */,
				3CE46F2819ABBF7700053E62 /* NSObject+Utility.m */,
				3CE46F2919ABBF7700053E62 /* NSString+Utility.h */,
				3CE46F2A19ABBF7700053E62 /* NSString+Utility.m */,
				3CE46F2B19ABBF7700053E62 /* UIColor+Utility.h */,
				3CE46F2C19ABBF7700053E62 /* UIColor+Utility.m */,
				3CE46F2D19ABBF7700053E62 /* UIImage+Utility.h */,
				3CE46F2E19ABBF7700053E62 /* UIImage+Utility.m */,
				3CE46F2F19ABBF7700053E62 /* UILongPressGestureRecognizer+Utility.h */,
				3CE46F3019ABBF7700053E62 /* UILongPressGestureRecognizer+Utility.m */,
				3CE46F3119ABBF7700053E62 /* UIMenuController+Utility.h */,
				3CE46F3219ABBF7700053E62 /* UIMenuController+Utility.m */,
				3CE46F3319ABBF7700053E62 /* UIPanGestureRecognizer+Utility.h */,
				3CE46F3419ABBF7700053E62 /* UIPanGestureRecognizer+Utility.m */,
				3CE46F3519ABBF7700053E62 /* UIPinchGestureRecognizer+Utility.h */,
				3CE46F3619ABBF7700053E62 /* UIPinchGestureRecognizer+Utility.m */,
				3CE46F3719ABBF7700053E62 /* UIScrollView+Utility.h */,
				3CE46F3819ABBF7700053E62 /* UIScrollView+Utility.m */,
				3CE46F3919ABBF7700053E62 /* UIStoryboardSegue+Utility.h */,
				3CE46F3A19ABBF7700053E62 /* UIStoryboardSegue+Utility.m */,
				3CE46F3B19ABBF7700053E62 /* UITapGestureRecognizer+Utility.h */,
				3CE46F3C19ABBF7700053E62 /* UITapGestureRecognizer+Utility.m */,
				3CE46F3D19ABBF7700053E62 /* UITextField+Utility.h */,
				3CE46F3E19ABBF7700053E62 /* UITextField+Utility.m */,
				3CE46F3F19ABBF7700053E62 /* UIView+Utility.h */,
				3CE46F4019ABBF7700053E62 /* UIView+Utility.m */,
				3CE46F4119ABBF7700053E62 /* UIViewController+Utility.h */,
				3CE46F4219ABBF7700053E62 /* UIViewController+Utility.m */,
				3CE46F4319ABBF7700053E62 /* UIWebView+Utility.h */,
				3CE46F4419ABBF7700053E62 /* UIWebView+Utility.m */,
				3CDA952219F57E920009A367 /* UIApplication+Utility.h */,
				3CDA952319F57E920009A367 /* UIApplication+Utility.m */,
				3CDA953219F58E100009A367 /* NSCharacterSet+Utility.h */,
				3CDA953319F58E100009A367 /* NSCharacterSet+Utility.m */,
				3CDA953519F58E920009A367 /* UIBarItem+Utility.h */,
				3CDA953619F58E920009A367 /* UIBarItem+Utility.m */,
				3CCE7CE11A7742E900EB1C27 /* MFMailComposeViewController+Utility.h */,
				3CCE7CE21A7742E900EB1C27 /* MFMailComposeViewController+Utility.m */,
			);
			path = Utility;
			sourceTree = "<group>";
		};
		3CE46F4719ABBF7700053E62 /* View+Templating */ = {
			isa = PBXGroup;
			children = (
				3CE46F4819ABBF7700053E62 /* UIImageView+Templating.h */,
				3CE46F4919ABBF7700053E62 /* UIImageView+Templating.m */,
				3CE46F4A19ABBF7700053E62 /* UILabel+Templating.h */,
				3CE46F4B19ABBF7700053E62 /* UILabel+Templating.m */,
				3CE46F4C19ABBF7700053E62 /* UITextField+Templating.h */,
				3CE46F4D19ABBF7700053E62 /* UITextField+Templating.m */,
				3CE46F4E19ABBF7700053E62 /* UITextView+Templating.h */,
				3CE46F4F19ABBF7700053E62 /* UITextView+Templating.m */,
				3CE46F5019ABBF7700053E62 /* UIView+Templating.h */,
				3CE46F5119ABBF7700053E62 /* UIView+Templating.m */,
			);
			path = "View+Templating";
			sourceTree = "<group>";
		};
		3CE46F5319ABBF7700053E62 /* Views */ = {
			isa = PBXGroup;
			children = (
				3CE46F5419ABBF7700053E62 /* LaunchView.h */,
				3CE46F5519ABBF7700053E62 /* LaunchView.m */,
			);
			path = Views;
			sourceTree = "<group>";
		};
		3CE46F7E19ABC05F00053E62 /* ARAnalytics */ = {
			isa = PBXGroup;
			children = (
				3CE46F7F19ABC09300053E62 /* ARAnalytics+Utility.h */,
				3CE46F8019ABC09300053E62 /* ARAnalytics+Utility.m */,
			);
			path = ARAnalytics;
			sourceTree = "<group>";
		};
		3CE46F8419ABC4B600053E62 /* SSDataSources */ = {
			isa = PBXGroup;
			children = (
				3CE46F8519ABC4B600053E62 /* SSBaseDataSource+Utility.h */,
				3CE46F8619ABC4B600053E62 /* SSBaseDataSource+Utility.m */,
			);
			path = SSDataSources;
			sourceTree = "<group>";
		};
		3CEE65D1199A69E2000E1278 /* Pod Test */ = {
			isa = PBXGroup;
			children = (
				3CEE65D6199A69E2000E1278 /* AppDelegate.h */,
				3CEE65D7199A69E2000E1278 /* AppDelegate.m */,
				3CEE65D9199A69E2000E1278 /* ViewController.h */,
				3CEE65DA199A69E2000E1278 /* ViewController.m */,
				3CEE65DC199A69E2000E1278 /* Main.storyboard */,
				3CEE65DF199A69E2000E1278 /* Images.xcassets */,
				3CEE65D2199A69E2000E1278 /* Supporting Files */,
			);
			path = "Pod Test";
			sourceTree = "<group>";
		};
		3CEE65D2199A69E2000E1278 /* Supporting Files */ = {
			isa = PBXGroup;
			children = (
				3CEE65D3199A69E2000E1278 /* Info.plist */,
				3CEE65D4199A69E2000E1278 /* main.m */,
			);
			name = "Supporting Files";
			sourceTree = "<group>";
		};
		E7627BB40181C1F4296C0075 /* Pods */ = {
			isa = PBXGroup;
			children = (
				70945A04548DF89BA4CE0DD8 /* Pods-Eunomia.debug.xcconfig */,
				4E1955000106703E5B3FDAFD /* Pods-Eunomia.release.xcconfig */,
				447558BB9D0C61B0DD6146E0 /* Pods-EunomiaTests.debug.xcconfig */,
				8F4B3B7A0FE91B89A913454F /* Pods-EunomiaTests.release.xcconfig */,
				52B90BBE7C4F3E992EDB8C92 /* Pods-Full Build Test.debug.xcconfig */,
				961DC122518F4E5F3675B339 /* Pods-Full Build Test.release.xcconfig */,
				92E0FD5010914BDDEE68ADCD /* Pods-Pod Test.debug.xcconfig */,
				CA5A49D5D99DEA51E7C3CDE0 /* Pods-Pod Test.release.xcconfig */,
			);
			name = Pods;
			sourceTree = "<group>";
		};
/* End PBXGroup section */

/* Begin PBXNativeTarget section */
		3C160A831A44A17B00B2C4C8 /* Library Test */ = {
			isa = PBXNativeTarget;
			buildConfigurationList = 3C160AA41A44A17B00B2C4C8 /* Build configuration list for PBXNativeTarget "Library Test" */;
			buildPhases = (
				3C160A801A44A17B00B2C4C8 /* Sources */,
				3C160A811A44A17B00B2C4C8 /* Frameworks */,
				3C160A821A44A17B00B2C4C8 /* Resources */,
			);
			buildRules = (
			);
			dependencies = (
			);
			name = "Library Test";
			productName = "Library Test";
			productReference = 3C160A841A44A17B00B2C4C8 /* Library Test.app */;
			productType = "com.apple.product-type.application";
		};
		3CD18D621964A7B100DB8ED7 /* Eunomia */ = {
			isa = PBXNativeTarget;
			buildConfigurationList = 3CD18D7F1964A7B100DB8ED7 /* Build configuration list for PBXNativeTarget "Eunomia" */;
			buildPhases = (
				F0876C8E7EDB4875A0500591 /* Check Pods Manifest.lock */,
				3CD18D5F1964A7B100DB8ED7 /* Sources */,
				3CD18D601964A7B100DB8ED7 /* Frameworks */,
				3CD18D611964A7B100DB8ED7 /* CopyFiles */,
				8C586BE3288E433EA66F8614 /* Copy Pods Resources */,
			);
			buildRules = (
			);
			dependencies = (
			);
			name = Eunomia;
			productName = Eunomia;
			productReference = 3CD18D631964A7B100DB8ED7 /* libEunomia.a */;
			productType = "com.apple.product-type.library.static";
		};
		3CD18D6F1964A7B100DB8ED7 /* EunomiaTests */ = {
			isa = PBXNativeTarget;
			buildConfigurationList = 3CD18D821964A7B100DB8ED7 /* Build configuration list for PBXNativeTarget "EunomiaTests" */;
			buildPhases = (
				97C5E114E51E47A5833CFA49 /* Check Pods Manifest.lock */,
				3CD18D6C1964A7B100DB8ED7 /* Sources */,
				3CD18D6D1964A7B100DB8ED7 /* Frameworks */,
				3CD18D6E1964A7B100DB8ED7 /* Resources */,
				CBB18A834C254FB1BD92DD9F /* Copy Pods Resources */,
			);
			buildRules = (
			);
			dependencies = (
				3CD18D751964A7B100DB8ED7 /* PBXTargetDependency */,
				3C7F5DA51984AD800045F919 /* PBXTargetDependency */,
			);
			name = EunomiaTests;
			productName = EunomiaTests;
			productReference = 3CD18D701964A7B100DB8ED7 /* EunomiaTests.xctest */;
			productType = "com.apple.product-type.bundle.unit-test";
		};
		3CEE65CF199A69E2000E1278 /* Pod Test */ = {
			isa = PBXNativeTarget;
			buildConfigurationList = 3CEE65ED199A69E2000E1278 /* Build configuration list for PBXNativeTarget "Pod Test" */;
			buildPhases = (
				EE8E4790BA30483B8B31CDF1 /* Check Pods Manifest.lock */,
				3CEE65CC199A69E2000E1278 /* Sources */,
				3CEE65CD199A69E2000E1278 /* Frameworks */,
				3CEE65CE199A69E2000E1278 /* Resources */,
				A18CC5396E0D434FAABF3D46 /* Copy Pods Resources */,
			);
			buildRules = (
			);
			dependencies = (
				3CEE65F4199A6BA1000E1278 /* PBXTargetDependency */,
			);
			name = "Pod Test";
			productName = "Full Build Test";
			productReference = 3CEE65D0199A69E2000E1278 /* Pod Test.app */;
			productType = "com.apple.product-type.application";
		};
/* End PBXNativeTarget section */

/* Begin PBXProject section */
		3CD18CF01964A60200DB8ED7 /* Project object */ = {
			isa = PBXProject;
			attributes = {
				LastUpgradeCheck = 0510;
				ORGANIZATIONNAME = Eunomia;
				TargetAttributes = {
					3C160A831A44A17B00B2C4C8 = {
						CreatedOnToolsVersion = 6.1.1;
					};
					3CEE65CF199A69E2000E1278 = {
						CreatedOnToolsVersion = 6.0;
					};
				};
			};
			buildConfigurationList = 3CD18CF31964A60200DB8ED7 /* Build configuration list for PBXProject "Eunomia" */;
			compatibilityVersion = "Xcode 3.2";
			developmentRegion = English;
			hasScannedForEncodings = 0;
			knownRegions = (
				en,
				Base,
			);
			mainGroup = 3CD18CEF1964A60200DB8ED7;
			productRefGroup = 3CD18CF91964A60200DB8ED7 /* Products */;
			projectDirPath = "";
			projectRoot = "";
			targets = (
				3CD18D621964A7B100DB8ED7 /* Eunomia */,
				3CD18D6F1964A7B100DB8ED7 /* EunomiaTests */,
				3CEE65CF199A69E2000E1278 /* Pod Test */,
				3C160A831A44A17B00B2C4C8 /* Library Test */,
			);
		};
/* End PBXProject section */

/* Begin PBXResourcesBuildPhase section */
		3C160A821A44A17B00B2C4C8 /* Resources */ = {
			isa = PBXResourcesBuildPhase;
			buildActionMask = 2147483647;
			files = (
				3C160A921A44A17B00B2C4C8 /* Main.storyboard in Resources */,
				3C160A971A44A17B00B2C4C8 /* LaunchScreen.xib in Resources */,
				3C160A941A44A17B00B2C4C8 /* Images.xcassets in Resources */,
			);
			runOnlyForDeploymentPostprocessing = 0;
		};
		3CD18D6E1964A7B100DB8ED7 /* Resources */ = {
			isa = PBXResourcesBuildPhase;
			buildActionMask = 2147483647;
			files = (
				3CD18D7C1964A7B100DB8ED7 /* InfoPlist.strings in Resources */,
			);
			runOnlyForDeploymentPostprocessing = 0;
		};
		3CEE65CE199A69E2000E1278 /* Resources */ = {
			isa = PBXResourcesBuildPhase;
			buildActionMask = 2147483647;
			files = (
				3CEE65DE199A69E2000E1278 /* Main.storyboard in Resources */,
				3CEE65E0199A69E2000E1278 /* Images.xcassets in Resources */,
			);
			runOnlyForDeploymentPostprocessing = 0;
		};
/* End PBXResourcesBuildPhase section */

/* Begin PBXShellScriptBuildPhase section */
		8C586BE3288E433EA66F8614 /* Copy Pods Resources */ = {
			isa = PBXShellScriptBuildPhase;
			buildActionMask = 2147483647;
			files = (
			);
			inputPaths = (
			);
			name = "Copy Pods Resources";
			outputPaths = (
			);
			runOnlyForDeploymentPostprocessing = 0;
			shellPath = /bin/sh;
			shellScript = "\"${SRCROOT}/Pods/Target Support Files/Pods-Eunomia/Pods-Eunomia-resources.sh\"\n";
			showEnvVarsInLog = 0;
		};
		97C5E114E51E47A5833CFA49 /* Check Pods Manifest.lock */ = {
			isa = PBXShellScriptBuildPhase;
			buildActionMask = 2147483647;
			files = (
			);
			inputPaths = (
			);
			name = "Check Pods Manifest.lock";
			outputPaths = (
			);
			runOnlyForDeploymentPostprocessing = 0;
			shellPath = /bin/sh;
			shellScript = "diff \"${PODS_ROOT}/../Podfile.lock\" \"${PODS_ROOT}/Manifest.lock\" > /dev/null\nif [[ $? != 0 ]] ; then\n    cat << EOM\nerror: The sandbox is not in sync with the Podfile.lock. Run 'pod install' or update your CocoaPods installation.\nEOM\n    exit 1\nfi\n";
			showEnvVarsInLog = 0;
		};
		A18CC5396E0D434FAABF3D46 /* Copy Pods Resources */ = {
			isa = PBXShellScriptBuildPhase;
			buildActionMask = 2147483647;
			files = (
			);
			inputPaths = (
			);
			name = "Copy Pods Resources";
			outputPaths = (
			);
			runOnlyForDeploymentPostprocessing = 0;
			shellPath = /bin/sh;
			shellScript = "\"${SRCROOT}/Pods/Target Support Files/Pods-Pod Test/Pods-Pod Test-resources.sh\"\n";
			showEnvVarsInLog = 0;
		};
		CBB18A834C254FB1BD92DD9F /* Copy Pods Resources */ = {
			isa = PBXShellScriptBuildPhase;
			buildActionMask = 2147483647;
			files = (
			);
			inputPaths = (
			);
			name = "Copy Pods Resources";
			outputPaths = (
			);
			runOnlyForDeploymentPostprocessing = 0;
			shellPath = /bin/sh;
			shellScript = "\"${SRCROOT}/Pods/Target Support Files/Pods-EunomiaTests/Pods-EunomiaTests-resources.sh\"\n";
			showEnvVarsInLog = 0;
		};
		EE8E4790BA30483B8B31CDF1 /* Check Pods Manifest.lock */ = {
			isa = PBXShellScriptBuildPhase;
			buildActionMask = 2147483647;
			files = (
			);
			inputPaths = (
			);
			name = "Check Pods Manifest.lock";
			outputPaths = (
			);
			runOnlyForDeploymentPostprocessing = 0;
			shellPath = /bin/sh;
			shellScript = "diff \"${PODS_ROOT}/../Podfile.lock\" \"${PODS_ROOT}/Manifest.lock\" > /dev/null\nif [[ $? != 0 ]] ; then\n    cat << EOM\nerror: The sandbox is not in sync with the Podfile.lock. Run 'pod install' or update your CocoaPods installation.\nEOM\n    exit 1\nfi\n";
			showEnvVarsInLog = 0;
		};
		F0876C8E7EDB4875A0500591 /* Check Pods Manifest.lock */ = {
			isa = PBXShellScriptBuildPhase;
			buildActionMask = 2147483647;
			files = (
			);
			inputPaths = (
			);
			name = "Check Pods Manifest.lock";
			outputPaths = (
			);
			runOnlyForDeploymentPostprocessing = 0;
			shellPath = /bin/sh;
			shellScript = "diff \"${PODS_ROOT}/../Podfile.lock\" \"${PODS_ROOT}/Manifest.lock\" > /dev/null\nif [[ $? != 0 ]] ; then\n    cat << EOM\nerror: The sandbox is not in sync with the Podfile.lock. Run 'pod install' or update your CocoaPods installation.\nEOM\n    exit 1\nfi\n";
			showEnvVarsInLog = 0;
		};
/* End PBXShellScriptBuildPhase section */

/* Begin PBXSourcesBuildPhase section */
		3C160A801A44A17B00B2C4C8 /* Sources */ = {
			isa = PBXSourcesBuildPhase;
			buildActionMask = 2147483647;
			files = (
				3C160A8F1A44A17B00B2C4C8 /* ViewController.m in Sources */,
				3C160A8C1A44A17B00B2C4C8 /* AppDelegate.m in Sources */,
				3C160A891A44A17B00B2C4C8 /* main.m in Sources */,
			);
			runOnlyForDeploymentPostprocessing = 0;
		};
		3CD18D5F1964A7B100DB8ED7 /* Sources */ = {
			isa = PBXSourcesBuildPhase;
			buildActionMask = 2147483647;
			files = (
				3CE46F6B19ABBF7700053E62 /* UIImage+Utility.m in Sources */,
				3CE46F5E19ABBF7700053E62 /* ZoomOutToRectSegue.m in Sources */,
				3C741E04198F34BE00461822 /* ThirdPartyWrapper.m in Sources */,
				3CE46F7419ABBF7700053E62 /* UIView+Utility.m in Sources */,
				3CE46F5919ABBF7700053E62 /* ReplaceDownSegue.m in Sources */,
				3CE46F5F19ABBF7700053E62 /* JSContext+Utility.m in Sources */,
				3CE46F6119ABBF7700053E62 /* NSFetchedResultsController+Utility.m in Sources */,
				3CE46F7819ABBF7700053E62 /* UIImageView+Templating.m in Sources */,
				3CE46F6F19ABBF7700053E62 /* UIPinchGestureRecognizer+Utility.m in Sources */,
				3C741E09198F36BD00461822 /* VerboseDDLogFormatter.m in Sources */,
				3CE46F6319ABBF7700053E62 /* NSManagedObjectContext+Utility.m in Sources */,
				3CE46F7519ABBF7700053E62 /* UIViewController+Utility.m in Sources */,
				3CE46F6919ABBF7700053E62 /* NSString+Utility.m in Sources */,
				3CE46F5B19ABBF7700053E62 /* ReplaceRightSegue.m in Sources */,
				3CE46F6819ABBF7700053E62 /* NSObject+Utility.m in Sources */,
				3CE46F7019ABBF7700053E62 /* UIScrollView+Utility.m in Sources */,
				3CE46F6719ABBF7700053E62 /* NSNotification+Utility.m in Sources */,
				3CE46F7219ABBF7700053E62 /* UITapGestureRecognizer+Utility.m in Sources */,
				3CE46F6519ABBF7700053E62 /* NSMutableDictionary+Utility.m in Sources */,
				3CE46F5819ABBF7700053E62 /* MissingSubclassOverrideException.m in Sources */,
				3CE46F6219ABBF7700053E62 /* NSManagedObject+Utility.m in Sources */,
				3CE46F6A19ABBF7700053E62 /* UIColor+Utility.m in Sources */,
				3CE46F5C19ABBF7700053E62 /* ReplaceUpSegue.m in Sources */,
				3CE46F7919ABBF7700053E62 /* UILabel+Templating.m in Sources */,
				3C9D42771A77E73D00477177 /* NSLogWrapper.m in Sources */,
				3CE46F7B19ABBF7700053E62 /* UITextView+Templating.m in Sources */,
				3CE46F5D19ABBF7700053E62 /* ZoomInFromRectSegue.m in Sources */,
				3CE46F6C19ABBF7700053E62 /* UILongPressGestureRecognizer+Utility.m in Sources */,
				3CE46F7119ABBF7700053E62 /* UIStoryboardSegue+Utility.m in Sources */,
				3CE46F6419ABBF7700053E62 /* NSMutableArray+Utility.m in Sources */,
				3CE46F7619ABBF7700053E62 /* UIWebView+Utility.m in Sources */,
				3CE46F7319ABBF7700053E62 /* UITextField+Utility.m in Sources */,
				3CE46F6E19ABBF7700053E62 /* UIPanGestureRecognizer+Utility.m in Sources */,
				3CE46F6D19ABBF7700053E62 /* UIMenuController+Utility.m in Sources */,
				3CE46F5719ABBF7700053E62 /* CoreDataStore.m in Sources */,
				3CE46F7D19ABBF7700053E62 /* LaunchView.m in Sources */,
				3CE46F5A19ABBF7700053E62 /* ReplaceLeftSegue.m in Sources */,
				3CE46F7719ABBF7700053E62 /* Utility.m in Sources */,
				3C160A7F1A449E6500B2C4C8 /* CMMotionManager+Utility.m in Sources */,
				3CE46F8719ABC4B600053E62 /* SSBaseDataSource+Utility.m in Sources */,
				3CE46F6019ABBF7700053E62 /* NSBundle+Utility.m in Sources */,
				3CE46F8119ABC09300053E62 /* ARAnalytics+Utility.m in Sources */,
				3CE46F7A19ABBF7700053E62 /* UITextField+Templating.m in Sources */,
				3CCE7CE31A7742E900EB1C27 /* MFMailComposeViewController+Utility.m in Sources */,
				3CE46F6619ABBF7700053E62 /* NSMutableString+Utility.m in Sources */,
				3CE46F7C19ABBF7700053E62 /* UIView+Templating.m in Sources */,
				3CDA953719F58E920009A367 /* UIBarItem+Utility.m in Sources */,
				3CDA953419F58E100009A367 /* NSCharacterSet+Utility.m in Sources */,
				3CDA952419F57E920009A367 /* UIApplication+Utility.m in Sources */,
			);
			runOnlyForDeploymentPostprocessing = 0;
		};
		3CD18D6C1964A7B100DB8ED7 /* Sources */ = {
			isa = PBXSourcesBuildPhase;
			buildActionMask = 2147483647;
			files = (
				3C371BDB19854EBE008503FE /* LaunchViewSpec.m in Sources */,
				3C371BD819853F4E008503FE /* UIView+TemplatingSpec.m in Sources */,
				3C371BD719853F4E008503FE /* UITextView+TemplatingSpec.m in Sources */,
			);
			runOnlyForDeploymentPostprocessing = 0;
		};
		3CEE65CC199A69E2000E1278 /* Sources */ = {
			isa = PBXSourcesBuildPhase;
			buildActionMask = 2147483647;
			files = (
				3CEE65DB199A69E2000E1278 /* ViewController.m in Sources */,
				3CEE65D8199A69E2000E1278 /* AppDelegate.m in Sources */,
				3CEE65D5199A69E2000E1278 /* main.m in Sources */,
			);
			runOnlyForDeploymentPostprocessing = 0;
		};
/* End PBXSourcesBuildPhase section */

/* Begin PBXTargetDependency section */
		3C7F5DA51984AD800045F919 /* PBXTargetDependency */ = {
			isa = PBXTargetDependency;
			target = 3CD18D621964A7B100DB8ED7 /* Eunomia */;
			targetProxy = 3C7F5DA41984AD800045F919 /* PBXContainerItemProxy */;
		};
		3CD18D751964A7B100DB8ED7 /* PBXTargetDependency */ = {
			isa = PBXTargetDependency;
			target = 3CD18D621964A7B100DB8ED7 /* Eunomia */;
			targetProxy = 3CD18D741964A7B100DB8ED7 /* PBXContainerItemProxy */;
		};
		3CEE65F4199A6BA1000E1278 /* PBXTargetDependency */ = {
			isa = PBXTargetDependency;
			target = 3CD18D621964A7B100DB8ED7 /* Eunomia */;
			targetProxy = 3CEE65F3199A6BA1000E1278 /* PBXContainerItemProxy */;
		};
/* End PBXTargetDependency section */

/* Begin PBXVariantGroup section */
		3C160A901A44A17B00B2C4C8 /* Main.storyboard */ = {
			isa = PBXVariantGroup;
			children = (
				3C160A911A44A17B00B2C4C8 /* Base */,
			);
			name = Main.storyboard;
			sourceTree = "<group>";
		};
		3C160A951A44A17B00B2C4C8 /* LaunchScreen.xib */ = {
			isa = PBXVariantGroup;
			children = (
				3C160A961A44A17B00B2C4C8 /* Base */,
			);
			name = LaunchScreen.xib;
			sourceTree = "<group>";
		};
		3CD18D7A1964A7B100DB8ED7 /* InfoPlist.strings */ = {
			isa = PBXVariantGroup;
			children = (
				3CD18D7B1964A7B100DB8ED7 /* en */,
			);
			name = InfoPlist.strings;
			sourceTree = "<group>";
		};
		3CEE65DC199A69E2000E1278 /* Main.storyboard */ = {
			isa = PBXVariantGroup;
			children = (
				3CEE65DD199A69E2000E1278 /* Base */,
			);
			name = Main.storyboard;
			sourceTree = "<group>";
		};
/* End PBXVariantGroup section */

/* Begin XCBuildConfiguration section */
		3C160AA51A44A17B00B2C4C8 /* Debug */ = {
			isa = XCBuildConfiguration;
			buildSettings = {
				ASSETCATALOG_COMPILER_APPICON_NAME = AppIcon;
				CLANG_WARN_UNREACHABLE_CODE = YES;
				"CODE_SIGN_IDENTITY[sdk=iphoneos*]" = "iPhone Developer";
				ENABLE_STRICT_OBJC_MSGSEND = YES;
				GCC_PREPROCESSOR_DEFINITIONS = (
					"DEBUG=1",
					"$(inherited)",
				);
				INFOPLIST_FILE = "Library Test/Info.plist";
				IPHONEOS_DEPLOYMENT_TARGET = 8.1;
				LD_RUNPATH_SEARCH_PATHS = "$(inherited) @executable_path/Frameworks";
				MTL_ENABLE_DEBUG_INFO = YES;
				PRODUCT_NAME = "$(TARGET_NAME)";
				TARGETED_DEVICE_FAMILY = "1,2";
			};
			name = Debug;
		};
		3C160AA61A44A17B00B2C4C8 /* Release */ = {
			isa = XCBuildConfiguration;
			buildSettings = {
				ASSETCATALOG_COMPILER_APPICON_NAME = AppIcon;
				CLANG_WARN_UNREACHABLE_CODE = YES;
				"CODE_SIGN_IDENTITY[sdk=iphoneos*]" = "iPhone Developer";
				ENABLE_STRICT_OBJC_MSGSEND = YES;
				INFOPLIST_FILE = "Library Test/Info.plist";
				IPHONEOS_DEPLOYMENT_TARGET = 8.1;
				LD_RUNPATH_SEARCH_PATHS = "$(inherited) @executable_path/Frameworks";
				MTL_ENABLE_DEBUG_INFO = NO;
				PRODUCT_NAME = "$(TARGET_NAME)";
				TARGETED_DEVICE_FAMILY = "1,2";
			};
			name = Release;
		};
		3CD18D191964A60200DB8ED7 /* Debug */ = {
			isa = XCBuildConfiguration;
			buildSettings = {
				ALWAYS_SEARCH_USER_PATHS = NO;
				CLANG_CXX_LANGUAGE_STANDARD = "gnu++0x";
				CLANG_CXX_LIBRARY = "libc++";
				CLANG_ENABLE_MODULES = YES;
				CLANG_ENABLE_OBJC_ARC = YES;
				CLANG_WARN_BOOL_CONVERSION = YES;
				CLANG_WARN_CONSTANT_CONVERSION = YES;
				CLANG_WARN_DIRECT_OBJC_ISA_USAGE = YES_ERROR;
				CLANG_WARN_EMPTY_BODY = YES;
				CLANG_WARN_ENUM_CONVERSION = YES;
				CLANG_WARN_INT_CONVERSION = YES;
				CLANG_WARN_OBJC_ROOT_CLASS = YES_ERROR;
				CLANG_WARN__DUPLICATE_METHOD_MATCH = YES;
				COPY_PHASE_STRIP = NO;
				GCC_C_LANGUAGE_STANDARD = gnu99;
				GCC_DYNAMIC_NO_PIC = NO;
				GCC_OPTIMIZATION_LEVEL = 0;
				GCC_PREPROCESSOR_DEFINITIONS = (
					"DEBUG=1",
					"$(inherited)",
				);
				GCC_SYMBOLS_PRIVATE_EXTERN = NO;
				GCC_WARN_64_TO_32_BIT_CONVERSION = YES;
				GCC_WARN_ABOUT_RETURN_TYPE = YES_ERROR;
				GCC_WARN_UNDECLARED_SELECTOR = YES;
				GCC_WARN_UNINITIALIZED_AUTOS = YES_AGGRESSIVE;
				GCC_WARN_UNUSED_FUNCTION = YES;
				GCC_WARN_UNUSED_VARIABLE = YES;
				IPHONEOS_DEPLOYMENT_TARGET = 7.1;
				ONLY_ACTIVE_ARCH = YES;
				SDKROOT = iphoneos;
			};
			name = Debug;
		};
		3CD18D1A1964A60200DB8ED7 /* Release */ = {
			isa = XCBuildConfiguration;
			buildSettings = {
				ALWAYS_SEARCH_USER_PATHS = NO;
				CLANG_CXX_LANGUAGE_STANDARD = "gnu++0x";
				CLANG_CXX_LIBRARY = "libc++";
				CLANG_ENABLE_MODULES = YES;
				CLANG_ENABLE_OBJC_ARC = YES;
				CLANG_WARN_BOOL_CONVERSION = YES;
				CLANG_WARN_CONSTANT_CONVERSION = YES;
				CLANG_WARN_DIRECT_OBJC_ISA_USAGE = YES_ERROR;
				CLANG_WARN_EMPTY_BODY = YES;
				CLANG_WARN_ENUM_CONVERSION = YES;
				CLANG_WARN_INT_CONVERSION = YES;
				CLANG_WARN_OBJC_ROOT_CLASS = YES_ERROR;
				CLANG_WARN__DUPLICATE_METHOD_MATCH = YES;
				COPY_PHASE_STRIP = YES;
				ENABLE_NS_ASSERTIONS = NO;
				GCC_C_LANGUAGE_STANDARD = gnu99;
				GCC_WARN_64_TO_32_BIT_CONVERSION = YES;
				GCC_WARN_ABOUT_RETURN_TYPE = YES_ERROR;
				GCC_WARN_UNDECLARED_SELECTOR = YES;
				GCC_WARN_UNINITIALIZED_AUTOS = YES_AGGRESSIVE;
				GCC_WARN_UNUSED_FUNCTION = YES;
				GCC_WARN_UNUSED_VARIABLE = YES;
				IPHONEOS_DEPLOYMENT_TARGET = 7.1;
				SDKROOT = iphoneos;
				VALIDATE_PRODUCT = YES;
			};
			name = Release;
		};
		3CD18D801964A7B100DB8ED7 /* Debug */ = {
			isa = XCBuildConfiguration;
			baseConfigurationReference = 70945A04548DF89BA4CE0DD8 /* Pods-Eunomia.debug.xcconfig */;
			buildSettings = {
				DSTROOT = /tmp/Eunomia.dst;
				GCC_PREPROCESSOR_DEFINITIONS = (
					"DEBUG=1",
					"$(inherited)",
				);
				OTHER_LDFLAGS = (
					"-ObjC",
					"$(inherited)",
				);
				PRODUCT_NAME = "$(TARGET_NAME)";
				SKIP_INSTALL = YES;
			};
			name = Debug;
		};
		3CD18D811964A7B100DB8ED7 /* Release */ = {
			isa = XCBuildConfiguration;
			baseConfigurationReference = 4E1955000106703E5B3FDAFD /* Pods-Eunomia.release.xcconfig */;
			buildSettings = {
				DSTROOT = /tmp/Eunomia.dst;
				OTHER_LDFLAGS = (
					"-ObjC",
					"$(inherited)",
				);
				PRODUCT_NAME = "$(TARGET_NAME)";
				SKIP_INSTALL = YES;
			};
			name = Release;
		};
		3CD18D831964A7B100DB8ED7 /* Debug */ = {
			isa = XCBuildConfiguration;
			baseConfigurationReference = 447558BB9D0C61B0DD6146E0 /* Pods-EunomiaTests.debug.xcconfig */;
			buildSettings = {
				FRAMEWORK_SEARCH_PATHS = (
					"$(SDKROOT)/Developer/Library/Frameworks",
					"$(inherited)",
					"$(DEVELOPER_FRAMEWORKS_DIR)",
				);
				GCC_PRECOMPILE_PREFIX_HEADER = YES;
				GCC_PREPROCESSOR_DEFINITIONS = (
					"DEBUG=1",
					"$(inherited)",
					"TEST=1",
				);
				INFOPLIST_FILE = "EunomiaTests/EunomiaTests-Info.plist";
				PRODUCT_NAME = "$(TARGET_NAME)";
				WRAPPER_EXTENSION = xctest;
			};
			name = Debug;
		};
		3CD18D841964A7B100DB8ED7 /* Release */ = {
			isa = XCBuildConfiguration;
			baseConfigurationReference = 8F4B3B7A0FE91B89A913454F /* Pods-EunomiaTests.release.xcconfig */;
			buildSettings = {
				FRAMEWORK_SEARCH_PATHS = (
					"$(SDKROOT)/Developer/Library/Frameworks",
					"$(inherited)",
					"$(DEVELOPER_FRAMEWORKS_DIR)",
				);
				GCC_PRECOMPILE_PREFIX_HEADER = YES;
				GCC_PREPROCESSOR_DEFINITIONS = (
					"$(inherited)",
					"COCOAPODS=1",
					"TEST=1",
				);
				INFOPLIST_FILE = "EunomiaTests/EunomiaTests-Info.plist";
				PRODUCT_NAME = "$(TARGET_NAME)";
				WRAPPER_EXTENSION = xctest;
			};
			name = Release;
		};
		3CEE65EE199A69E2000E1278 /* Debug */ = {
			isa = XCBuildConfiguration;
			baseConfigurationReference = 92E0FD5010914BDDEE68ADCD /* Pods-Pod Test.debug.xcconfig */;
			buildSettings = {
				ASSETCATALOG_COMPILER_APPICON_NAME = AppIcon;
				ASSETCATALOG_COMPILER_LAUNCHIMAGE_NAME = LaunchImage;
				CLANG_WARN_UNREACHABLE_CODE = YES;
				"CODE_SIGN_IDENTITY[sdk=iphoneos*]" = "iPhone Developer";
				ENABLE_STRICT_OBJC_MSGSEND = YES;
				GCC_PREPROCESSOR_DEFINITIONS = (
					"DEBUG=1",
					"$(inherited)",
				);
				INFOPLIST_FILE = "Pod Test/Info.plist";
				IPHONEOS_DEPLOYMENT_TARGET = 8.0;
				LD_RUNPATH_SEARCH_PATHS = "$(inherited) @executable_path/Frameworks";
				MTL_ENABLE_DEBUG_INFO = YES;
				PRODUCT_NAME = "$(TARGET_NAME)";
				TARGETED_DEVICE_FAMILY = "1,2";
			};
			name = Debug;
		};
		3CEE65EF199A69E2000E1278 /* Release */ = {
			isa = XCBuildConfiguration;
			baseConfigurationReference = CA5A49D5D99DEA51E7C3CDE0 /* Pods-Pod Test.release.xcconfig */;
			buildSettings = {
				ASSETCATALOG_COMPILER_APPICON_NAME = AppIcon;
				ASSETCATALOG_COMPILER_LAUNCHIMAGE_NAME = LaunchImage;
				CLANG_WARN_UNREACHABLE_CODE = YES;
				"CODE_SIGN_IDENTITY[sdk=iphoneos*]" = "iPhone Developer";
				ENABLE_STRICT_OBJC_MSGSEND = YES;
				INFOPLIST_FILE = "Pod Test/Info.plist";
				IPHONEOS_DEPLOYMENT_TARGET = 8.0;
				LD_RUNPATH_SEARCH_PATHS = "$(inherited) @executable_path/Frameworks";
				MTL_ENABLE_DEBUG_INFO = NO;
				PRODUCT_NAME = "$(TARGET_NAME)";
				TARGETED_DEVICE_FAMILY = "1,2";
			};
			name = Release;
		};
/* End XCBuildConfiguration section */

/* Begin XCConfigurationList section */
		3C160AA41A44A17B00B2C4C8 /* Build configuration list for PBXNativeTarget "Library Test" */ = {
			isa = XCConfigurationList;
			buildConfigurations = (
				3C160AA51A44A17B00B2C4C8 /* Debug */,
				3C160AA61A44A17B00B2C4C8 /* Release */,
			);
			defaultConfigurationIsVisible = 0;
			defaultConfigurationName = Release;
		};
		3CD18CF31964A60200DB8ED7 /* Build configuration list for PBXProject "Eunomia" */ = {
			isa = XCConfigurationList;
			buildConfigurations = (
				3CD18D191964A60200DB8ED7 /* Debug */,
				3CD18D1A1964A60200DB8ED7 /* Release */,
			);
			defaultConfigurationIsVisible = 0;
			defaultConfigurationName = Release;
		};
		3CD18D7F1964A7B100DB8ED7 /* Build configuration list for PBXNativeTarget "Eunomia" */ = {
			isa = XCConfigurationList;
			buildConfigurations = (
				3CD18D801964A7B100DB8ED7 /* Debug */,
				3CD18D811964A7B100DB8ED7 /* Release */,
			);
			defaultConfigurationIsVisible = 0;
			defaultConfigurationName = Release;
		};
		3CD18D821964A7B100DB8ED7 /* Build configuration list for PBXNativeTarget "EunomiaTests" */ = {
			isa = XCConfigurationList;
			buildConfigurations = (
				3CD18D831964A7B100DB8ED7 /* Debug */,
				3CD18D841964A7B100DB8ED7 /* Release */,
			);
			defaultConfigurationIsVisible = 0;
			defaultConfigurationName = Release;
		};
		3CEE65ED199A69E2000E1278 /* Build configuration list for PBXNativeTarget "Pod Test" */ = {
			isa = XCConfigurationList;
			buildConfigurations = (
				3CEE65EE199A69E2000E1278 /* Debug */,
				3CEE65EF199A69E2000E1278 /* Release */,
			);
			defaultConfigurationIsVisible = 0;
			defaultConfigurationName = Release;
		};
/* End XCConfigurationList section */
	};
	rootObject = 3CD18CF01964A60200DB8ED7 /* Project object */;
}
